
Microsoft Visual Studio Solution File, Format Version 11.00
# Visual Studio 2010
# SharpDevelop 4.1.0.7794-beta
Project("{FAE04EC0-301F-11D3-BF4B-00C04F79EFBC}") = "DotNet.Authority", "DotNet.Authority\DotNet.Authority.csproj", "{80CDB54A-D1F5-4CA3-93A9-F41F0C53E6B1}"
EndProject
Global
	GlobalSection(SolutionConfigurationPlatforms) = preSolution
		Debug|x86 = Debug|x86
		Release|x86 = Release|x86
	EndGlobalSection
	GlobalSection(ProjectConfigurationPlatforms) = postSolution
		{80CDB54A-D1F5-4CA3-93A9-F41F0C53E6B1}.Debug|x86.Build.0 = Debug|x86
		{80CDB54A-D1F5-4CA3-93A9-F41F0C53E6B1}.Debug|x86.ActiveCfg = Debug|x86
		{80CDB54A-D1F5-4CA3-93A9-F41F0C53E6B1}.Release|x86.Build.0 = Release|x86
		{80CDB54A-D1F5-4CA3-93A9-F41F0C53E6B1}.Release|x86.ActiveCfg = Release|x86
	EndGlobalSection
EndGlobal
