
Microsoft Visual Studio Solution File, Format Version 11.00
# Visual Studio 2010
Project("{2150E333-8FDC-42A3-9474-1A3956D46DE8}") = "LotteryTicketMIS", "LotteryTicketMIS", "{06FA9225-D628-49D1-8929-0A54CACFC90C}"
EndProject
Project("{FAE04EC0-301F-11D3-BF4B-00C04F79EFBC}") = "LotteryTicketSoft", "LotteryTicket\LotteryTicketSoft\LotteryTicketSoft.csproj", "{ED0CA2E7-8790-4A29-86E9-7BC854C981D8}"
EndProject
Project("{2150E333-8FDC-42A3-9474-1A3956D46DE8}") = "Tools", "Tools", "{56C15332-1065-4BF3-849A-A199F1922242}"
EndProject
Project("{FAE04EC0-301F-11D3-BF4B-00C04F79EFBC}") = "ResouceFiles", "ResouceFiles\ResouceFiles.csproj", "{C089A44B-47CC-4811-B51F-B4A2C916C0C4}"
EndProject
Project("{2150E333-8FDC-42A3-9474-1A3956D46DE8}") = "YoungRun", "YoungRun", "{C9B9B9CF-837D-418B-A2BE-23B95FF79736}"
EndProject
Project("{FAE04EC0-301F-11D3-BF4B-00C04F79EFBC}") = "永润-实体类库", "YoungRun\YoungRunEntity\永润-实体类库.csproj", "{2CC9DC3D-DF15-491F-86F0-2D3EA819B1B3}"
EndProject
Project("{2150E333-8FDC-42A3-9474-1A3956D46DE8}") = "StudySample", "StudySample", "{1D860FBA-A9F0-41A9-9A1C-B2D2525EBF03}"
EndProject
Project("{FAE04EC0-301F-11D3-BF4B-00C04F79EFBC}") = "zedDataProcess", "StudySample\zedDataProcess\zedDataProcess.csproj", "{FF030E0F-EABB-45DA-8C72-5143950E817A}"
EndProject
Project("{FAE04EC0-301F-11D3-BF4B-00C04F79EFBC}") = "DesignPattern", "StudySample\DesignPattern\DesignPattern.csproj", "{006E2DE3-1D35-4C27-BD79-EE0AAFDB9C3D}"
EndProject
Project("{FAE04EC0-301F-11D3-BF4B-00C04F79EFBC}") = "LotTick", "LotteryTicket\LotTick\LotTick.csproj", "{1A822656-0ABF-407D-A184-7CA95CF32BF9}"
EndProject
Project("{2150E333-8FDC-42A3-9474-1A3956D46DE8}") = "DotNet", "DotNet", "{16B825C3-8AEB-4DAC-821B-2A2B12AF641F}"
EndProject
Project("{FAE04EC0-301F-11D3-BF4B-00C04F79EFBC}") = "DotNet.Core", "DotNet\DotNet.Core\DotNet.Core.csproj", "{A98FC0A3-8242-452C-92B3-02220C8A3E48}"
EndProject
Project("{FAE04EC0-301F-11D3-BF4B-00C04F79EFBC}") = "DotNet.WinForm", "DotNet\DotNet.WinForm\DotNet.WinForm.csproj", "{C33A4523-C093-4901-BF6B-73B6AB1AB688}"
EndProject
Project("{2150E333-8FDC-42A3-9474-1A3956D46DE8}") = "OpenSource", "OpenSource", "{567AC4C6-4805-4036-8112-CFD8D85C8FB2}"
EndProject
Project("{FAE04EC0-301F-11D3-BF4B-00C04F79EFBC}") = "永润-技术工具", "YoungRun\CalcuteVI\YR_CalcuteVI\永润-技术工具.csproj", "{E5AFE933-996F-44A6-B054-D3BAA8FAF23E}"
EndProject
Project("{FAE04EC0-301F-11D3-BF4B-00C04F79EFBC}") = "永润测试项目", "YoungRun\CalcuteVI\VI\永润测试项目.csproj", "{5C8C3A98-50FA-4D78-A036-8F36A670F8D7}"
EndProject
Project("{FAE04EC0-301F-11D3-BF4B-00C04F79EFBC}") = "WHC.Pager.WinControl", "OpenSource\Commons\WHC.Pager.WinControl\WHC.Pager.WinControl.csproj", "{562FD83D-BDFF-40A8-8B2F-BF8304F4FE54}"
EndProject
Project("{FAE04EC0-301F-11D3-BF4B-00C04F79EFBC}") = "XControl", "Src_20120413\XControl\XControl.csproj", "{A82E3AA8-6181-460D-A6EE-CC453B83D340}"
EndProject
Project("{FAE04EC0-301F-11D3-BF4B-00C04F79EFBC}") = "XCode", "Src_20120413\XCode\XCode.csproj", "{B49ABA5A-C5DA-45F4-87F1-B435EC51D710}"
EndProject
Project("{FAE04EC0-301F-11D3-BF4B-00C04F79EFBC}") = "NewLife.CommonEntity", "Src_20120413\NewLife.CommonEntity\NewLife.CommonEntity.csproj", "{50D7FAE5-2304-4395-A6FA-7D35279D9D84}"
EndProject
Project("{FAE04EC0-301F-11D3-BF4B-00C04F79EFBC}") = "NewLife.Core", "Src_20120413\NewLife.Core\NewLife.Core.csproj", "{5813C22E-EEB3-4DEE-A45C-BB218041193A}"
EndProject
Project("{2150E333-8FDC-42A3-9474-1A3956D46DE8}") = "XcodeProject", "XcodeProject", "{876B6FC2-9964-490B-8E73-722B28BD8819}"
EndProject
Project("{FAE04EC0-301F-11D3-BF4B-00C04F79EFBC}") = "XCoder", "Src_20120413\XCoder\XCoder.csproj", "{3EB3A5F1-F785-4672-A21D-A3117FC12129}"
EndProject
Global
	GlobalSection(SubversionScc) = preSolution
		Svn-Managed = True
		Manager = AnkhSVN - Subversion Support for Visual Studio
	EndGlobalSection
	GlobalSection(SolutionConfigurationPlatforms) = preSolution
		.Net 2.0|.NET = .Net 2.0|.NET
		.Net 2.0|Any CPU = .Net 2.0|Any CPU
		.Net 2.0|Mixed Platforms = .Net 2.0|Mixed Platforms
		.Net 2.0|x86 = .Net 2.0|x86
		Debug|.NET = Debug|.NET
		Debug|Any CPU = Debug|Any CPU
		Debug|Mixed Platforms = Debug|Mixed Platforms
		Debug|x86 = Debug|x86
		Release|.NET = Release|.NET
		Release|Any CPU = Release|Any CPU
		Release|Mixed Platforms = Release|Mixed Platforms
		Release|x86 = Release|x86
	EndGlobalSection
	GlobalSection(ProjectConfigurationPlatforms) = postSolution
		{ED0CA2E7-8790-4A29-86E9-7BC854C981D8}..Net 2.0|.NET.ActiveCfg = Release|x86
		{ED0CA2E7-8790-4A29-86E9-7BC854C981D8}..Net 2.0|Any CPU.ActiveCfg = Debug|x86
		{ED0CA2E7-8790-4A29-86E9-7BC854C981D8}..Net 2.0|Any CPU.Build.0 = Debug|x86
		{ED0CA2E7-8790-4A29-86E9-7BC854C981D8}..Net 2.0|Mixed Platforms.ActiveCfg = Debug|x86
		{ED0CA2E7-8790-4A29-86E9-7BC854C981D8}..Net 2.0|Mixed Platforms.Build.0 = Debug|x86
		{ED0CA2E7-8790-4A29-86E9-7BC854C981D8}..Net 2.0|x86.ActiveCfg = Debug|x86
		{ED0CA2E7-8790-4A29-86E9-7BC854C981D8}..Net 2.0|x86.Build.0 = Debug|x86
		{ED0CA2E7-8790-4A29-86E9-7BC854C981D8}.Debug|.NET.ActiveCfg = Debug|x86
		{ED0CA2E7-8790-4A29-86E9-7BC854C981D8}.Debug|Any CPU.ActiveCfg = Debug|x86
		{ED0CA2E7-8790-4A29-86E9-7BC854C981D8}.Debug|Any CPU.Build.0 = Debug|x86
		{ED0CA2E7-8790-4A29-86E9-7BC854C981D8}.Debug|Mixed Platforms.ActiveCfg = Debug|x86
		{ED0CA2E7-8790-4A29-86E9-7BC854C981D8}.Debug|Mixed Platforms.Build.0 = Debug|x86
		{ED0CA2E7-8790-4A29-86E9-7BC854C981D8}.Debug|x86.ActiveCfg = Debug|x86
		{ED0CA2E7-8790-4A29-86E9-7BC854C981D8}.Debug|x86.Build.0 = Debug|x86
		{ED0CA2E7-8790-4A29-86E9-7BC854C981D8}.Release|.NET.ActiveCfg = Release|x86
		{ED0CA2E7-8790-4A29-86E9-7BC854C981D8}.Release|Any CPU.ActiveCfg = Release|x86
		{ED0CA2E7-8790-4A29-86E9-7BC854C981D8}.Release|Any CPU.Build.0 = Release|x86
		{ED0CA2E7-8790-4A29-86E9-7BC854C981D8}.Release|Mixed Platforms.ActiveCfg = Release|x86
		{ED0CA2E7-8790-4A29-86E9-7BC854C981D8}.Release|Mixed Platforms.Build.0 = Release|x86
		{ED0CA2E7-8790-4A29-86E9-7BC854C981D8}.Release|x86.ActiveCfg = Release|x86
		{ED0CA2E7-8790-4A29-86E9-7BC854C981D8}.Release|x86.Build.0 = Release|x86
		{C089A44B-47CC-4811-B51F-B4A2C916C0C4}..Net 2.0|.NET.ActiveCfg = Release|x86
		{C089A44B-47CC-4811-B51F-B4A2C916C0C4}..Net 2.0|Any CPU.ActiveCfg = Debug|x86
		{C089A44B-47CC-4811-B51F-B4A2C916C0C4}..Net 2.0|Any CPU.Build.0 = Debug|x86
		{C089A44B-47CC-4811-B51F-B4A2C916C0C4}..Net 2.0|Mixed Platforms.ActiveCfg = Debug|x86
		{C089A44B-47CC-4811-B51F-B4A2C916C0C4}..Net 2.0|Mixed Platforms.Build.0 = Debug|x86
		{C089A44B-47CC-4811-B51F-B4A2C916C0C4}..Net 2.0|x86.ActiveCfg = Debug|x86
		{C089A44B-47CC-4811-B51F-B4A2C916C0C4}..Net 2.0|x86.Build.0 = Debug|x86
		{C089A44B-47CC-4811-B51F-B4A2C916C0C4}.Debug|.NET.ActiveCfg = Debug|x86
		{C089A44B-47CC-4811-B51F-B4A2C916C0C4}.Debug|Any CPU.ActiveCfg = Debug|x86
		{C089A44B-47CC-4811-B51F-B4A2C916C0C4}.Debug|Any CPU.Build.0 = Debug|x86
		{C089A44B-47CC-4811-B51F-B4A2C916C0C4}.Debug|Mixed Platforms.ActiveCfg = Debug|x86
		{C089A44B-47CC-4811-B51F-B4A2C916C0C4}.Debug|Mixed Platforms.Build.0 = Debug|x86
		{C089A44B-47CC-4811-B51F-B4A2C916C0C4}.Debug|x86.ActiveCfg = Debug|x86
		{C089A44B-47CC-4811-B51F-B4A2C916C0C4}.Debug|x86.Build.0 = Debug|x86
		{C089A44B-47CC-4811-B51F-B4A2C916C0C4}.Release|.NET.ActiveCfg = Release|x86
		{C089A44B-47CC-4811-B51F-B4A2C916C0C4}.Release|Any CPU.ActiveCfg = Release|x86
		{C089A44B-47CC-4811-B51F-B4A2C916C0C4}.Release|Any CPU.Build.0 = Release|x86
		{C089A44B-47CC-4811-B51F-B4A2C916C0C4}.Release|Mixed Platforms.ActiveCfg = Release|x86
		{C089A44B-47CC-4811-B51F-B4A2C916C0C4}.Release|Mixed Platforms.Build.0 = Release|x86
		{C089A44B-47CC-4811-B51F-B4A2C916C0C4}.Release|x86.ActiveCfg = Release|x86
		{C089A44B-47CC-4811-B51F-B4A2C916C0C4}.Release|x86.Build.0 = Release|x86
		{2CC9DC3D-DF15-491F-86F0-2D3EA819B1B3}..Net 2.0|.NET.ActiveCfg = Release|x86
		{2CC9DC3D-DF15-491F-86F0-2D3EA819B1B3}..Net 2.0|Any CPU.ActiveCfg = Debug|x86
		{2CC9DC3D-DF15-491F-86F0-2D3EA819B1B3}..Net 2.0|Any CPU.Build.0 = Debug|x86
		{2CC9DC3D-DF15-491F-86F0-2D3EA819B1B3}..Net 2.0|Mixed Platforms.ActiveCfg = Debug|x86
		{2CC9DC3D-DF15-491F-86F0-2D3EA819B1B3}..Net 2.0|Mixed Platforms.Build.0 = Debug|x86
		{2CC9DC3D-DF15-491F-86F0-2D3EA819B1B3}..Net 2.0|x86.ActiveCfg = Debug|x86
		{2CC9DC3D-DF15-491F-86F0-2D3EA819B1B3}..Net 2.0|x86.Build.0 = Debug|x86
		{2CC9DC3D-DF15-491F-86F0-2D3EA819B1B3}.Debug|.NET.ActiveCfg = Debug|x86
		{2CC9DC3D-DF15-491F-86F0-2D3EA819B1B3}.Debug|Any CPU.ActiveCfg = Debug|x86
		{2CC9DC3D-DF15-491F-86F0-2D3EA819B1B3}.Debug|Any CPU.Build.0 = Debug|x86
		{2CC9DC3D-DF15-491F-86F0-2D3EA819B1B3}.Debug|Mixed Platforms.ActiveCfg = Debug|x86
		{2CC9DC3D-DF15-491F-86F0-2D3EA819B1B3}.Debug|Mixed Platforms.Build.0 = Debug|x86
		{2CC9DC3D-DF15-491F-86F0-2D3EA819B1B3}.Debug|x86.ActiveCfg = Debug|x86
		{2CC9DC3D-DF15-491F-86F0-2D3EA819B1B3}.Debug|x86.Build.0 = Debug|x86
		{2CC9DC3D-DF15-491F-86F0-2D3EA819B1B3}.Release|.NET.ActiveCfg = Release|x86
		{2CC9DC3D-DF15-491F-86F0-2D3EA819B1B3}.Release|Any CPU.ActiveCfg = Release|x86
		{2CC9DC3D-DF15-491F-86F0-2D3EA819B1B3}.Release|Any CPU.Build.0 = Release|x86
		{2CC9DC3D-DF15-491F-86F0-2D3EA819B1B3}.Release|Mixed Platforms.ActiveCfg = Release|x86
		{2CC9DC3D-DF15-491F-86F0-2D3EA819B1B3}.Release|Mixed Platforms.Build.0 = Release|x86
		{2CC9DC3D-DF15-491F-86F0-2D3EA819B1B3}.Release|x86.ActiveCfg = Release|x86
		{2CC9DC3D-DF15-491F-86F0-2D3EA819B1B3}.Release|x86.Build.0 = Release|x86
		{FF030E0F-EABB-45DA-8C72-5143950E817A}..Net 2.0|.NET.ActiveCfg = Release|Any CPU
		{FF030E0F-EABB-45DA-8C72-5143950E817A}..Net 2.0|Any CPU.ActiveCfg = Release|Any CPU
		{FF030E0F-EABB-45DA-8C72-5143950E817A}..Net 2.0|Any CPU.Build.0 = Release|Any CPU
		{FF030E0F-EABB-45DA-8C72-5143950E817A}..Net 2.0|Mixed Platforms.ActiveCfg = Release|Any CPU
		{FF030E0F-EABB-45DA-8C72-5143950E817A}..Net 2.0|Mixed Platforms.Build.0 = Release|Any CPU
		{FF030E0F-EABB-45DA-8C72-5143950E817A}..Net 2.0|x86.ActiveCfg = Release|Any CPU
		{FF030E0F-EABB-45DA-8C72-5143950E817A}.Debug|.NET.ActiveCfg = Debug|Any CPU
		{FF030E0F-EABB-45DA-8C72-5143950E817A}.Debug|Any CPU.ActiveCfg = Debug|Any CPU
		{FF030E0F-EABB-45DA-8C72-5143950E817A}.Debug|Any CPU.Build.0 = Debug|Any CPU
		{FF030E0F-EABB-45DA-8C72-5143950E817A}.Debug|Mixed Platforms.ActiveCfg = Debug|Any CPU
		{FF030E0F-EABB-45DA-8C72-5143950E817A}.Debug|Mixed Platforms.Build.0 = Debug|Any CPU
		{FF030E0F-EABB-45DA-8C72-5143950E817A}.Debug|x86.ActiveCfg = Debug|Any CPU
		{FF030E0F-EABB-45DA-8C72-5143950E817A}.Release|.NET.ActiveCfg = Release|Any CPU
		{FF030E0F-EABB-45DA-8C72-5143950E817A}.Release|Any CPU.ActiveCfg = Release|Any CPU
		{FF030E0F-EABB-45DA-8C72-5143950E817A}.Release|Any CPU.Build.0 = Release|Any CPU
		{FF030E0F-EABB-45DA-8C72-5143950E817A}.Release|Mixed Platforms.ActiveCfg = Release|Any CPU
		{FF030E0F-EABB-45DA-8C72-5143950E817A}.Release|Mixed Platforms.Build.0 = Release|Any CPU
		{FF030E0F-EABB-45DA-8C72-5143950E817A}.Release|x86.ActiveCfg = Release|Any CPU
		{006E2DE3-1D35-4C27-BD79-EE0AAFDB9C3D}..Net 2.0|.NET.ActiveCfg = Release|x86
		{006E2DE3-1D35-4C27-BD79-EE0AAFDB9C3D}..Net 2.0|Any CPU.ActiveCfg = Release|x86
		{006E2DE3-1D35-4C27-BD79-EE0AAFDB9C3D}..Net 2.0|Mixed Platforms.ActiveCfg = Release|x86
		{006E2DE3-1D35-4C27-BD79-EE0AAFDB9C3D}..Net 2.0|Mixed Platforms.Build.0 = Release|x86
		{006E2DE3-1D35-4C27-BD79-EE0AAFDB9C3D}..Net 2.0|x86.ActiveCfg = Release|x86
		{006E2DE3-1D35-4C27-BD79-EE0AAFDB9C3D}..Net 2.0|x86.Build.0 = Release|x86
		{006E2DE3-1D35-4C27-BD79-EE0AAFDB9C3D}.Debug|.NET.ActiveCfg = Debug|x86
		{006E2DE3-1D35-4C27-BD79-EE0AAFDB9C3D}.Debug|Any CPU.ActiveCfg = Debug|x86
		{006E2DE3-1D35-4C27-BD79-EE0AAFDB9C3D}.Debug|Mixed Platforms.ActiveCfg = Debug|x86
		{006E2DE3-1D35-4C27-BD79-EE0AAFDB9C3D}.Debug|Mixed Platforms.Build.0 = Debug|x86
		{006E2DE3-1D35-4C27-BD79-EE0AAFDB9C3D}.Debug|x86.ActiveCfg = Debug|x86
		{006E2DE3-1D35-4C27-BD79-EE0AAFDB9C3D}.Debug|x86.Build.0 = Debug|x86
		{006E2DE3-1D35-4C27-BD79-EE0AAFDB9C3D}.Release|.NET.ActiveCfg = Release|x86
		{006E2DE3-1D35-4C27-BD79-EE0AAFDB9C3D}.Release|Any CPU.ActiveCfg = Release|x86
		{006E2DE3-1D35-4C27-BD79-EE0AAFDB9C3D}.Release|Mixed Platforms.ActiveCfg = Release|x86
		{006E2DE3-1D35-4C27-BD79-EE0AAFDB9C3D}.Release|Mixed Platforms.Build.0 = Release|x86
		{006E2DE3-1D35-4C27-BD79-EE0AAFDB9C3D}.Release|x86.ActiveCfg = Release|x86
		{006E2DE3-1D35-4C27-BD79-EE0AAFDB9C3D}.Release|x86.Build.0 = Release|x86
		{1A822656-0ABF-407D-A184-7CA95CF32BF9}..Net 2.0|.NET.ActiveCfg = Release|x86
		{1A822656-0ABF-407D-A184-7CA95CF32BF9}..Net 2.0|Any CPU.ActiveCfg = Release|x86
		{1A822656-0ABF-407D-A184-7CA95CF32BF9}..Net 2.0|Mixed Platforms.ActiveCfg = Release|x86
		{1A822656-0ABF-407D-A184-7CA95CF32BF9}..Net 2.0|Mixed Platforms.Build.0 = Release|x86
		{1A822656-0ABF-407D-A184-7CA95CF32BF9}..Net 2.0|x86.ActiveCfg = Release|x86
		{1A822656-0ABF-407D-A184-7CA95CF32BF9}..Net 2.0|x86.Build.0 = Release|x86
		{1A822656-0ABF-407D-A184-7CA95CF32BF9}.Debug|.NET.ActiveCfg = Debug|x86
		{1A822656-0ABF-407D-A184-7CA95CF32BF9}.Debug|Any CPU.ActiveCfg = Debug|x86
		{1A822656-0ABF-407D-A184-7CA95CF32BF9}.Debug|Mixed Platforms.ActiveCfg = Debug|x86
		{1A822656-0ABF-407D-A184-7CA95CF32BF9}.Debug|Mixed Platforms.Build.0 = Debug|x86
		{1A822656-0ABF-407D-A184-7CA95CF32BF9}.Debug|x86.ActiveCfg = Debug|x86
		{1A822656-0ABF-407D-A184-7CA95CF32BF9}.Debug|x86.Build.0 = Debug|x86
		{1A822656-0ABF-407D-A184-7CA95CF32BF9}.Release|.NET.ActiveCfg = Release|x86
		{1A822656-0ABF-407D-A184-7CA95CF32BF9}.Release|Any CPU.ActiveCfg = Release|x86
		{1A822656-0ABF-407D-A184-7CA95CF32BF9}.Release|Mixed Platforms.ActiveCfg = Release|x86
		{1A822656-0ABF-407D-A184-7CA95CF32BF9}.Release|Mixed Platforms.Build.0 = Release|x86
		{1A822656-0ABF-407D-A184-7CA95CF32BF9}.Release|x86.ActiveCfg = Release|x86
		{1A822656-0ABF-407D-A184-7CA95CF32BF9}.Release|x86.Build.0 = Release|x86
		{A98FC0A3-8242-452C-92B3-02220C8A3E48}..Net 2.0|.NET.ActiveCfg = Release|Any CPU
		{A98FC0A3-8242-452C-92B3-02220C8A3E48}..Net 2.0|Any CPU.ActiveCfg = Release|Any CPU
		{A98FC0A3-8242-452C-92B3-02220C8A3E48}..Net 2.0|Any CPU.Build.0 = Release|Any CPU
		{A98FC0A3-8242-452C-92B3-02220C8A3E48}..Net 2.0|Mixed Platforms.ActiveCfg = Release|Any CPU
		{A98FC0A3-8242-452C-92B3-02220C8A3E48}..Net 2.0|Mixed Platforms.Build.0 = Release|Any CPU
		{A98FC0A3-8242-452C-92B3-02220C8A3E48}..Net 2.0|x86.ActiveCfg = Release|Any CPU
		{A98FC0A3-8242-452C-92B3-02220C8A3E48}.Debug|.NET.ActiveCfg = Debug|Any CPU
		{A98FC0A3-8242-452C-92B3-02220C8A3E48}.Debug|Any CPU.ActiveCfg = Debug|Any CPU
		{A98FC0A3-8242-452C-92B3-02220C8A3E48}.Debug|Any CPU.Build.0 = Debug|Any CPU
		{A98FC0A3-8242-452C-92B3-02220C8A3E48}.Debug|Mixed Platforms.ActiveCfg = Debug|Any CPU
		{A98FC0A3-8242-452C-92B3-02220C8A3E48}.Debug|Mixed Platforms.Build.0 = Debug|Any CPU
		{A98FC0A3-8242-452C-92B3-02220C8A3E48}.Debug|x86.ActiveCfg = Debug|Any CPU
		{A98FC0A3-8242-452C-92B3-02220C8A3E48}.Release|.NET.ActiveCfg = Release|Any CPU
		{A98FC0A3-8242-452C-92B3-02220C8A3E48}.Release|Any CPU.ActiveCfg = Release|Any CPU
		{A98FC0A3-8242-452C-92B3-02220C8A3E48}.Release|Any CPU.Build.0 = Release|Any CPU
		{A98FC0A3-8242-452C-92B3-02220C8A3E48}.Release|Mixed Platforms.ActiveCfg = Release|Any CPU
		{A98FC0A3-8242-452C-92B3-02220C8A3E48}.Release|Mixed Platforms.Build.0 = Release|Any CPU
		{A98FC0A3-8242-452C-92B3-02220C8A3E48}.Release|x86.ActiveCfg = Release|Any CPU
		{C33A4523-C093-4901-BF6B-73B6AB1AB688}..Net 2.0|.NET.ActiveCfg = Release|Any CPU
		{C33A4523-C093-4901-BF6B-73B6AB1AB688}..Net 2.0|Any CPU.ActiveCfg = Release|Any CPU
		{C33A4523-C093-4901-BF6B-73B6AB1AB688}..Net 2.0|Any CPU.Build.0 = Release|Any CPU
		{C33A4523-C093-4901-BF6B-73B6AB1AB688}..Net 2.0|Mixed Platforms.ActiveCfg = Release|Any CPU
		{C33A4523-C093-4901-BF6B-73B6AB1AB688}..Net 2.0|Mixed Platforms.Build.0 = Release|Any CPU
		{C33A4523-C093-4901-BF6B-73B6AB1AB688}..Net 2.0|x86.ActiveCfg = Release|Any CPU
		{C33A4523-C093-4901-BF6B-73B6AB1AB688}.Debug|.NET.ActiveCfg = Debug|Any CPU
		{C33A4523-C093-4901-BF6B-73B6AB1AB688}.Debug|Any CPU.ActiveCfg = Debug|Any CPU
		{C33A4523-C093-4901-BF6B-73B6AB1AB688}.Debug|Any CPU.Build.0 = Debug|Any CPU
		{C33A4523-C093-4901-BF6B-73B6AB1AB688}.Debug|Mixed Platforms.ActiveCfg = Debug|Any CPU
		{C33A4523-C093-4901-BF6B-73B6AB1AB688}.Debug|Mixed Platforms.Build.0 = Debug|Any CPU
		{C33A4523-C093-4901-BF6B-73B6AB1AB688}.Debug|x86.ActiveCfg = Debug|Any CPU
		{C33A4523-C093-4901-BF6B-73B6AB1AB688}.Release|.NET.ActiveCfg = Release|Any CPU
		{C33A4523-C093-4901-BF6B-73B6AB1AB688}.Release|Any CPU.ActiveCfg = Release|Any CPU
		{C33A4523-C093-4901-BF6B-73B6AB1AB688}.Release|Any CPU.Build.0 = Release|Any CPU
		{C33A4523-C093-4901-BF6B-73B6AB1AB688}.Release|Mixed Platforms.ActiveCfg = Release|Any CPU
		{C33A4523-C093-4901-BF6B-73B6AB1AB688}.Release|Mixed Platforms.Build.0 = Release|Any CPU
		{C33A4523-C093-4901-BF6B-73B6AB1AB688}.Release|x86.ActiveCfg = Release|Any CPU
		{E5AFE933-996F-44A6-B054-D3BAA8FAF23E}..Net 2.0|.NET.ActiveCfg = Release|x86
		{E5AFE933-996F-44A6-B054-D3BAA8FAF23E}..Net 2.0|Any CPU.ActiveCfg = Release|x86
		{E5AFE933-996F-44A6-B054-D3BAA8FAF23E}..Net 2.0|Mixed Platforms.ActiveCfg = Release|x86
		{E5AFE933-996F-44A6-B054-D3BAA8FAF23E}..Net 2.0|Mixed Platforms.Build.0 = Release|x86
		{E5AFE933-996F-44A6-B054-D3BAA8FAF23E}..Net 2.0|x86.ActiveCfg = Release|x86
		{E5AFE933-996F-44A6-B054-D3BAA8FAF23E}..Net 2.0|x86.Build.0 = Release|x86
		{E5AFE933-996F-44A6-B054-D3BAA8FAF23E}.Debug|.NET.ActiveCfg = Debug|x86
		{E5AFE933-996F-44A6-B054-D3BAA8FAF23E}.Debug|Any CPU.ActiveCfg = Debug|x86
		{E5AFE933-996F-44A6-B054-D3BAA8FAF23E}.Debug|Mixed Platforms.ActiveCfg = Debug|x86
		{E5AFE933-996F-44A6-B054-D3BAA8FAF23E}.Debug|Mixed Platforms.Build.0 = Debug|x86
		{E5AFE933-996F-44A6-B054-D3BAA8FAF23E}.Debug|x86.ActiveCfg = Debug|x86
		{E5AFE933-996F-44A6-B054-D3BAA8FAF23E}.Debug|x86.Build.0 = Debug|x86
		{E5AFE933-996F-44A6-B054-D3BAA8FAF23E}.Release|.NET.ActiveCfg = Release|x86
		{E5AFE933-996F-44A6-B054-D3BAA8FAF23E}.Release|Any CPU.ActiveCfg = Release|x86
		{E5AFE933-996F-44A6-B054-D3BAA8FAF23E}.Release|Mixed Platforms.ActiveCfg = Release|x86
		{E5AFE933-996F-44A6-B054-D3BAA8FAF23E}.Release|Mixed Platforms.Build.0 = Release|x86
		{E5AFE933-996F-44A6-B054-D3BAA8FAF23E}.Release|x86.ActiveCfg = Release|x86
		{E5AFE933-996F-44A6-B054-D3BAA8FAF23E}.Release|x86.Build.0 = Release|x86
		{5C8C3A98-50FA-4D78-A036-8F36A670F8D7}..Net 2.0|.NET.ActiveCfg = Release|Any CPU
		{5C8C3A98-50FA-4D78-A036-8F36A670F8D7}..Net 2.0|Any CPU.ActiveCfg = Release|Any CPU
		{5C8C3A98-50FA-4D78-A036-8F36A670F8D7}..Net 2.0|Any CPU.Build.0 = Release|Any CPU
		{5C8C3A98-50FA-4D78-A036-8F36A670F8D7}..Net 2.0|Mixed Platforms.ActiveCfg = Release|Any CPU
		{5C8C3A98-50FA-4D78-A036-8F36A670F8D7}..Net 2.0|Mixed Platforms.Build.0 = Release|Any CPU
		{5C8C3A98-50FA-4D78-A036-8F36A670F8D7}..Net 2.0|x86.ActiveCfg = Release|Any CPU
		{5C8C3A98-50FA-4D78-A036-8F36A670F8D7}.Debug|.NET.ActiveCfg = Debug|Any CPU
		{5C8C3A98-50FA-4D78-A036-8F36A670F8D7}.Debug|Any CPU.ActiveCfg = Debug|Any CPU
		{5C8C3A98-50FA-4D78-A036-8F36A670F8D7}.Debug|Any CPU.Build.0 = Debug|Any CPU
		{5C8C3A98-50FA-4D78-A036-8F36A670F8D7}.Debug|Mixed Platforms.ActiveCfg = Debug|Any CPU
		{5C8C3A98-50FA-4D78-A036-8F36A670F8D7}.Debug|Mixed Platforms.Build.0 = Debug|Any CPU
		{5C8C3A98-50FA-4D78-A036-8F36A670F8D7}.Debug|x86.ActiveCfg = Debug|Any CPU
		{5C8C3A98-50FA-4D78-A036-8F36A670F8D7}.Release|.NET.ActiveCfg = Release|Any CPU
		{5C8C3A98-50FA-4D78-A036-8F36A670F8D7}.Release|Any CPU.ActiveCfg = Release|Any CPU
		{5C8C3A98-50FA-4D78-A036-8F36A670F8D7}.Release|Any CPU.Build.0 = Release|Any CPU
		{5C8C3A98-50FA-4D78-A036-8F36A670F8D7}.Release|Mixed Platforms.ActiveCfg = Release|Any CPU
		{5C8C3A98-50FA-4D78-A036-8F36A670F8D7}.Release|Mixed Platforms.Build.0 = Release|Any CPU
		{5C8C3A98-50FA-4D78-A036-8F36A670F8D7}.Release|x86.ActiveCfg = Release|Any CPU
		{562FD83D-BDFF-40A8-8B2F-BF8304F4FE54}..Net 2.0|.NET.ActiveCfg = Release|x86
		{562FD83D-BDFF-40A8-8B2F-BF8304F4FE54}..Net 2.0|Any CPU.ActiveCfg = Release|x86
		{562FD83D-BDFF-40A8-8B2F-BF8304F4FE54}..Net 2.0|Mixed Platforms.ActiveCfg = Release|x86
		{562FD83D-BDFF-40A8-8B2F-BF8304F4FE54}..Net 2.0|Mixed Platforms.Build.0 = Release|x86
		{562FD83D-BDFF-40A8-8B2F-BF8304F4FE54}..Net 2.0|x86.ActiveCfg = Release|x86
		{562FD83D-BDFF-40A8-8B2F-BF8304F4FE54}..Net 2.0|x86.Build.0 = Release|x86
		{562FD83D-BDFF-40A8-8B2F-BF8304F4FE54}.Debug|.NET.ActiveCfg = Debug|x86
		{562FD83D-BDFF-40A8-8B2F-BF8304F4FE54}.Debug|Any CPU.ActiveCfg = Debug|x86
		{562FD83D-BDFF-40A8-8B2F-BF8304F4FE54}.Debug|Mixed Platforms.ActiveCfg = Debug|x86
		{562FD83D-BDFF-40A8-8B2F-BF8304F4FE54}.Debug|Mixed Platforms.Build.0 = Debug|x86
		{562FD83D-BDFF-40A8-8B2F-BF8304F4FE54}.Debug|x86.ActiveCfg = Debug|x86
		{562FD83D-BDFF-40A8-8B2F-BF8304F4FE54}.Debug|x86.Build.0 = Debug|x86
		{562FD83D-BDFF-40A8-8B2F-BF8304F4FE54}.Release|.NET.ActiveCfg = Release|x86
		{562FD83D-BDFF-40A8-8B2F-BF8304F4FE54}.Release|Any CPU.ActiveCfg = Release|x86
		{562FD83D-BDFF-40A8-8B2F-BF8304F4FE54}.Release|Mixed Platforms.ActiveCfg = Release|x86
		{562FD83D-BDFF-40A8-8B2F-BF8304F4FE54}.Release|Mixed Platforms.Build.0 = Release|x86
		{562FD83D-BDFF-40A8-8B2F-BF8304F4FE54}.Release|x86.ActiveCfg = Release|x86
		{562FD83D-BDFF-40A8-8B2F-BF8304F4FE54}.Release|x86.Build.0 = Release|x86
		{A82E3AA8-6181-460D-A6EE-CC453B83D340}..Net 2.0|.NET.ActiveCfg = Release|Any CPU
		{A82E3AA8-6181-460D-A6EE-CC453B83D340}..Net 2.0|Any CPU.ActiveCfg = Release|Any CPU
		{A82E3AA8-6181-460D-A6EE-CC453B83D340}..Net 2.0|Any CPU.Build.0 = Release|Any CPU
		{A82E3AA8-6181-460D-A6EE-CC453B83D340}..Net 2.0|Mixed Platforms.ActiveCfg = Release|Any CPU
		{A82E3AA8-6181-460D-A6EE-CC453B83D340}..Net 2.0|Mixed Platforms.Build.0 = Release|Any CPU
		{A82E3AA8-6181-460D-A6EE-CC453B83D340}..Net 2.0|x86.ActiveCfg = Release|Any CPU
		{A82E3AA8-6181-460D-A6EE-CC453B83D340}.Debug|.NET.ActiveCfg = Debug|Any CPU
		{A82E3AA8-6181-460D-A6EE-CC453B83D340}.Debug|Any CPU.ActiveCfg = Debug|Any CPU
		{A82E3AA8-6181-460D-A6EE-CC453B83D340}.Debug|Any CPU.Build.0 = Debug|Any CPU
		{A82E3AA8-6181-460D-A6EE-CC453B83D340}.Debug|Mixed Platforms.ActiveCfg = Debug|Any CPU
		{A82E3AA8-6181-460D-A6EE-CC453B83D340}.Debug|Mixed Platforms.Build.0 = Debug|Any CPU
		{A82E3AA8-6181-460D-A6EE-CC453B83D340}.Debug|x86.ActiveCfg = Debug|Any CPU
		{A82E3AA8-6181-460D-A6EE-CC453B83D340}.Release|.NET.ActiveCfg = Release|Any CPU
		{A82E3AA8-6181-460D-A6EE-CC453B83D340}.Release|Any CPU.ActiveCfg = Release|Any CPU
		{A82E3AA8-6181-460D-A6EE-CC453B83D340}.Release|Any CPU.Build.0 = Release|Any CPU
		{A82E3AA8-6181-460D-A6EE-CC453B83D340}.Release|Mixed Platforms.ActiveCfg = Release|Any CPU
		{A82E3AA8-6181-460D-A6EE-CC453B83D340}.Release|Mixed Platforms.Build.0 = Release|Any CPU
		{A82E3AA8-6181-460D-A6EE-CC453B83D340}.Release|x86.ActiveCfg = Release|Any CPU
		{B49ABA5A-C5DA-45F4-87F1-B435EC51D710}..Net 2.0|.NET.ActiveCfg = Release|Any CPU
		{B49ABA5A-C5DA-45F4-87F1-B435EC51D710}..Net 2.0|Any CPU.ActiveCfg = Release|Any CPU
		{B49ABA5A-C5DA-45F4-87F1-B435EC51D710}..Net 2.0|Any CPU.Build.0 = Release|Any CPU
		{B49ABA5A-C5DA-45F4-87F1-B435EC51D710}..Net 2.0|Mixed Platforms.ActiveCfg = Release|Any CPU
		{B49ABA5A-C5DA-45F4-87F1-B435EC51D710}..Net 2.0|Mixed Platforms.Build.0 = Release|Any CPU
		{B49ABA5A-C5DA-45F4-87F1-B435EC51D710}..Net 2.0|x86.ActiveCfg = Release|Any CPU
		{B49ABA5A-C5DA-45F4-87F1-B435EC51D710}.Debug|.NET.ActiveCfg = Debug|Any CPU
		{B49ABA5A-C5DA-45F4-87F1-B435EC51D710}.Debug|Any CPU.ActiveCfg = Debug|Any CPU
		{B49ABA5A-C5DA-45F4-87F1-B435EC51D710}.Debug|Any CPU.Build.0 = Debug|Any CPU
		{B49ABA5A-C5DA-45F4-87F1-B435EC51D710}.Debug|Mixed Platforms.ActiveCfg = Debug|Any CPU
		{B49ABA5A-C5DA-45F4-87F1-B435EC51D710}.Debug|Mixed Platforms.Build.0 = Debug|Any CPU
		{B49ABA5A-C5DA-45F4-87F1-B435EC51D710}.Debug|x86.ActiveCfg = Debug|Any CPU
		{B49ABA5A-C5DA-45F4-87F1-B435EC51D710}.Release|.NET.ActiveCfg = Release|Any CPU
		{B49ABA5A-C5DA-45F4-87F1-B435EC51D710}.Release|Any CPU.ActiveCfg = Release|Any CPU
		{B49ABA5A-C5DA-45F4-87F1-B435EC51D710}.Release|Any CPU.Build.0 = Release|Any CPU
		{B49ABA5A-C5DA-45F4-87F1-B435EC51D710}.Release|Mixed Platforms.ActiveCfg = Release|Any CPU
		{B49ABA5A-C5DA-45F4-87F1-B435EC51D710}.Release|Mixed Platforms.Build.0 = Release|Any CPU
		{B49ABA5A-C5DA-45F4-87F1-B435EC51D710}.Release|x86.ActiveCfg = Release|Any CPU
		{50D7FAE5-2304-4395-A6FA-7D35279D9D84}..Net 2.0|.NET.ActiveCfg = Release|Any CPU
		{50D7FAE5-2304-4395-A6FA-7D35279D9D84}..Net 2.0|Any CPU.ActiveCfg = Release|Any CPU
		{50D7FAE5-2304-4395-A6FA-7D35279D9D84}..Net 2.0|Any CPU.Build.0 = Release|Any CPU
		{50D7FAE5-2304-4395-A6FA-7D35279D9D84}..Net 2.0|Mixed Platforms.ActiveCfg = Release|Any CPU
		{50D7FAE5-2304-4395-A6FA-7D35279D9D84}..Net 2.0|Mixed Platforms.Build.0 = Release|Any CPU
		{50D7FAE5-2304-4395-A6FA-7D35279D9D84}..Net 2.0|x86.ActiveCfg = Release|Any CPU
		{50D7FAE5-2304-4395-A6FA-7D35279D9D84}.Debug|.NET.ActiveCfg = Debug|Any CPU
		{50D7FAE5-2304-4395-A6FA-7D35279D9D84}.Debug|Any CPU.ActiveCfg = Debug|Any CPU
		{50D7FAE5-2304-4395-A6FA-7D35279D9D84}.Debug|Any CPU.Build.0 = Debug|Any CPU
		{50D7FAE5-2304-4395-A6FA-7D35279D9D84}.Debug|Mixed Platforms.ActiveCfg = Debug|Any CPU
		{50D7FAE5-2304-4395-A6FA-7D35279D9D84}.Debug|Mixed Platforms.Build.0 = Debug|Any CPU
		{50D7FAE5-2304-4395-A6FA-7D35279D9D84}.Debug|x86.ActiveCfg = Debug|Any CPU
		{50D7FAE5-2304-4395-A6FA-7D35279D9D84}.Release|.NET.ActiveCfg = Release|Any CPU
		{50D7FAE5-2304-4395-A6FA-7D35279D9D84}.Release|Any CPU.ActiveCfg = Release|Any CPU
		{50D7FAE5-2304-4395-A6FA-7D35279D9D84}.Release|Any CPU.Build.0 = Release|Any CPU
		{50D7FAE5-2304-4395-A6FA-7D35279D9D84}.Release|Mixed Platforms.ActiveCfg = Release|Any CPU
		{50D7FAE5-2304-4395-A6FA-7D35279D9D84}.Release|Mixed Platforms.Build.0 = Release|Any CPU
		{50D7FAE5-2304-4395-A6FA-7D35279D9D84}.Release|x86.ActiveCfg = Release|Any CPU
		{5813C22E-EEB3-4DEE-A45C-BB218041193A}..Net 2.0|.NET.ActiveCfg = Release|Any CPU
		{5813C22E-EEB3-4DEE-A45C-BB218041193A}..Net 2.0|Any CPU.ActiveCfg = Release|Any CPU
		{5813C22E-EEB3-4DEE-A45C-BB218041193A}..Net 2.0|Any CPU.Build.0 = Release|Any CPU
		{5813C22E-EEB3-4DEE-A45C-BB218041193A}..Net 2.0|Mixed Platforms.ActiveCfg = Release|Any CPU
		{5813C22E-EEB3-4DEE-A45C-BB218041193A}..Net 2.0|Mixed Platforms.Build.0 = Release|Any CPU
		{5813C22E-EEB3-4DEE-A45C-BB218041193A}..Net 2.0|x86.ActiveCfg = Release|Any CPU
		{5813C22E-EEB3-4DEE-A45C-BB218041193A}.Debug|.NET.ActiveCfg = Debug|Any CPU
		{5813C22E-EEB3-4DEE-A45C-BB218041193A}.Debug|Any CPU.ActiveCfg = Debug|Any CPU
		{5813C22E-EEB3-4DEE-A45C-BB218041193A}.Debug|Any CPU.Build.0 = Debug|Any CPU
		{5813C22E-EEB3-4DEE-A45C-BB218041193A}.Debug|Mixed Platforms.ActiveCfg = Debug|Any CPU
		{5813C22E-EEB3-4DEE-A45C-BB218041193A}.Debug|Mixed Platforms.Build.0 = Debug|Any CPU
		{5813C22E-EEB3-4DEE-A45C-BB218041193A}.Debug|x86.ActiveCfg = Debug|Any CPU
		{5813C22E-EEB3-4DEE-A45C-BB218041193A}.Release|.NET.ActiveCfg = Release|Any CPU
		{5813C22E-EEB3-4DEE-A45C-BB218041193A}.Release|Any CPU.ActiveCfg = Release|Any CPU
		{5813C22E-EEB3-4DEE-A45C-BB218041193A}.Release|Any CPU.Build.0 = Release|Any CPU
		{5813C22E-EEB3-4DEE-A45C-BB218041193A}.Release|Mixed Platforms.ActiveCfg = Release|Any CPU
		{5813C22E-EEB3-4DEE-A45C-BB218041193A}.Release|Mixed Platforms.Build.0 = Release|Any CPU
		{5813C22E-EEB3-4DEE-A45C-BB218041193A}.Release|x86.ActiveCfg = Release|Any CPU
		{3EB3A5F1-F785-4672-A21D-A3117FC12129}..Net 2.0|.NET.ActiveCfg = Release|Any CPU
		{3EB3A5F1-F785-4672-A21D-A3117FC12129}..Net 2.0|Any CPU.ActiveCfg = Release|Any CPU
		{3EB3A5F1-F785-4672-A21D-A3117FC12129}..Net 2.0|Any CPU.Build.0 = Release|Any CPU
		{3EB3A5F1-F785-4672-A21D-A3117FC12129}..Net 2.0|Mixed Platforms.ActiveCfg = Release|Any CPU
		{3EB3A5F1-F785-4672-A21D-A3117FC12129}..Net 2.0|Mixed Platforms.Build.0 = Release|Any CPU
		{3EB3A5F1-F785-4672-A21D-A3117FC12129}..Net 2.0|x86.ActiveCfg = Release|Any CPU
		{3EB3A5F1-F785-4672-A21D-A3117FC12129}.Debug|.NET.ActiveCfg = Debug|Any CPU
		{3EB3A5F1-F785-4672-A21D-A3117FC12129}.Debug|Any CPU.ActiveCfg = Debug|Any CPU
		{3EB3A5F1-F785-4672-A21D-A3117FC12129}.Debug|Any CPU.Build.0 = Debug|Any CPU
		{3EB3A5F1-F785-4672-A21D-A3117FC12129}.Debug|Mixed Platforms.ActiveCfg = Debug|Any CPU
		{3EB3A5F1-F785-4672-A21D-A3117FC12129}.Debug|Mixed Platforms.Build.0 = Debug|Any CPU
		{3EB3A5F1-F785-4672-A21D-A3117FC12129}.Debug|x86.ActiveCfg = Debug|Any CPU
		{3EB3A5F1-F785-4672-A21D-A3117FC12129}.Release|.NET.ActiveCfg = Release|Any CPU
		{3EB3A5F1-F785-4672-A21D-A3117FC12129}.Release|Any CPU.ActiveCfg = Release|Any CPU
		{3EB3A5F1-F785-4672-A21D-A3117FC12129}.Release|Any CPU.Build.0 = Release|Any CPU
		{3EB3A5F1-F785-4672-A21D-A3117FC12129}.Release|Mixed Platforms.ActiveCfg = Release|Any CPU
		{3EB3A5F1-F785-4672-A21D-A3117FC12129}.Release|Mixed Platforms.Build.0 = Release|Any CPU
		{3EB3A5F1-F785-4672-A21D-A3117FC12129}.Release|x86.ActiveCfg = Release|Any CPU
	EndGlobalSection
	GlobalSection(SolutionProperties) = preSolution
		HideSolutionNode = FALSE
	EndGlobalSection
	GlobalSection(NestedProjects) = preSolution
		{ED0CA2E7-8790-4A29-86E9-7BC854C981D8} = {06FA9225-D628-49D1-8929-0A54CACFC90C}
		{1A822656-0ABF-407D-A184-7CA95CF32BF9} = {06FA9225-D628-49D1-8929-0A54CACFC90C}
		{C089A44B-47CC-4811-B51F-B4A2C916C0C4} = {56C15332-1065-4BF3-849A-A199F1922242}
		{2CC9DC3D-DF15-491F-86F0-2D3EA819B1B3} = {C9B9B9CF-837D-418B-A2BE-23B95FF79736}
		{E5AFE933-996F-44A6-B054-D3BAA8FAF23E} = {C9B9B9CF-837D-418B-A2BE-23B95FF79736}
		{5C8C3A98-50FA-4D78-A036-8F36A670F8D7} = {C9B9B9CF-837D-418B-A2BE-23B95FF79736}
		{FF030E0F-EABB-45DA-8C72-5143950E817A} = {1D860FBA-A9F0-41A9-9A1C-B2D2525EBF03}
		{006E2DE3-1D35-4C27-BD79-EE0AAFDB9C3D} = {1D860FBA-A9F0-41A9-9A1C-B2D2525EBF03}
		{A98FC0A3-8242-452C-92B3-02220C8A3E48} = {16B825C3-8AEB-4DAC-821B-2A2B12AF641F}
		{C33A4523-C093-4901-BF6B-73B6AB1AB688} = {16B825C3-8AEB-4DAC-821B-2A2B12AF641F}
		{562FD83D-BDFF-40A8-8B2F-BF8304F4FE54} = {567AC4C6-4805-4036-8112-CFD8D85C8FB2}
		{50D7FAE5-2304-4395-A6FA-7D35279D9D84} = {876B6FC2-9964-490B-8E73-722B28BD8819}
		{5813C22E-EEB3-4DEE-A45C-BB218041193A} = {876B6FC2-9964-490B-8E73-722B28BD8819}
		{B49ABA5A-C5DA-45F4-87F1-B435EC51D710} = {876B6FC2-9964-490B-8E73-722B28BD8819}
		{A82E3AA8-6181-460D-A6EE-CC453B83D340} = {876B6FC2-9964-490B-8E73-722B28BD8819}
		{3EB3A5F1-F785-4672-A21D-A3117FC12129} = {876B6FC2-9964-490B-8E73-722B28BD8819}
	EndGlobalSection
EndGlobal
