
Microsoft Visual Studio Solution File, Format Version 11.00
# Visual Studio 2010
Project("{FAE04EC0-301F-11D3-BF4B-00C04F79EFBC}") = "CustomerCollector", "CustomerCollector\CustomerCollector\CustomerCollector.csproj", "{74873755-0C7B-44A1-B717-82458432A894}"
EndProject
Project("{FAE04EC0-301F-11D3-BF4B-00C04F79EFBC}") = "CustomerEntity", "CustomerCollector\CustomerEntity\CustomerEntity.csproj", "{D5C128FC-B929-4DEF-92F6-3CBE5D6F466E}"
EndProject
Project("{FAE04EC0-301F-11D3-BF4B-00C04F79EFBC}") = "CustomerMS", "CustomerCollector\CustomerMS\CustomerMS.csproj", "{49172054-C7AE-4993-AAE6-1BDD453F0345}"
EndProject
Project("{FAE04EC0-301F-11D3-BF4B-00C04F79EFBC}") = "DotNet.Tools", "DotNet.Tools\DotNet.Tools.csproj", "{C56F4793-6746-4E12-BC43-91B9D08101DC}"
EndProject
Project("{FAE04EC0-301F-11D3-BF4B-00C04F79EFBC}") = "ResouceCollector", "ResouceCollect\ResouceCollector\ResouceCollector.csproj", "{1671D684-870F-488B-B530-1D7780ABB496}"
EndProject
Project("{FAE04EC0-301F-11D3-BF4B-00C04F79EFBC}") = "ResouceEntity", "ResouceCollect\ResouceEntity\ResouceEntity.csproj", "{114E0E8B-8A6C-4AB8-B6CB-3CD8CECA86CD}"
EndProject
Project("{FAE04EC0-301F-11D3-BF4B-00C04F79EFBC}") = "ResouceManagement", "ResouceCollect\ResouceManagement\ResouceManagement.csproj", "{017E794B-C1A9-4F87-A74B-AC219CB2DE22}"
EndProject
Project("{FAE04EC0-301F-11D3-BF4B-00C04F79EFBC}") = "LotteryTicket", "LotteryTicket\LotteryTicket\LotteryTicket.csproj", "{0E0705A3-789A-4D95-9293-C605171AF53C}"
EndProject
Project("{FAE04EC0-301F-11D3-BF4B-00C04F79EFBC}") = "LotteryTicketSoft", "LotteryTicket\LotteryTicketSoft\LotteryTicketSoft.csproj", "{ED0CA2E7-8790-4A29-86E9-7BC854C981D8}"
EndProject
Project("{FAE04EC0-301F-11D3-BF4B-00C04F79EFBC}") = "YoungRunEntity", "YoungRun\YoungRunEntity\YoungRunEntity.csproj", "{2CC9DC3D-DF15-491F-86F0-2D3EA819B1B3}"
EndProject
Project("{FAE04EC0-301F-11D3-BF4B-00C04F79EFBC}") = "YoungRunLab", "YoungRun\YoungRunLab\YoungRunLab.csproj", "{AEDEB12E-4CEC-4D46-8B95-28D0894B3676}"
EndProject
Project("{FAE04EC0-301F-11D3-BF4B-00C04F79EFBC}") = "YoungRunMIS", "YoungRun\YoungRunMIS\YoungRunMIS.csproj", "{2CC840F2-66B2-487F-8F3C-7649FD510D3A}"
EndProject
Project("{FAE04EC0-301F-11D3-BF4B-00C04F79EFBC}") = "YoungRunST", "YoungRun\YoungRunST\YoungRunST.csproj", "{8DFAC2E4-1997-4300-B370-FC99550B8B70}"
EndProject
Project("{FAE04EC0-301F-11D3-BF4B-00C04F79EFBC}") = "YoungRunTest", "YoungRun\YoungRunTest\YoungRunTest.csproj", "{5DCE1325-25C6-4420-89D1-98AFE69BDB7A}"
EndProject
Project("{FAE04EC0-301F-11D3-BF4B-00C04F79EFBC}") = "ResouceFiles", "ResouceFiles\ResouceFiles.csproj", "{C089A44B-47CC-4811-B51F-B4A2C916C0C4}"
EndProject
Project("{FAE04EC0-301F-11D3-BF4B-00C04F79EFBC}") = "YoungRunControl", "YoungRun\YoungRunControl\YoungRunControl.csproj", "{B3281232-CAFF-4B4A-9F76-CD9D01C45638}"
EndProject
Project("{2150E333-8FDC-42A3-9474-1A3956D46DE8}") = "CustomerMIS", "CustomerMIS", "{4D5563D0-C3BF-4338-9F45-D79DD447DC91}"
EndProject
Project("{2150E333-8FDC-42A3-9474-1A3956D46DE8}") = "LotteryTicketMIS", "LotteryTicketMIS", "{06FA9225-D628-49D1-8929-0A54CACFC90C}"
EndProject
Project("{2150E333-8FDC-42A3-9474-1A3956D46DE8}") = "ResouceMIS", "ResouceMIS", "{96D79670-810E-4D46-8093-617C67B288E4}"
EndProject
Project("{2150E333-8FDC-42A3-9474-1A3956D46DE8}") = "Tools", "Tools", "{56C15332-1065-4BF3-849A-A199F1922242}"
EndProject
Project("{2150E333-8FDC-42A3-9474-1A3956D46DE8}") = "YoungRun", "YoungRun", "{C9B9B9CF-837D-418B-A2BE-23B95FF79736}"
EndProject
Project("{2150E333-8FDC-42A3-9474-1A3956D46DE8}") = "StudySample", "StudySample", "{1D860FBA-A9F0-41A9-9A1C-B2D2525EBF03}"
EndProject
Project("{FAE04EC0-301F-11D3-BF4B-00C04F79EFBC}") = "zedDataProcess", "StudySample\zedDataProcess\zedDataProcess.csproj", "{FF030E0F-EABB-45DA-8C72-5143950E817A}"
EndProject
Project("{FAE04EC0-301F-11D3-BF4B-00C04F79EFBC}") = "KwCombinatorics", "StudySample\KwCombinatorics\KwCombinatorics\KwCombinatorics.csproj", "{6A1CAF3C-129B-4069-980D-6795FDEDA6CF}"
EndProject
Project("{2150E333-8FDC-42A3-9474-1A3956D46DE8}") = "Examples", "Examples", "{174ED7D9-A558-4199-93EC-23CE952F4377}"
EndProject
Project("{FAE04EC0-301F-11D3-BF4B-00C04F79EFBC}") = "Test", "StudySample\KwCombinatorics\Test\Test.csproj", "{3D6FD074-B626-46AA-A49F-F03D2A76BE01}"
EndProject
Project("{2150E333-8FDC-42A3-9474-1A3956D46DE8}") = "Solution Items", "Solution Items", "{55B462D3-77F4-41F8-B3B2-FE936705B626}"
	ProjectSection(SolutionItems) = preProject
		StudySample\KwCombinatorics\Coverage.testsettings = StudySample\KwCombinatorics\Coverage.testsettings
		StudySample\KwCombinatorics\Debug.testsettings = StudySample\KwCombinatorics\Debug.testsettings
		StudySample\KwCombinatorics\KwCombinatorics-VS2010.vsmdi = StudySample\KwCombinatorics\KwCombinatorics-VS2010.vsmdi
	EndProjectSection
EndProject
Project("{FAE04EC0-301F-11D3-BF4B-00C04F79EFBC}") = "CombinationExample01", "StudySample\KwCombinatorics\Examples\CombinationExample01\CombinationExample01.csproj", "{2D82EE3E-9DB3-4FB4-A023-2EF619BC5879}"
EndProject
Project("{FAE04EC0-301F-11D3-BF4B-00C04F79EFBC}") = "CombinationExample02", "StudySample\KwCombinatorics\Examples\CombinationExample02\CombinationExample02.csproj", "{CC9B7BD4-5754-4056-A914-9B339C72F48C}"
EndProject
Project("{FAE04EC0-301F-11D3-BF4B-00C04F79EFBC}") = "CombinationExample03", "StudySample\KwCombinatorics\Examples\CombinationExample03\CombinationExample03.csproj", "{90E1C20D-9B79-4044-9AA4-C329EBAFAF56}"
EndProject
Project("{FAE04EC0-301F-11D3-BF4B-00C04F79EFBC}") = "CombinationExample04", "StudySample\KwCombinatorics\Examples\CombinationExample04\CombinationExample04.csproj", "{291B857F-8057-4111-811C-5D5B0FF3EE27}"
EndProject
Project("{FAE04EC0-301F-11D3-BF4B-00C04F79EFBC}") = "CombinationExample05", "StudySample\KwCombinatorics\Examples\CombinationExample05\CombinationExample05.csproj", "{2E9388B7-B8F7-47F0-87A2-BC095EE8CC18}"
EndProject
Project("{FAE04EC0-301F-11D3-BF4B-00C04F79EFBC}") = "PermutationExample01", "StudySample\KwCombinatorics\Examples\PermutationExample01\PermutationExample01.csproj", "{6F7CC091-B43F-439F-85DE-BFFBA6D9C4CA}"
EndProject
Project("{FAE04EC0-301F-11D3-BF4B-00C04F79EFBC}") = "PermutationExample02", "StudySample\KwCombinatorics\Examples\PermutationExample02\PermutationExample02.csproj", "{0D579E53-D0E0-4B83-BE38-FD306DA309DD}"
EndProject
Project("{FAE04EC0-301F-11D3-BF4B-00C04F79EFBC}") = "PermutationExample03", "StudySample\KwCombinatorics\Examples\PermutationExample03\PermutationExample03.csproj", "{D282FFCE-4B86-4C66-968B-9B947F9C9616}"
EndProject
Project("{FAE04EC0-301F-11D3-BF4B-00C04F79EFBC}") = "PermutationExample04", "StudySample\KwCombinatorics\Examples\PermutationExample04\PermutationExample04.csproj", "{247C2217-9BD3-48BD-B957-20359ABB6150}"
EndProject
Project("{FAE04EC0-301F-11D3-BF4B-00C04F79EFBC}") = "PermutationExample05", "StudySample\KwCombinatorics\Examples\PermutationExample05\PermutationExample05.csproj", "{8D520FD6-4DB4-4D7C-9895-B7EF4901FB13}"
EndProject
Project("{FAE04EC0-301F-11D3-BF4B-00C04F79EFBC}") = "ProductExample01", "StudySample\KwCombinatorics\Examples\ProductExample01\ProductExample01.csproj", "{D4124AED-E2B9-48EB-A16D-E3D2A3AFB006}"
EndProject
Project("{FAE04EC0-301F-11D3-BF4B-00C04F79EFBC}") = "ProductExample02", "StudySample\KwCombinatorics\Examples\ProductExample02\ProductExample02.csproj", "{DACA8054-B0CD-4B40-87AC-93EA9C55A3FF}"
EndProject
Project("{FAE04EC0-301F-11D3-BF4B-00C04F79EFBC}") = "ProductExample03", "StudySample\KwCombinatorics\Examples\ProductExample03\ProductExample03.csproj", "{03523841-E89B-4518-8560-256A62DA9E75}"
EndProject
Project("{FAE04EC0-301F-11D3-BF4B-00C04F79EFBC}") = "ProductExample04", "StudySample\KwCombinatorics\Examples\ProductExample04\ProductExample04.csproj", "{9B3A8099-A278-4C46-9036-3511970A6169}"
EndProject
Project("{FAE04EC0-301F-11D3-BF4B-00C04F79EFBC}") = "ProductExample05", "StudySample\KwCombinatorics\Examples\ProductExample05\ProductExample05.csproj", "{440C541A-8739-472F-B68D-5FBCF644E472}"
EndProject
Global
	GlobalSection(SubversionScc) = preSolution
		Svn-Managed = True
		Manager = AnkhSVN - Subversion Support for Visual Studio
	EndGlobalSection
	GlobalSection(SolutionConfigurationPlatforms) = preSolution
		.Net 2.0|Any CPU = .Net 2.0|Any CPU
		.Net 2.0|Mixed Platforms = .Net 2.0|Mixed Platforms
		.Net 2.0|x86 = .Net 2.0|x86
		Debug|Any CPU = Debug|Any CPU
		Debug|Mixed Platforms = Debug|Mixed Platforms
		Debug|x86 = Debug|x86
		Release|Any CPU = Release|Any CPU
		Release|Mixed Platforms = Release|Mixed Platforms
		Release|x86 = Release|x86
	EndGlobalSection
	GlobalSection(ProjectConfigurationPlatforms) = postSolution
		{74873755-0C7B-44A1-B717-82458432A894}..Net 2.0|Any CPU.ActiveCfg = Debug|x86
		{74873755-0C7B-44A1-B717-82458432A894}..Net 2.0|Any CPU.Build.0 = Debug|x86
		{74873755-0C7B-44A1-B717-82458432A894}..Net 2.0|Mixed Platforms.ActiveCfg = Debug|x86
		{74873755-0C7B-44A1-B717-82458432A894}..Net 2.0|Mixed Platforms.Build.0 = Debug|x86
		{74873755-0C7B-44A1-B717-82458432A894}..Net 2.0|x86.ActiveCfg = Debug|x86
		{74873755-0C7B-44A1-B717-82458432A894}..Net 2.0|x86.Build.0 = Debug|x86
		{74873755-0C7B-44A1-B717-82458432A894}.Debug|Any CPU.ActiveCfg = Debug|x86
		{74873755-0C7B-44A1-B717-82458432A894}.Debug|Any CPU.Build.0 = Debug|x86
		{74873755-0C7B-44A1-B717-82458432A894}.Debug|Mixed Platforms.ActiveCfg = Debug|x86
		{74873755-0C7B-44A1-B717-82458432A894}.Debug|Mixed Platforms.Build.0 = Debug|x86
		{74873755-0C7B-44A1-B717-82458432A894}.Debug|x86.ActiveCfg = Debug|x86
		{74873755-0C7B-44A1-B717-82458432A894}.Debug|x86.Build.0 = Debug|x86
		{74873755-0C7B-44A1-B717-82458432A894}.Release|Any CPU.ActiveCfg = Release|x86
		{74873755-0C7B-44A1-B717-82458432A894}.Release|Any CPU.Build.0 = Release|x86
		{74873755-0C7B-44A1-B717-82458432A894}.Release|Mixed Platforms.ActiveCfg = Release|x86
		{74873755-0C7B-44A1-B717-82458432A894}.Release|Mixed Platforms.Build.0 = Release|x86
		{74873755-0C7B-44A1-B717-82458432A894}.Release|x86.ActiveCfg = Release|x86
		{74873755-0C7B-44A1-B717-82458432A894}.Release|x86.Build.0 = Release|x86
		{D5C128FC-B929-4DEF-92F6-3CBE5D6F466E}..Net 2.0|Any CPU.ActiveCfg = Debug|x86
		{D5C128FC-B929-4DEF-92F6-3CBE5D6F466E}..Net 2.0|Any CPU.Build.0 = Debug|x86
		{D5C128FC-B929-4DEF-92F6-3CBE5D6F466E}..Net 2.0|Mixed Platforms.ActiveCfg = Debug|x86
		{D5C128FC-B929-4DEF-92F6-3CBE5D6F466E}..Net 2.0|Mixed Platforms.Build.0 = Debug|x86
		{D5C128FC-B929-4DEF-92F6-3CBE5D6F466E}..Net 2.0|x86.ActiveCfg = Debug|x86
		{D5C128FC-B929-4DEF-92F6-3CBE5D6F466E}..Net 2.0|x86.Build.0 = Debug|x86
		{D5C128FC-B929-4DEF-92F6-3CBE5D6F466E}.Debug|Any CPU.ActiveCfg = Debug|x86
		{D5C128FC-B929-4DEF-92F6-3CBE5D6F466E}.Debug|Any CPU.Build.0 = Debug|x86
		{D5C128FC-B929-4DEF-92F6-3CBE5D6F466E}.Debug|Mixed Platforms.ActiveCfg = Debug|x86
		{D5C128FC-B929-4DEF-92F6-3CBE5D6F466E}.Debug|Mixed Platforms.Build.0 = Debug|x86
		{D5C128FC-B929-4DEF-92F6-3CBE5D6F466E}.Debug|x86.ActiveCfg = Debug|x86
		{D5C128FC-B929-4DEF-92F6-3CBE5D6F466E}.Debug|x86.Build.0 = Debug|x86
		{D5C128FC-B929-4DEF-92F6-3CBE5D6F466E}.Release|Any CPU.ActiveCfg = Release|x86
		{D5C128FC-B929-4DEF-92F6-3CBE5D6F466E}.Release|Any CPU.Build.0 = Release|x86
		{D5C128FC-B929-4DEF-92F6-3CBE5D6F466E}.Release|Mixed Platforms.ActiveCfg = Release|x86
		{D5C128FC-B929-4DEF-92F6-3CBE5D6F466E}.Release|Mixed Platforms.Build.0 = Release|x86
		{D5C128FC-B929-4DEF-92F6-3CBE5D6F466E}.Release|x86.ActiveCfg = Release|x86
		{D5C128FC-B929-4DEF-92F6-3CBE5D6F466E}.Release|x86.Build.0 = Release|x86
		{49172054-C7AE-4993-AAE6-1BDD453F0345}..Net 2.0|Any CPU.ActiveCfg = Debug|x86
		{49172054-C7AE-4993-AAE6-1BDD453F0345}..Net 2.0|Any CPU.Build.0 = Debug|x86
		{49172054-C7AE-4993-AAE6-1BDD453F0345}..Net 2.0|Mixed Platforms.ActiveCfg = Debug|x86
		{49172054-C7AE-4993-AAE6-1BDD453F0345}..Net 2.0|Mixed Platforms.Build.0 = Debug|x86
		{49172054-C7AE-4993-AAE6-1BDD453F0345}..Net 2.0|x86.ActiveCfg = Debug|x86
		{49172054-C7AE-4993-AAE6-1BDD453F0345}..Net 2.0|x86.Build.0 = Debug|x86
		{49172054-C7AE-4993-AAE6-1BDD453F0345}.Debug|Any CPU.ActiveCfg = Debug|x86
		{49172054-C7AE-4993-AAE6-1BDD453F0345}.Debug|Any CPU.Build.0 = Debug|x86
		{49172054-C7AE-4993-AAE6-1BDD453F0345}.Debug|Mixed Platforms.ActiveCfg = Debug|x86
		{49172054-C7AE-4993-AAE6-1BDD453F0345}.Debug|Mixed Platforms.Build.0 = Debug|x86
		{49172054-C7AE-4993-AAE6-1BDD453F0345}.Debug|x86.ActiveCfg = Debug|x86
		{49172054-C7AE-4993-AAE6-1BDD453F0345}.Debug|x86.Build.0 = Debug|x86
		{49172054-C7AE-4993-AAE6-1BDD453F0345}.Release|Any CPU.ActiveCfg = Release|x86
		{49172054-C7AE-4993-AAE6-1BDD453F0345}.Release|Any CPU.Build.0 = Release|x86
		{49172054-C7AE-4993-AAE6-1BDD453F0345}.Release|Mixed Platforms.ActiveCfg = Release|x86
		{49172054-C7AE-4993-AAE6-1BDD453F0345}.Release|Mixed Platforms.Build.0 = Release|x86
		{49172054-C7AE-4993-AAE6-1BDD453F0345}.Release|x86.ActiveCfg = Release|x86
		{49172054-C7AE-4993-AAE6-1BDD453F0345}.Release|x86.Build.0 = Release|x86
		{C56F4793-6746-4E12-BC43-91B9D08101DC}..Net 2.0|Any CPU.ActiveCfg = Debug|Any CPU
		{C56F4793-6746-4E12-BC43-91B9D08101DC}..Net 2.0|Any CPU.Build.0 = Debug|Any CPU
		{C56F4793-6746-4E12-BC43-91B9D08101DC}..Net 2.0|Mixed Platforms.ActiveCfg = Debug|Any CPU
		{C56F4793-6746-4E12-BC43-91B9D08101DC}..Net 2.0|Mixed Platforms.Build.0 = Debug|Any CPU
		{C56F4793-6746-4E12-BC43-91B9D08101DC}..Net 2.0|x86.ActiveCfg = Debug|Any CPU
		{C56F4793-6746-4E12-BC43-91B9D08101DC}..Net 2.0|x86.Build.0 = Debug|Any CPU
		{C56F4793-6746-4E12-BC43-91B9D08101DC}.Debug|Any CPU.ActiveCfg = Debug|Any CPU
		{C56F4793-6746-4E12-BC43-91B9D08101DC}.Debug|Any CPU.Build.0 = Debug|Any CPU
		{C56F4793-6746-4E12-BC43-91B9D08101DC}.Debug|Mixed Platforms.ActiveCfg = Debug|Any CPU
		{C56F4793-6746-4E12-BC43-91B9D08101DC}.Debug|Mixed Platforms.Build.0 = Debug|Any CPU
		{C56F4793-6746-4E12-BC43-91B9D08101DC}.Debug|x86.ActiveCfg = Debug|Any CPU
		{C56F4793-6746-4E12-BC43-91B9D08101DC}.Debug|x86.Build.0 = Debug|Any CPU
		{C56F4793-6746-4E12-BC43-91B9D08101DC}.Release|Any CPU.ActiveCfg = Release|Any CPU
		{C56F4793-6746-4E12-BC43-91B9D08101DC}.Release|Any CPU.Build.0 = Release|Any CPU
		{C56F4793-6746-4E12-BC43-91B9D08101DC}.Release|Mixed Platforms.ActiveCfg = Release|Any CPU
		{C56F4793-6746-4E12-BC43-91B9D08101DC}.Release|Mixed Platforms.Build.0 = Release|Any CPU
		{C56F4793-6746-4E12-BC43-91B9D08101DC}.Release|x86.ActiveCfg = Release|Any CPU
		{C56F4793-6746-4E12-BC43-91B9D08101DC}.Release|x86.Build.0 = Release|Any CPU
		{1671D684-870F-488B-B530-1D7780ABB496}..Net 2.0|Any CPU.ActiveCfg = Debug|x86
		{1671D684-870F-488B-B530-1D7780ABB496}..Net 2.0|Any CPU.Build.0 = Debug|x86
		{1671D684-870F-488B-B530-1D7780ABB496}..Net 2.0|Mixed Platforms.ActiveCfg = Debug|x86
		{1671D684-870F-488B-B530-1D7780ABB496}..Net 2.0|Mixed Platforms.Build.0 = Debug|x86
		{1671D684-870F-488B-B530-1D7780ABB496}..Net 2.0|x86.ActiveCfg = Debug|x86
		{1671D684-870F-488B-B530-1D7780ABB496}..Net 2.0|x86.Build.0 = Debug|x86
		{1671D684-870F-488B-B530-1D7780ABB496}.Debug|Any CPU.ActiveCfg = Debug|x86
		{1671D684-870F-488B-B530-1D7780ABB496}.Debug|Any CPU.Build.0 = Debug|x86
		{1671D684-870F-488B-B530-1D7780ABB496}.Debug|Mixed Platforms.ActiveCfg = Debug|x86
		{1671D684-870F-488B-B530-1D7780ABB496}.Debug|Mixed Platforms.Build.0 = Debug|x86
		{1671D684-870F-488B-B530-1D7780ABB496}.Debug|x86.ActiveCfg = Debug|x86
		{1671D684-870F-488B-B530-1D7780ABB496}.Debug|x86.Build.0 = Debug|x86
		{1671D684-870F-488B-B530-1D7780ABB496}.Release|Any CPU.ActiveCfg = Release|x86
		{1671D684-870F-488B-B530-1D7780ABB496}.Release|Any CPU.Build.0 = Release|x86
		{1671D684-870F-488B-B530-1D7780ABB496}.Release|Mixed Platforms.ActiveCfg = Release|x86
		{1671D684-870F-488B-B530-1D7780ABB496}.Release|Mixed Platforms.Build.0 = Release|x86
		{1671D684-870F-488B-B530-1D7780ABB496}.Release|x86.ActiveCfg = Release|x86
		{1671D684-870F-488B-B530-1D7780ABB496}.Release|x86.Build.0 = Release|x86
		{114E0E8B-8A6C-4AB8-B6CB-3CD8CECA86CD}..Net 2.0|Any CPU.ActiveCfg = Debug|x86
		{114E0E8B-8A6C-4AB8-B6CB-3CD8CECA86CD}..Net 2.0|Any CPU.Build.0 = Debug|x86
		{114E0E8B-8A6C-4AB8-B6CB-3CD8CECA86CD}..Net 2.0|Mixed Platforms.ActiveCfg = Debug|x86
		{114E0E8B-8A6C-4AB8-B6CB-3CD8CECA86CD}..Net 2.0|Mixed Platforms.Build.0 = Debug|x86
		{114E0E8B-8A6C-4AB8-B6CB-3CD8CECA86CD}..Net 2.0|x86.ActiveCfg = Debug|x86
		{114E0E8B-8A6C-4AB8-B6CB-3CD8CECA86CD}..Net 2.0|x86.Build.0 = Debug|x86
		{114E0E8B-8A6C-4AB8-B6CB-3CD8CECA86CD}.Debug|Any CPU.ActiveCfg = Debug|x86
		{114E0E8B-8A6C-4AB8-B6CB-3CD8CECA86CD}.Debug|Any CPU.Build.0 = Debug|x86
		{114E0E8B-8A6C-4AB8-B6CB-3CD8CECA86CD}.Debug|Mixed Platforms.ActiveCfg = Debug|x86
		{114E0E8B-8A6C-4AB8-B6CB-3CD8CECA86CD}.Debug|Mixed Platforms.Build.0 = Debug|x86
		{114E0E8B-8A6C-4AB8-B6CB-3CD8CECA86CD}.Debug|x86.ActiveCfg = Debug|x86
		{114E0E8B-8A6C-4AB8-B6CB-3CD8CECA86CD}.Debug|x86.Build.0 = Debug|x86
		{114E0E8B-8A6C-4AB8-B6CB-3CD8CECA86CD}.Release|Any CPU.ActiveCfg = Release|x86
		{114E0E8B-8A6C-4AB8-B6CB-3CD8CECA86CD}.Release|Any CPU.Build.0 = Release|x86
		{114E0E8B-8A6C-4AB8-B6CB-3CD8CECA86CD}.Release|Mixed Platforms.ActiveCfg = Release|x86
		{114E0E8B-8A6C-4AB8-B6CB-3CD8CECA86CD}.Release|Mixed Platforms.Build.0 = Release|x86
		{114E0E8B-8A6C-4AB8-B6CB-3CD8CECA86CD}.Release|x86.ActiveCfg = Release|x86
		{114E0E8B-8A6C-4AB8-B6CB-3CD8CECA86CD}.Release|x86.Build.0 = Release|x86
		{017E794B-C1A9-4F87-A74B-AC219CB2DE22}..Net 2.0|Any CPU.ActiveCfg = Debug|x86
		{017E794B-C1A9-4F87-A74B-AC219CB2DE22}..Net 2.0|Any CPU.Build.0 = Debug|x86
		{017E794B-C1A9-4F87-A74B-AC219CB2DE22}..Net 2.0|Mixed Platforms.ActiveCfg = Debug|x86
		{017E794B-C1A9-4F87-A74B-AC219CB2DE22}..Net 2.0|Mixed Platforms.Build.0 = Debug|x86
		{017E794B-C1A9-4F87-A74B-AC219CB2DE22}..Net 2.0|x86.ActiveCfg = Debug|x86
		{017E794B-C1A9-4F87-A74B-AC219CB2DE22}..Net 2.0|x86.Build.0 = Debug|x86
		{017E794B-C1A9-4F87-A74B-AC219CB2DE22}.Debug|Any CPU.ActiveCfg = Debug|x86
		{017E794B-C1A9-4F87-A74B-AC219CB2DE22}.Debug|Any CPU.Build.0 = Debug|x86
		{017E794B-C1A9-4F87-A74B-AC219CB2DE22}.Debug|Mixed Platforms.ActiveCfg = Debug|x86
		{017E794B-C1A9-4F87-A74B-AC219CB2DE22}.Debug|Mixed Platforms.Build.0 = Debug|x86
		{017E794B-C1A9-4F87-A74B-AC219CB2DE22}.Debug|x86.ActiveCfg = Debug|x86
		{017E794B-C1A9-4F87-A74B-AC219CB2DE22}.Debug|x86.Build.0 = Debug|x86
		{017E794B-C1A9-4F87-A74B-AC219CB2DE22}.Release|Any CPU.ActiveCfg = Release|x86
		{017E794B-C1A9-4F87-A74B-AC219CB2DE22}.Release|Any CPU.Build.0 = Release|x86
		{017E794B-C1A9-4F87-A74B-AC219CB2DE22}.Release|Mixed Platforms.ActiveCfg = Release|x86
		{017E794B-C1A9-4F87-A74B-AC219CB2DE22}.Release|Mixed Platforms.Build.0 = Release|x86
		{017E794B-C1A9-4F87-A74B-AC219CB2DE22}.Release|x86.ActiveCfg = Release|x86
		{017E794B-C1A9-4F87-A74B-AC219CB2DE22}.Release|x86.Build.0 = Release|x86
		{0E0705A3-789A-4D95-9293-C605171AF53C}..Net 2.0|Any CPU.ActiveCfg = Debug|x86
		{0E0705A3-789A-4D95-9293-C605171AF53C}..Net 2.0|Any CPU.Build.0 = Debug|x86
		{0E0705A3-789A-4D95-9293-C605171AF53C}..Net 2.0|Mixed Platforms.ActiveCfg = Debug|x86
		{0E0705A3-789A-4D95-9293-C605171AF53C}..Net 2.0|Mixed Platforms.Build.0 = Debug|x86
		{0E0705A3-789A-4D95-9293-C605171AF53C}..Net 2.0|x86.ActiveCfg = Debug|x86
		{0E0705A3-789A-4D95-9293-C605171AF53C}..Net 2.0|x86.Build.0 = Debug|x86
		{0E0705A3-789A-4D95-9293-C605171AF53C}.Debug|Any CPU.ActiveCfg = Debug|x86
		{0E0705A3-789A-4D95-9293-C605171AF53C}.Debug|Any CPU.Build.0 = Debug|x86
		{0E0705A3-789A-4D95-9293-C605171AF53C}.Debug|Mixed Platforms.ActiveCfg = Debug|x86
		{0E0705A3-789A-4D95-9293-C605171AF53C}.Debug|Mixed Platforms.Build.0 = Debug|x86
		{0E0705A3-789A-4D95-9293-C605171AF53C}.Debug|x86.ActiveCfg = Debug|x86
		{0E0705A3-789A-4D95-9293-C605171AF53C}.Debug|x86.Build.0 = Debug|x86
		{0E0705A3-789A-4D95-9293-C605171AF53C}.Release|Any CPU.ActiveCfg = Release|x86
		{0E0705A3-789A-4D95-9293-C605171AF53C}.Release|Any CPU.Build.0 = Release|x86
		{0E0705A3-789A-4D95-9293-C605171AF53C}.Release|Mixed Platforms.ActiveCfg = Release|x86
		{0E0705A3-789A-4D95-9293-C605171AF53C}.Release|Mixed Platforms.Build.0 = Release|x86
		{0E0705A3-789A-4D95-9293-C605171AF53C}.Release|x86.ActiveCfg = Release|x86
		{0E0705A3-789A-4D95-9293-C605171AF53C}.Release|x86.Build.0 = Release|x86
		{ED0CA2E7-8790-4A29-86E9-7BC854C981D8}..Net 2.0|Any CPU.ActiveCfg = Debug|x86
		{ED0CA2E7-8790-4A29-86E9-7BC854C981D8}..Net 2.0|Any CPU.Build.0 = Debug|x86
		{ED0CA2E7-8790-4A29-86E9-7BC854C981D8}..Net 2.0|Mixed Platforms.ActiveCfg = Debug|x86
		{ED0CA2E7-8790-4A29-86E9-7BC854C981D8}..Net 2.0|Mixed Platforms.Build.0 = Debug|x86
		{ED0CA2E7-8790-4A29-86E9-7BC854C981D8}..Net 2.0|x86.ActiveCfg = Debug|x86
		{ED0CA2E7-8790-4A29-86E9-7BC854C981D8}..Net 2.0|x86.Build.0 = Debug|x86
		{ED0CA2E7-8790-4A29-86E9-7BC854C981D8}.Debug|Any CPU.ActiveCfg = Debug|x86
		{ED0CA2E7-8790-4A29-86E9-7BC854C981D8}.Debug|Any CPU.Build.0 = Debug|x86
		{ED0CA2E7-8790-4A29-86E9-7BC854C981D8}.Debug|Mixed Platforms.ActiveCfg = Debug|x86
		{ED0CA2E7-8790-4A29-86E9-7BC854C981D8}.Debug|Mixed Platforms.Build.0 = Debug|x86
		{ED0CA2E7-8790-4A29-86E9-7BC854C981D8}.Debug|x86.ActiveCfg = Debug|x86
		{ED0CA2E7-8790-4A29-86E9-7BC854C981D8}.Debug|x86.Build.0 = Debug|x86
		{ED0CA2E7-8790-4A29-86E9-7BC854C981D8}.Release|Any CPU.ActiveCfg = Release|x86
		{ED0CA2E7-8790-4A29-86E9-7BC854C981D8}.Release|Any CPU.Build.0 = Release|x86
		{ED0CA2E7-8790-4A29-86E9-7BC854C981D8}.Release|Mixed Platforms.ActiveCfg = Release|x86
		{ED0CA2E7-8790-4A29-86E9-7BC854C981D8}.Release|Mixed Platforms.Build.0 = Release|x86
		{ED0CA2E7-8790-4A29-86E9-7BC854C981D8}.Release|x86.ActiveCfg = Release|x86
		{ED0CA2E7-8790-4A29-86E9-7BC854C981D8}.Release|x86.Build.0 = Release|x86
		{2CC9DC3D-DF15-491F-86F0-2D3EA819B1B3}..Net 2.0|Any CPU.ActiveCfg = Debug|x86
		{2CC9DC3D-DF15-491F-86F0-2D3EA819B1B3}..Net 2.0|Any CPU.Build.0 = Debug|x86
		{2CC9DC3D-DF15-491F-86F0-2D3EA819B1B3}..Net 2.0|Mixed Platforms.ActiveCfg = Debug|x86
		{2CC9DC3D-DF15-491F-86F0-2D3EA819B1B3}..Net 2.0|Mixed Platforms.Build.0 = Debug|x86
		{2CC9DC3D-DF15-491F-86F0-2D3EA819B1B3}..Net 2.0|x86.ActiveCfg = Debug|x86
		{2CC9DC3D-DF15-491F-86F0-2D3EA819B1B3}..Net 2.0|x86.Build.0 = Debug|x86
		{2CC9DC3D-DF15-491F-86F0-2D3EA819B1B3}.Debug|Any CPU.ActiveCfg = Debug|x86
		{2CC9DC3D-DF15-491F-86F0-2D3EA819B1B3}.Debug|Any CPU.Build.0 = Debug|x86
		{2CC9DC3D-DF15-491F-86F0-2D3EA819B1B3}.Debug|Mixed Platforms.ActiveCfg = Debug|x86
		{2CC9DC3D-DF15-491F-86F0-2D3EA819B1B3}.Debug|Mixed Platforms.Build.0 = Debug|x86
		{2CC9DC3D-DF15-491F-86F0-2D3EA819B1B3}.Debug|x86.ActiveCfg = Debug|x86
		{2CC9DC3D-DF15-491F-86F0-2D3EA819B1B3}.Debug|x86.Build.0 = Debug|x86
		{2CC9DC3D-DF15-491F-86F0-2D3EA819B1B3}.Release|Any CPU.ActiveCfg = Release|x86
		{2CC9DC3D-DF15-491F-86F0-2D3EA819B1B3}.Release|Any CPU.Build.0 = Release|x86
		{2CC9DC3D-DF15-491F-86F0-2D3EA819B1B3}.Release|Mixed Platforms.ActiveCfg = Release|x86
		{2CC9DC3D-DF15-491F-86F0-2D3EA819B1B3}.Release|Mixed Platforms.Build.0 = Release|x86
		{2CC9DC3D-DF15-491F-86F0-2D3EA819B1B3}.Release|x86.ActiveCfg = Release|x86
		{2CC9DC3D-DF15-491F-86F0-2D3EA819B1B3}.Release|x86.Build.0 = Release|x86
		{AEDEB12E-4CEC-4D46-8B95-28D0894B3676}..Net 2.0|Any CPU.ActiveCfg = Debug|x86
		{AEDEB12E-4CEC-4D46-8B95-28D0894B3676}..Net 2.0|Any CPU.Build.0 = Debug|x86
		{AEDEB12E-4CEC-4D46-8B95-28D0894B3676}..Net 2.0|Mixed Platforms.ActiveCfg = Debug|x86
		{AEDEB12E-4CEC-4D46-8B95-28D0894B3676}..Net 2.0|Mixed Platforms.Build.0 = Debug|x86
		{AEDEB12E-4CEC-4D46-8B95-28D0894B3676}..Net 2.0|x86.ActiveCfg = Debug|x86
		{AEDEB12E-4CEC-4D46-8B95-28D0894B3676}..Net 2.0|x86.Build.0 = Debug|x86
		{AEDEB12E-4CEC-4D46-8B95-28D0894B3676}.Debug|Any CPU.ActiveCfg = Debug|x86
		{AEDEB12E-4CEC-4D46-8B95-28D0894B3676}.Debug|Any CPU.Build.0 = Debug|x86
		{AEDEB12E-4CEC-4D46-8B95-28D0894B3676}.Debug|Mixed Platforms.ActiveCfg = Debug|x86
		{AEDEB12E-4CEC-4D46-8B95-28D0894B3676}.Debug|Mixed Platforms.Build.0 = Debug|x86
		{AEDEB12E-4CEC-4D46-8B95-28D0894B3676}.Debug|x86.ActiveCfg = Debug|x86
		{AEDEB12E-4CEC-4D46-8B95-28D0894B3676}.Debug|x86.Build.0 = Debug|x86
		{AEDEB12E-4CEC-4D46-8B95-28D0894B3676}.Release|Any CPU.ActiveCfg = Release|x86
		{AEDEB12E-4CEC-4D46-8B95-28D0894B3676}.Release|Any CPU.Build.0 = Release|x86
		{AEDEB12E-4CEC-4D46-8B95-28D0894B3676}.Release|Mixed Platforms.ActiveCfg = Release|x86
		{AEDEB12E-4CEC-4D46-8B95-28D0894B3676}.Release|Mixed Platforms.Build.0 = Release|x86
		{AEDEB12E-4CEC-4D46-8B95-28D0894B3676}.Release|x86.ActiveCfg = Release|x86
		{AEDEB12E-4CEC-4D46-8B95-28D0894B3676}.Release|x86.Build.0 = Release|x86
		{2CC840F2-66B2-487F-8F3C-7649FD510D3A}..Net 2.0|Any CPU.ActiveCfg = Debug|x86
		{2CC840F2-66B2-487F-8F3C-7649FD510D3A}..Net 2.0|Any CPU.Build.0 = Debug|x86
		{2CC840F2-66B2-487F-8F3C-7649FD510D3A}..Net 2.0|Mixed Platforms.ActiveCfg = Debug|x86
		{2CC840F2-66B2-487F-8F3C-7649FD510D3A}..Net 2.0|Mixed Platforms.Build.0 = Debug|x86
		{2CC840F2-66B2-487F-8F3C-7649FD510D3A}..Net 2.0|x86.ActiveCfg = Debug|x86
		{2CC840F2-66B2-487F-8F3C-7649FD510D3A}..Net 2.0|x86.Build.0 = Debug|x86
		{2CC840F2-66B2-487F-8F3C-7649FD510D3A}.Debug|Any CPU.ActiveCfg = Debug|x86
		{2CC840F2-66B2-487F-8F3C-7649FD510D3A}.Debug|Any CPU.Build.0 = Debug|x86
		{2CC840F2-66B2-487F-8F3C-7649FD510D3A}.Debug|Mixed Platforms.ActiveCfg = Debug|x86
		{2CC840F2-66B2-487F-8F3C-7649FD510D3A}.Debug|Mixed Platforms.Build.0 = Debug|x86
		{2CC840F2-66B2-487F-8F3C-7649FD510D3A}.Debug|x86.ActiveCfg = Debug|x86
		{2CC840F2-66B2-487F-8F3C-7649FD510D3A}.Debug|x86.Build.0 = Debug|x86
		{2CC840F2-66B2-487F-8F3C-7649FD510D3A}.Release|Any CPU.ActiveCfg = Release|x86
		{2CC840F2-66B2-487F-8F3C-7649FD510D3A}.Release|Any CPU.Build.0 = Release|x86
		{2CC840F2-66B2-487F-8F3C-7649FD510D3A}.Release|Mixed Platforms.ActiveCfg = Release|x86
		{2CC840F2-66B2-487F-8F3C-7649FD510D3A}.Release|Mixed Platforms.Build.0 = Release|x86
		{2CC840F2-66B2-487F-8F3C-7649FD510D3A}.Release|x86.ActiveCfg = Release|x86
		{2CC840F2-66B2-487F-8F3C-7649FD510D3A}.Release|x86.Build.0 = Release|x86
		{8DFAC2E4-1997-4300-B370-FC99550B8B70}..Net 2.0|Any CPU.ActiveCfg = Debug|x86
		{8DFAC2E4-1997-4300-B370-FC99550B8B70}..Net 2.0|Any CPU.Build.0 = Debug|x86
		{8DFAC2E4-1997-4300-B370-FC99550B8B70}..Net 2.0|Mixed Platforms.ActiveCfg = Debug|x86
		{8DFAC2E4-1997-4300-B370-FC99550B8B70}..Net 2.0|Mixed Platforms.Build.0 = Debug|x86
		{8DFAC2E4-1997-4300-B370-FC99550B8B70}..Net 2.0|x86.ActiveCfg = Debug|x86
		{8DFAC2E4-1997-4300-B370-FC99550B8B70}..Net 2.0|x86.Build.0 = Debug|x86
		{8DFAC2E4-1997-4300-B370-FC99550B8B70}.Debug|Any CPU.ActiveCfg = Debug|x86
		{8DFAC2E4-1997-4300-B370-FC99550B8B70}.Debug|Any CPU.Build.0 = Debug|x86
		{8DFAC2E4-1997-4300-B370-FC99550B8B70}.Debug|Mixed Platforms.ActiveCfg = Debug|x86
		{8DFAC2E4-1997-4300-B370-FC99550B8B70}.Debug|Mixed Platforms.Build.0 = Debug|x86
		{8DFAC2E4-1997-4300-B370-FC99550B8B70}.Debug|x86.ActiveCfg = Debug|x86
		{8DFAC2E4-1997-4300-B370-FC99550B8B70}.Debug|x86.Build.0 = Debug|x86
		{8DFAC2E4-1997-4300-B370-FC99550B8B70}.Release|Any CPU.ActiveCfg = Release|x86
		{8DFAC2E4-1997-4300-B370-FC99550B8B70}.Release|Any CPU.Build.0 = Release|x86
		{8DFAC2E4-1997-4300-B370-FC99550B8B70}.Release|Mixed Platforms.ActiveCfg = Release|x86
		{8DFAC2E4-1997-4300-B370-FC99550B8B70}.Release|Mixed Platforms.Build.0 = Release|x86
		{8DFAC2E4-1997-4300-B370-FC99550B8B70}.Release|x86.ActiveCfg = Release|x86
		{8DFAC2E4-1997-4300-B370-FC99550B8B70}.Release|x86.Build.0 = Release|x86
		{5DCE1325-25C6-4420-89D1-98AFE69BDB7A}..Net 2.0|Any CPU.ActiveCfg = Debug|x86
		{5DCE1325-25C6-4420-89D1-98AFE69BDB7A}..Net 2.0|Any CPU.Build.0 = Debug|x86
		{5DCE1325-25C6-4420-89D1-98AFE69BDB7A}..Net 2.0|Mixed Platforms.ActiveCfg = Debug|x86
		{5DCE1325-25C6-4420-89D1-98AFE69BDB7A}..Net 2.0|Mixed Platforms.Build.0 = Debug|x86
		{5DCE1325-25C6-4420-89D1-98AFE69BDB7A}..Net 2.0|x86.ActiveCfg = Debug|x86
		{5DCE1325-25C6-4420-89D1-98AFE69BDB7A}..Net 2.0|x86.Build.0 = Debug|x86
		{5DCE1325-25C6-4420-89D1-98AFE69BDB7A}.Debug|Any CPU.ActiveCfg = Debug|x86
		{5DCE1325-25C6-4420-89D1-98AFE69BDB7A}.Debug|Any CPU.Build.0 = Debug|x86
		{5DCE1325-25C6-4420-89D1-98AFE69BDB7A}.Debug|Mixed Platforms.ActiveCfg = Debug|x86
		{5DCE1325-25C6-4420-89D1-98AFE69BDB7A}.Debug|Mixed Platforms.Build.0 = Debug|x86
		{5DCE1325-25C6-4420-89D1-98AFE69BDB7A}.Debug|x86.ActiveCfg = Debug|x86
		{5DCE1325-25C6-4420-89D1-98AFE69BDB7A}.Debug|x86.Build.0 = Debug|x86
		{5DCE1325-25C6-4420-89D1-98AFE69BDB7A}.Release|Any CPU.ActiveCfg = Release|x86
		{5DCE1325-25C6-4420-89D1-98AFE69BDB7A}.Release|Any CPU.Build.0 = Release|x86
		{5DCE1325-25C6-4420-89D1-98AFE69BDB7A}.Release|Mixed Platforms.ActiveCfg = Release|x86
		{5DCE1325-25C6-4420-89D1-98AFE69BDB7A}.Release|Mixed Platforms.Build.0 = Release|x86
		{5DCE1325-25C6-4420-89D1-98AFE69BDB7A}.Release|x86.ActiveCfg = Release|x86
		{5DCE1325-25C6-4420-89D1-98AFE69BDB7A}.Release|x86.Build.0 = Release|x86
		{C089A44B-47CC-4811-B51F-B4A2C916C0C4}..Net 2.0|Any CPU.ActiveCfg = Debug|x86
		{C089A44B-47CC-4811-B51F-B4A2C916C0C4}..Net 2.0|Any CPU.Build.0 = Debug|x86
		{C089A44B-47CC-4811-B51F-B4A2C916C0C4}..Net 2.0|Mixed Platforms.ActiveCfg = Debug|x86
		{C089A44B-47CC-4811-B51F-B4A2C916C0C4}..Net 2.0|Mixed Platforms.Build.0 = Debug|x86
		{C089A44B-47CC-4811-B51F-B4A2C916C0C4}..Net 2.0|x86.ActiveCfg = Debug|x86
		{C089A44B-47CC-4811-B51F-B4A2C916C0C4}..Net 2.0|x86.Build.0 = Debug|x86
		{C089A44B-47CC-4811-B51F-B4A2C916C0C4}.Debug|Any CPU.ActiveCfg = Debug|x86
		{C089A44B-47CC-4811-B51F-B4A2C916C0C4}.Debug|Any CPU.Build.0 = Debug|x86
		{C089A44B-47CC-4811-B51F-B4A2C916C0C4}.Debug|Mixed Platforms.ActiveCfg = Debug|x86
		{C089A44B-47CC-4811-B51F-B4A2C916C0C4}.Debug|Mixed Platforms.Build.0 = Debug|x86
		{C089A44B-47CC-4811-B51F-B4A2C916C0C4}.Debug|x86.ActiveCfg = Debug|x86
		{C089A44B-47CC-4811-B51F-B4A2C916C0C4}.Debug|x86.Build.0 = Debug|x86
		{C089A44B-47CC-4811-B51F-B4A2C916C0C4}.Release|Any CPU.ActiveCfg = Release|x86
		{C089A44B-47CC-4811-B51F-B4A2C916C0C4}.Release|Any CPU.Build.0 = Release|x86
		{C089A44B-47CC-4811-B51F-B4A2C916C0C4}.Release|Mixed Platforms.ActiveCfg = Release|x86
		{C089A44B-47CC-4811-B51F-B4A2C916C0C4}.Release|Mixed Platforms.Build.0 = Release|x86
		{C089A44B-47CC-4811-B51F-B4A2C916C0C4}.Release|x86.ActiveCfg = Release|x86
		{C089A44B-47CC-4811-B51F-B4A2C916C0C4}.Release|x86.Build.0 = Release|x86
		{B3281232-CAFF-4B4A-9F76-CD9D01C45638}..Net 2.0|Any CPU.ActiveCfg = Release|Any CPU
		{B3281232-CAFF-4B4A-9F76-CD9D01C45638}..Net 2.0|Any CPU.Build.0 = Release|Any CPU
		{B3281232-CAFF-4B4A-9F76-CD9D01C45638}..Net 2.0|Mixed Platforms.ActiveCfg = Release|Any CPU
		{B3281232-CAFF-4B4A-9F76-CD9D01C45638}..Net 2.0|Mixed Platforms.Build.0 = Release|Any CPU
		{B3281232-CAFF-4B4A-9F76-CD9D01C45638}..Net 2.0|x86.ActiveCfg = Release|Any CPU
		{B3281232-CAFF-4B4A-9F76-CD9D01C45638}.Debug|Any CPU.ActiveCfg = Debug|Any CPU
		{B3281232-CAFF-4B4A-9F76-CD9D01C45638}.Debug|Any CPU.Build.0 = Debug|Any CPU
		{B3281232-CAFF-4B4A-9F76-CD9D01C45638}.Debug|Mixed Platforms.ActiveCfg = Debug|Any CPU
		{B3281232-CAFF-4B4A-9F76-CD9D01C45638}.Debug|Mixed Platforms.Build.0 = Debug|Any CPU
		{B3281232-CAFF-4B4A-9F76-CD9D01C45638}.Debug|x86.ActiveCfg = Debug|Any CPU
		{B3281232-CAFF-4B4A-9F76-CD9D01C45638}.Release|Any CPU.ActiveCfg = Release|Any CPU
		{B3281232-CAFF-4B4A-9F76-CD9D01C45638}.Release|Any CPU.Build.0 = Release|Any CPU
		{B3281232-CAFF-4B4A-9F76-CD9D01C45638}.Release|Mixed Platforms.ActiveCfg = Release|Any CPU
		{B3281232-CAFF-4B4A-9F76-CD9D01C45638}.Release|Mixed Platforms.Build.0 = Release|Any CPU
		{B3281232-CAFF-4B4A-9F76-CD9D01C45638}.Release|x86.ActiveCfg = Release|Any CPU
		{FF030E0F-EABB-45DA-8C72-5143950E817A}..Net 2.0|Any CPU.ActiveCfg = Release|Any CPU
		{FF030E0F-EABB-45DA-8C72-5143950E817A}..Net 2.0|Any CPU.Build.0 = Release|Any CPU
		{FF030E0F-EABB-45DA-8C72-5143950E817A}..Net 2.0|Mixed Platforms.ActiveCfg = Release|Any CPU
		{FF030E0F-EABB-45DA-8C72-5143950E817A}..Net 2.0|Mixed Platforms.Build.0 = Release|Any CPU
		{FF030E0F-EABB-45DA-8C72-5143950E817A}..Net 2.0|x86.ActiveCfg = Release|Any CPU
		{FF030E0F-EABB-45DA-8C72-5143950E817A}.Debug|Any CPU.ActiveCfg = Debug|Any CPU
		{FF030E0F-EABB-45DA-8C72-5143950E817A}.Debug|Any CPU.Build.0 = Debug|Any CPU
		{FF030E0F-EABB-45DA-8C72-5143950E817A}.Debug|Mixed Platforms.ActiveCfg = Debug|Any CPU
		{FF030E0F-EABB-45DA-8C72-5143950E817A}.Debug|Mixed Platforms.Build.0 = Debug|Any CPU
		{FF030E0F-EABB-45DA-8C72-5143950E817A}.Debug|x86.ActiveCfg = Debug|Any CPU
		{FF030E0F-EABB-45DA-8C72-5143950E817A}.Release|Any CPU.ActiveCfg = Release|Any CPU
		{FF030E0F-EABB-45DA-8C72-5143950E817A}.Release|Any CPU.Build.0 = Release|Any CPU
		{FF030E0F-EABB-45DA-8C72-5143950E817A}.Release|Mixed Platforms.ActiveCfg = Release|Any CPU
		{FF030E0F-EABB-45DA-8C72-5143950E817A}.Release|Mixed Platforms.Build.0 = Release|Any CPU
		{FF030E0F-EABB-45DA-8C72-5143950E817A}.Release|x86.ActiveCfg = Release|Any CPU
		{6A1CAF3C-129B-4069-980D-6795FDEDA6CF}..Net 2.0|Any CPU.ActiveCfg = Release|Any CPU
		{6A1CAF3C-129B-4069-980D-6795FDEDA6CF}..Net 2.0|Any CPU.Build.0 = Release|Any CPU
		{6A1CAF3C-129B-4069-980D-6795FDEDA6CF}..Net 2.0|Mixed Platforms.ActiveCfg = Release|Any CPU
		{6A1CAF3C-129B-4069-980D-6795FDEDA6CF}..Net 2.0|Mixed Platforms.Build.0 = Release|Any CPU
		{6A1CAF3C-129B-4069-980D-6795FDEDA6CF}..Net 2.0|x86.ActiveCfg = Release|Any CPU
		{6A1CAF3C-129B-4069-980D-6795FDEDA6CF}.Debug|Any CPU.ActiveCfg = Debug|Any CPU
		{6A1CAF3C-129B-4069-980D-6795FDEDA6CF}.Debug|Any CPU.Build.0 = Debug|Any CPU
		{6A1CAF3C-129B-4069-980D-6795FDEDA6CF}.Debug|Mixed Platforms.ActiveCfg = Debug|Any CPU
		{6A1CAF3C-129B-4069-980D-6795FDEDA6CF}.Debug|Mixed Platforms.Build.0 = Debug|Any CPU
		{6A1CAF3C-129B-4069-980D-6795FDEDA6CF}.Debug|x86.ActiveCfg = Debug|Any CPU
		{6A1CAF3C-129B-4069-980D-6795FDEDA6CF}.Release|Any CPU.ActiveCfg = Release|Any CPU
		{6A1CAF3C-129B-4069-980D-6795FDEDA6CF}.Release|Any CPU.Build.0 = Release|Any CPU
		{6A1CAF3C-129B-4069-980D-6795FDEDA6CF}.Release|Mixed Platforms.ActiveCfg = Release|Any CPU
		{6A1CAF3C-129B-4069-980D-6795FDEDA6CF}.Release|Mixed Platforms.Build.0 = Release|Any CPU
		{6A1CAF3C-129B-4069-980D-6795FDEDA6CF}.Release|x86.ActiveCfg = Release|Any CPU
		{3D6FD074-B626-46AA-A49F-F03D2A76BE01}..Net 2.0|Any CPU.ActiveCfg = Release|Any CPU
		{3D6FD074-B626-46AA-A49F-F03D2A76BE01}..Net 2.0|Any CPU.Build.0 = Release|Any CPU
		{3D6FD074-B626-46AA-A49F-F03D2A76BE01}..Net 2.0|Mixed Platforms.ActiveCfg = Release|Any CPU
		{3D6FD074-B626-46AA-A49F-F03D2A76BE01}..Net 2.0|Mixed Platforms.Build.0 = Release|Any CPU
		{3D6FD074-B626-46AA-A49F-F03D2A76BE01}..Net 2.0|x86.ActiveCfg = Release|Any CPU
		{3D6FD074-B626-46AA-A49F-F03D2A76BE01}.Debug|Any CPU.ActiveCfg = Debug|Any CPU
		{3D6FD074-B626-46AA-A49F-F03D2A76BE01}.Debug|Any CPU.Build.0 = Debug|Any CPU
		{3D6FD074-B626-46AA-A49F-F03D2A76BE01}.Debug|Mixed Platforms.ActiveCfg = Debug|Any CPU
		{3D6FD074-B626-46AA-A49F-F03D2A76BE01}.Debug|Mixed Platforms.Build.0 = Debug|Any CPU
		{3D6FD074-B626-46AA-A49F-F03D2A76BE01}.Debug|x86.ActiveCfg = Debug|Any CPU
		{3D6FD074-B626-46AA-A49F-F03D2A76BE01}.Release|Any CPU.ActiveCfg = Release|Any CPU
		{3D6FD074-B626-46AA-A49F-F03D2A76BE01}.Release|Any CPU.Build.0 = Release|Any CPU
		{3D6FD074-B626-46AA-A49F-F03D2A76BE01}.Release|Mixed Platforms.ActiveCfg = Release|Any CPU
		{3D6FD074-B626-46AA-A49F-F03D2A76BE01}.Release|Mixed Platforms.Build.0 = Release|Any CPU
		{3D6FD074-B626-46AA-A49F-F03D2A76BE01}.Release|x86.ActiveCfg = Release|Any CPU
		{2D82EE3E-9DB3-4FB4-A023-2EF619BC5879}..Net 2.0|Any CPU.ActiveCfg = Release|x86
		{2D82EE3E-9DB3-4FB4-A023-2EF619BC5879}..Net 2.0|Mixed Platforms.ActiveCfg = Release|x86
		{2D82EE3E-9DB3-4FB4-A023-2EF619BC5879}..Net 2.0|Mixed Platforms.Build.0 = Release|x86
		{2D82EE3E-9DB3-4FB4-A023-2EF619BC5879}..Net 2.0|x86.ActiveCfg = Release|x86
		{2D82EE3E-9DB3-4FB4-A023-2EF619BC5879}..Net 2.0|x86.Build.0 = Release|x86
		{2D82EE3E-9DB3-4FB4-A023-2EF619BC5879}.Debug|Any CPU.ActiveCfg = Debug|x86
		{2D82EE3E-9DB3-4FB4-A023-2EF619BC5879}.Debug|Mixed Platforms.ActiveCfg = Debug|x86
		{2D82EE3E-9DB3-4FB4-A023-2EF619BC5879}.Debug|Mixed Platforms.Build.0 = Debug|x86
		{2D82EE3E-9DB3-4FB4-A023-2EF619BC5879}.Debug|x86.ActiveCfg = Debug|x86
		{2D82EE3E-9DB3-4FB4-A023-2EF619BC5879}.Debug|x86.Build.0 = Debug|x86
		{2D82EE3E-9DB3-4FB4-A023-2EF619BC5879}.Release|Any CPU.ActiveCfg = Release|x86
		{2D82EE3E-9DB3-4FB4-A023-2EF619BC5879}.Release|Mixed Platforms.ActiveCfg = Release|x86
		{2D82EE3E-9DB3-4FB4-A023-2EF619BC5879}.Release|Mixed Platforms.Build.0 = Release|x86
		{2D82EE3E-9DB3-4FB4-A023-2EF619BC5879}.Release|x86.ActiveCfg = Release|x86
		{2D82EE3E-9DB3-4FB4-A023-2EF619BC5879}.Release|x86.Build.0 = Release|x86
		{CC9B7BD4-5754-4056-A914-9B339C72F48C}..Net 2.0|Any CPU.ActiveCfg = Release|x86
		{CC9B7BD4-5754-4056-A914-9B339C72F48C}..Net 2.0|Mixed Platforms.ActiveCfg = Release|x86
		{CC9B7BD4-5754-4056-A914-9B339C72F48C}..Net 2.0|Mixed Platforms.Build.0 = Release|x86
		{CC9B7BD4-5754-4056-A914-9B339C72F48C}..Net 2.0|x86.ActiveCfg = Release|x86
		{CC9B7BD4-5754-4056-A914-9B339C72F48C}..Net 2.0|x86.Build.0 = Release|x86
		{CC9B7BD4-5754-4056-A914-9B339C72F48C}.Debug|Any CPU.ActiveCfg = Debug|x86
		{CC9B7BD4-5754-4056-A914-9B339C72F48C}.Debug|Mixed Platforms.ActiveCfg = Debug|x86
		{CC9B7BD4-5754-4056-A914-9B339C72F48C}.Debug|Mixed Platforms.Build.0 = Debug|x86
		{CC9B7BD4-5754-4056-A914-9B339C72F48C}.Debug|x86.ActiveCfg = Debug|x86
		{CC9B7BD4-5754-4056-A914-9B339C72F48C}.Debug|x86.Build.0 = Debug|x86
		{CC9B7BD4-5754-4056-A914-9B339C72F48C}.Release|Any CPU.ActiveCfg = Release|x86
		{CC9B7BD4-5754-4056-A914-9B339C72F48C}.Release|Mixed Platforms.ActiveCfg = Release|x86
		{CC9B7BD4-5754-4056-A914-9B339C72F48C}.Release|Mixed Platforms.Build.0 = Release|x86
		{CC9B7BD4-5754-4056-A914-9B339C72F48C}.Release|x86.ActiveCfg = Release|x86
		{CC9B7BD4-5754-4056-A914-9B339C72F48C}.Release|x86.Build.0 = Release|x86
		{90E1C20D-9B79-4044-9AA4-C329EBAFAF56}..Net 2.0|Any CPU.ActiveCfg = Release|x86
		{90E1C20D-9B79-4044-9AA4-C329EBAFAF56}..Net 2.0|Mixed Platforms.ActiveCfg = Release|x86
		{90E1C20D-9B79-4044-9AA4-C329EBAFAF56}..Net 2.0|Mixed Platforms.Build.0 = Release|x86
		{90E1C20D-9B79-4044-9AA4-C329EBAFAF56}..Net 2.0|x86.ActiveCfg = Release|x86
		{90E1C20D-9B79-4044-9AA4-C329EBAFAF56}..Net 2.0|x86.Build.0 = Release|x86
		{90E1C20D-9B79-4044-9AA4-C329EBAFAF56}.Debug|Any CPU.ActiveCfg = Debug|x86
		{90E1C20D-9B79-4044-9AA4-C329EBAFAF56}.Debug|Mixed Platforms.ActiveCfg = Debug|x86
		{90E1C20D-9B79-4044-9AA4-C329EBAFAF56}.Debug|Mixed Platforms.Build.0 = Debug|x86
		{90E1C20D-9B79-4044-9AA4-C329EBAFAF56}.Debug|x86.ActiveCfg = Debug|x86
		{90E1C20D-9B79-4044-9AA4-C329EBAFAF56}.Debug|x86.Build.0 = Debug|x86
		{90E1C20D-9B79-4044-9AA4-C329EBAFAF56}.Release|Any CPU.ActiveCfg = Release|x86
		{90E1C20D-9B79-4044-9AA4-C329EBAFAF56}.Release|Mixed Platforms.ActiveCfg = Release|x86
		{90E1C20D-9B79-4044-9AA4-C329EBAFAF56}.Release|Mixed Platforms.Build.0 = Release|x86
		{90E1C20D-9B79-4044-9AA4-C329EBAFAF56}.Release|x86.ActiveCfg = Release|x86
		{90E1C20D-9B79-4044-9AA4-C329EBAFAF56}.Release|x86.Build.0 = Release|x86
		{291B857F-8057-4111-811C-5D5B0FF3EE27}..Net 2.0|Any CPU.ActiveCfg = Release|x86
		{291B857F-8057-4111-811C-5D5B0FF3EE27}..Net 2.0|Mixed Platforms.ActiveCfg = Release|x86
		{291B857F-8057-4111-811C-5D5B0FF3EE27}..Net 2.0|Mixed Platforms.Build.0 = Release|x86
		{291B857F-8057-4111-811C-5D5B0FF3EE27}..Net 2.0|x86.ActiveCfg = Release|x86
		{291B857F-8057-4111-811C-5D5B0FF3EE27}..Net 2.0|x86.Build.0 = Release|x86
		{291B857F-8057-4111-811C-5D5B0FF3EE27}.Debug|Any CPU.ActiveCfg = Debug|x86
		{291B857F-8057-4111-811C-5D5B0FF3EE27}.Debug|Mixed Platforms.ActiveCfg = Debug|x86
		{291B857F-8057-4111-811C-5D5B0FF3EE27}.Debug|Mixed Platforms.Build.0 = Debug|x86
		{291B857F-8057-4111-811C-5D5B0FF3EE27}.Debug|x86.ActiveCfg = Debug|x86
		{291B857F-8057-4111-811C-5D5B0FF3EE27}.Debug|x86.Build.0 = Debug|x86
		{291B857F-8057-4111-811C-5D5B0FF3EE27}.Release|Any CPU.ActiveCfg = Release|x86
		{291B857F-8057-4111-811C-5D5B0FF3EE27}.Release|Mixed Platforms.ActiveCfg = Release|x86
		{291B857F-8057-4111-811C-5D5B0FF3EE27}.Release|Mixed Platforms.Build.0 = Release|x86
		{291B857F-8057-4111-811C-5D5B0FF3EE27}.Release|x86.ActiveCfg = Release|x86
		{291B857F-8057-4111-811C-5D5B0FF3EE27}.Release|x86.Build.0 = Release|x86
		{2E9388B7-B8F7-47F0-87A2-BC095EE8CC18}..Net 2.0|Any CPU.ActiveCfg = Release|x86
		{2E9388B7-B8F7-47F0-87A2-BC095EE8CC18}..Net 2.0|Mixed Platforms.ActiveCfg = Release|x86
		{2E9388B7-B8F7-47F0-87A2-BC095EE8CC18}..Net 2.0|Mixed Platforms.Build.0 = Release|x86
		{2E9388B7-B8F7-47F0-87A2-BC095EE8CC18}..Net 2.0|x86.ActiveCfg = Release|x86
		{2E9388B7-B8F7-47F0-87A2-BC095EE8CC18}..Net 2.0|x86.Build.0 = Release|x86
		{2E9388B7-B8F7-47F0-87A2-BC095EE8CC18}.Debug|Any CPU.ActiveCfg = Debug|x86
		{2E9388B7-B8F7-47F0-87A2-BC095EE8CC18}.Debug|Mixed Platforms.ActiveCfg = Debug|x86
		{2E9388B7-B8F7-47F0-87A2-BC095EE8CC18}.Debug|Mixed Platforms.Build.0 = Debug|x86
		{2E9388B7-B8F7-47F0-87A2-BC095EE8CC18}.Debug|x86.ActiveCfg = Debug|x86
		{2E9388B7-B8F7-47F0-87A2-BC095EE8CC18}.Debug|x86.Build.0 = Debug|x86
		{2E9388B7-B8F7-47F0-87A2-BC095EE8CC18}.Release|Any CPU.ActiveCfg = Release|x86
		{2E9388B7-B8F7-47F0-87A2-BC095EE8CC18}.Release|Mixed Platforms.ActiveCfg = Release|x86
		{2E9388B7-B8F7-47F0-87A2-BC095EE8CC18}.Release|Mixed Platforms.Build.0 = Release|x86
		{2E9388B7-B8F7-47F0-87A2-BC095EE8CC18}.Release|x86.ActiveCfg = Release|x86
		{2E9388B7-B8F7-47F0-87A2-BC095EE8CC18}.Release|x86.Build.0 = Release|x86
		{6F7CC091-B43F-439F-85DE-BFFBA6D9C4CA}..Net 2.0|Any CPU.ActiveCfg = Release|x86
		{6F7CC091-B43F-439F-85DE-BFFBA6D9C4CA}..Net 2.0|Mixed Platforms.ActiveCfg = Release|x86
		{6F7CC091-B43F-439F-85DE-BFFBA6D9C4CA}..Net 2.0|Mixed Platforms.Build.0 = Release|x86
		{6F7CC091-B43F-439F-85DE-BFFBA6D9C4CA}..Net 2.0|x86.ActiveCfg = Release|x86
		{6F7CC091-B43F-439F-85DE-BFFBA6D9C4CA}..Net 2.0|x86.Build.0 = Release|x86
		{6F7CC091-B43F-439F-85DE-BFFBA6D9C4CA}.Debug|Any CPU.ActiveCfg = Debug|x86
		{6F7CC091-B43F-439F-85DE-BFFBA6D9C4CA}.Debug|Mixed Platforms.ActiveCfg = Debug|x86
		{6F7CC091-B43F-439F-85DE-BFFBA6D9C4CA}.Debug|Mixed Platforms.Build.0 = Debug|x86
		{6F7CC091-B43F-439F-85DE-BFFBA6D9C4CA}.Debug|x86.ActiveCfg = Debug|x86
		{6F7CC091-B43F-439F-85DE-BFFBA6D9C4CA}.Debug|x86.Build.0 = Debug|x86
		{6F7CC091-B43F-439F-85DE-BFFBA6D9C4CA}.Release|Any CPU.ActiveCfg = Release|x86
		{6F7CC091-B43F-439F-85DE-BFFBA6D9C4CA}.Release|Mixed Platforms.ActiveCfg = Release|x86
		{6F7CC091-B43F-439F-85DE-BFFBA6D9C4CA}.Release|Mixed Platforms.Build.0 = Release|x86
		{6F7CC091-B43F-439F-85DE-BFFBA6D9C4CA}.Release|x86.ActiveCfg = Release|x86
		{6F7CC091-B43F-439F-85DE-BFFBA6D9C4CA}.Release|x86.Build.0 = Release|x86
		{0D579E53-D0E0-4B83-BE38-FD306DA309DD}..Net 2.0|Any CPU.ActiveCfg = Release|x86
		{0D579E53-D0E0-4B83-BE38-FD306DA309DD}..Net 2.0|Mixed Platforms.ActiveCfg = Release|x86
		{0D579E53-D0E0-4B83-BE38-FD306DA309DD}..Net 2.0|Mixed Platforms.Build.0 = Release|x86
		{0D579E53-D0E0-4B83-BE38-FD306DA309DD}..Net 2.0|x86.ActiveCfg = Release|x86
		{0D579E53-D0E0-4B83-BE38-FD306DA309DD}..Net 2.0|x86.Build.0 = Release|x86
		{0D579E53-D0E0-4B83-BE38-FD306DA309DD}.Debug|Any CPU.ActiveCfg = Debug|x86
		{0D579E53-D0E0-4B83-BE38-FD306DA309DD}.Debug|Mixed Platforms.ActiveCfg = Debug|x86
		{0D579E53-D0E0-4B83-BE38-FD306DA309DD}.Debug|Mixed Platforms.Build.0 = Debug|x86
		{0D579E53-D0E0-4B83-BE38-FD306DA309DD}.Debug|x86.ActiveCfg = Debug|x86
		{0D579E53-D0E0-4B83-BE38-FD306DA309DD}.Debug|x86.Build.0 = Debug|x86
		{0D579E53-D0E0-4B83-BE38-FD306DA309DD}.Release|Any CPU.ActiveCfg = Release|x86
		{0D579E53-D0E0-4B83-BE38-FD306DA309DD}.Release|Mixed Platforms.ActiveCfg = Release|x86
		{0D579E53-D0E0-4B83-BE38-FD306DA309DD}.Release|Mixed Platforms.Build.0 = Release|x86
		{0D579E53-D0E0-4B83-BE38-FD306DA309DD}.Release|x86.ActiveCfg = Release|x86
		{0D579E53-D0E0-4B83-BE38-FD306DA309DD}.Release|x86.Build.0 = Release|x86
		{D282FFCE-4B86-4C66-968B-9B947F9C9616}..Net 2.0|Any CPU.ActiveCfg = Release|x86
		{D282FFCE-4B86-4C66-968B-9B947F9C9616}..Net 2.0|Mixed Platforms.ActiveCfg = Release|x86
		{D282FFCE-4B86-4C66-968B-9B947F9C9616}..Net 2.0|Mixed Platforms.Build.0 = Release|x86
		{D282FFCE-4B86-4C66-968B-9B947F9C9616}..Net 2.0|x86.ActiveCfg = Release|x86
		{D282FFCE-4B86-4C66-968B-9B947F9C9616}..Net 2.0|x86.Build.0 = Release|x86
		{D282FFCE-4B86-4C66-968B-9B947F9C9616}.Debug|Any CPU.ActiveCfg = Debug|x86
		{D282FFCE-4B86-4C66-968B-9B947F9C9616}.Debug|Mixed Platforms.ActiveCfg = Debug|x86
		{D282FFCE-4B86-4C66-968B-9B947F9C9616}.Debug|Mixed Platforms.Build.0 = Debug|x86
		{D282FFCE-4B86-4C66-968B-9B947F9C9616}.Debug|x86.ActiveCfg = Debug|x86
		{D282FFCE-4B86-4C66-968B-9B947F9C9616}.Debug|x86.Build.0 = Debug|x86
		{D282FFCE-4B86-4C66-968B-9B947F9C9616}.Release|Any CPU.ActiveCfg = Release|x86
		{D282FFCE-4B86-4C66-968B-9B947F9C9616}.Release|Mixed Platforms.ActiveCfg = Release|x86
		{D282FFCE-4B86-4C66-968B-9B947F9C9616}.Release|Mixed Platforms.Build.0 = Release|x86
		{D282FFCE-4B86-4C66-968B-9B947F9C9616}.Release|x86.ActiveCfg = Release|x86
		{D282FFCE-4B86-4C66-968B-9B947F9C9616}.Release|x86.Build.0 = Release|x86
		{247C2217-9BD3-48BD-B957-20359ABB6150}..Net 2.0|Any CPU.ActiveCfg = Release|x86
		{247C2217-9BD3-48BD-B957-20359ABB6150}..Net 2.0|Mixed Platforms.ActiveCfg = Release|x86
		{247C2217-9BD3-48BD-B957-20359ABB6150}..Net 2.0|Mixed Platforms.Build.0 = Release|x86
		{247C2217-9BD3-48BD-B957-20359ABB6150}..Net 2.0|x86.ActiveCfg = Release|x86
		{247C2217-9BD3-48BD-B957-20359ABB6150}..Net 2.0|x86.Build.0 = Release|x86
		{247C2217-9BD3-48BD-B957-20359ABB6150}.Debug|Any CPU.ActiveCfg = Debug|x86
		{247C2217-9BD3-48BD-B957-20359ABB6150}.Debug|Mixed Platforms.ActiveCfg = Debug|x86
		{247C2217-9BD3-48BD-B957-20359ABB6150}.Debug|Mixed Platforms.Build.0 = Debug|x86
		{247C2217-9BD3-48BD-B957-20359ABB6150}.Debug|x86.ActiveCfg = Debug|x86
		{247C2217-9BD3-48BD-B957-20359ABB6150}.Debug|x86.Build.0 = Debug|x86
		{247C2217-9BD3-48BD-B957-20359ABB6150}.Release|Any CPU.ActiveCfg = Release|x86
		{247C2217-9BD3-48BD-B957-20359ABB6150}.Release|Mixed Platforms.ActiveCfg = Release|x86
		{247C2217-9BD3-48BD-B957-20359ABB6150}.Release|Mixed Platforms.Build.0 = Release|x86
		{247C2217-9BD3-48BD-B957-20359ABB6150}.Release|x86.ActiveCfg = Release|x86
		{247C2217-9BD3-48BD-B957-20359ABB6150}.Release|x86.Build.0 = Release|x86
		{8D520FD6-4DB4-4D7C-9895-B7EF4901FB13}..Net 2.0|Any CPU.ActiveCfg = Release|x86
		{8D520FD6-4DB4-4D7C-9895-B7EF4901FB13}..Net 2.0|Mixed Platforms.ActiveCfg = Release|x86
		{8D520FD6-4DB4-4D7C-9895-B7EF4901FB13}..Net 2.0|Mixed Platforms.Build.0 = Release|x86
		{8D520FD6-4DB4-4D7C-9895-B7EF4901FB13}..Net 2.0|x86.ActiveCfg = Release|x86
		{8D520FD6-4DB4-4D7C-9895-B7EF4901FB13}..Net 2.0|x86.Build.0 = Release|x86
		{8D520FD6-4DB4-4D7C-9895-B7EF4901FB13}.Debug|Any CPU.ActiveCfg = Debug|x86
		{8D520FD6-4DB4-4D7C-9895-B7EF4901FB13}.Debug|Mixed Platforms.ActiveCfg = Debug|x86
		{8D520FD6-4DB4-4D7C-9895-B7EF4901FB13}.Debug|Mixed Platforms.Build.0 = Debug|x86
		{8D520FD6-4DB4-4D7C-9895-B7EF4901FB13}.Debug|x86.ActiveCfg = Debug|x86
		{8D520FD6-4DB4-4D7C-9895-B7EF4901FB13}.Debug|x86.Build.0 = Debug|x86
		{8D520FD6-4DB4-4D7C-9895-B7EF4901FB13}.Release|Any CPU.ActiveCfg = Release|x86
		{8D520FD6-4DB4-4D7C-9895-B7EF4901FB13}.Release|Mixed Platforms.ActiveCfg = Release|x86
		{8D520FD6-4DB4-4D7C-9895-B7EF4901FB13}.Release|Mixed Platforms.Build.0 = Release|x86
		{8D520FD6-4DB4-4D7C-9895-B7EF4901FB13}.Release|x86.ActiveCfg = Release|x86
		{8D520FD6-4DB4-4D7C-9895-B7EF4901FB13}.Release|x86.Build.0 = Release|x86
		{D4124AED-E2B9-48EB-A16D-E3D2A3AFB006}..Net 2.0|Any CPU.ActiveCfg = Release|x86
		{D4124AED-E2B9-48EB-A16D-E3D2A3AFB006}..Net 2.0|Mixed Platforms.ActiveCfg = Release|x86
		{D4124AED-E2B9-48EB-A16D-E3D2A3AFB006}..Net 2.0|Mixed Platforms.Build.0 = Release|x86
		{D4124AED-E2B9-48EB-A16D-E3D2A3AFB006}..Net 2.0|x86.ActiveCfg = Release|x86
		{D4124AED-E2B9-48EB-A16D-E3D2A3AFB006}..Net 2.0|x86.Build.0 = Release|x86
		{D4124AED-E2B9-48EB-A16D-E3D2A3AFB006}.Debug|Any CPU.ActiveCfg = Debug|x86
		{D4124AED-E2B9-48EB-A16D-E3D2A3AFB006}.Debug|Mixed Platforms.ActiveCfg = Debug|x86
		{D4124AED-E2B9-48EB-A16D-E3D2A3AFB006}.Debug|Mixed Platforms.Build.0 = Debug|x86
		{D4124AED-E2B9-48EB-A16D-E3D2A3AFB006}.Debug|x86.ActiveCfg = Debug|x86
		{D4124AED-E2B9-48EB-A16D-E3D2A3AFB006}.Debug|x86.Build.0 = Debug|x86
		{D4124AED-E2B9-48EB-A16D-E3D2A3AFB006}.Release|Any CPU.ActiveCfg = Release|x86
		{D4124AED-E2B9-48EB-A16D-E3D2A3AFB006}.Release|Mixed Platforms.ActiveCfg = Release|x86
		{D4124AED-E2B9-48EB-A16D-E3D2A3AFB006}.Release|Mixed Platforms.Build.0 = Release|x86
		{D4124AED-E2B9-48EB-A16D-E3D2A3AFB006}.Release|x86.ActiveCfg = Release|x86
		{D4124AED-E2B9-48EB-A16D-E3D2A3AFB006}.Release|x86.Build.0 = Release|x86
		{DACA8054-B0CD-4B40-87AC-93EA9C55A3FF}..Net 2.0|Any CPU.ActiveCfg = Release|x86
		{DACA8054-B0CD-4B40-87AC-93EA9C55A3FF}..Net 2.0|Mixed Platforms.ActiveCfg = Release|x86
		{DACA8054-B0CD-4B40-87AC-93EA9C55A3FF}..Net 2.0|Mixed Platforms.Build.0 = Release|x86
		{DACA8054-B0CD-4B40-87AC-93EA9C55A3FF}..Net 2.0|x86.ActiveCfg = Release|x86
		{DACA8054-B0CD-4B40-87AC-93EA9C55A3FF}..Net 2.0|x86.Build.0 = Release|x86
		{DACA8054-B0CD-4B40-87AC-93EA9C55A3FF}.Debug|Any CPU.ActiveCfg = Debug|x86
		{DACA8054-B0CD-4B40-87AC-93EA9C55A3FF}.Debug|Mixed Platforms.ActiveCfg = Debug|x86
		{DACA8054-B0CD-4B40-87AC-93EA9C55A3FF}.Debug|Mixed Platforms.Build.0 = Debug|x86
		{DACA8054-B0CD-4B40-87AC-93EA9C55A3FF}.Debug|x86.ActiveCfg = Debug|x86
		{DACA8054-B0CD-4B40-87AC-93EA9C55A3FF}.Debug|x86.Build.0 = Debug|x86
		{DACA8054-B0CD-4B40-87AC-93EA9C55A3FF}.Release|Any CPU.ActiveCfg = Release|x86
		{DACA8054-B0CD-4B40-87AC-93EA9C55A3FF}.Release|Mixed Platforms.ActiveCfg = Release|x86
		{DACA8054-B0CD-4B40-87AC-93EA9C55A3FF}.Release|Mixed Platforms.Build.0 = Release|x86
		{DACA8054-B0CD-4B40-87AC-93EA9C55A3FF}.Release|x86.ActiveCfg = Release|x86
		{DACA8054-B0CD-4B40-87AC-93EA9C55A3FF}.Release|x86.Build.0 = Release|x86
		{03523841-E89B-4518-8560-256A62DA9E75}..Net 2.0|Any CPU.ActiveCfg = Release|x86
		{03523841-E89B-4518-8560-256A62DA9E75}..Net 2.0|Mixed Platforms.ActiveCfg = Release|x86
		{03523841-E89B-4518-8560-256A62DA9E75}..Net 2.0|Mixed Platforms.Build.0 = Release|x86
		{03523841-E89B-4518-8560-256A62DA9E75}..Net 2.0|x86.ActiveCfg = Release|x86
		{03523841-E89B-4518-8560-256A62DA9E75}..Net 2.0|x86.Build.0 = Release|x86
		{03523841-E89B-4518-8560-256A62DA9E75}.Debug|Any CPU.ActiveCfg = Debug|x86
		{03523841-E89B-4518-8560-256A62DA9E75}.Debug|Mixed Platforms.ActiveCfg = Debug|x86
		{03523841-E89B-4518-8560-256A62DA9E75}.Debug|Mixed Platforms.Build.0 = Debug|x86
		{03523841-E89B-4518-8560-256A62DA9E75}.Debug|x86.ActiveCfg = Debug|x86
		{03523841-E89B-4518-8560-256A62DA9E75}.Debug|x86.Build.0 = Debug|x86
		{03523841-E89B-4518-8560-256A62DA9E75}.Release|Any CPU.ActiveCfg = Release|x86
		{03523841-E89B-4518-8560-256A62DA9E75}.Release|Mixed Platforms.ActiveCfg = Release|x86
		{03523841-E89B-4518-8560-256A62DA9E75}.Release|Mixed Platforms.Build.0 = Release|x86
		{03523841-E89B-4518-8560-256A62DA9E75}.Release|x86.ActiveCfg = Release|x86
		{03523841-E89B-4518-8560-256A62DA9E75}.Release|x86.Build.0 = Release|x86
		{9B3A8099-A278-4C46-9036-3511970A6169}..Net 2.0|Any CPU.ActiveCfg = Release|x86
		{9B3A8099-A278-4C46-9036-3511970A6169}..Net 2.0|Mixed Platforms.ActiveCfg = Release|x86
		{9B3A8099-A278-4C46-9036-3511970A6169}..Net 2.0|Mixed Platforms.Build.0 = Release|x86
		{9B3A8099-A278-4C46-9036-3511970A6169}..Net 2.0|x86.ActiveCfg = Release|x86
		{9B3A8099-A278-4C46-9036-3511970A6169}..Net 2.0|x86.Build.0 = Release|x86
		{9B3A8099-A278-4C46-9036-3511970A6169}.Debug|Any CPU.ActiveCfg = Debug|x86
		{9B3A8099-A278-4C46-9036-3511970A6169}.Debug|Mixed Platforms.ActiveCfg = Debug|x86
		{9B3A8099-A278-4C46-9036-3511970A6169}.Debug|Mixed Platforms.Build.0 = Debug|x86
		{9B3A8099-A278-4C46-9036-3511970A6169}.Debug|x86.ActiveCfg = Debug|x86
		{9B3A8099-A278-4C46-9036-3511970A6169}.Debug|x86.Build.0 = Debug|x86
		{9B3A8099-A278-4C46-9036-3511970A6169}.Release|Any CPU.ActiveCfg = Release|x86
		{9B3A8099-A278-4C46-9036-3511970A6169}.Release|Mixed Platforms.ActiveCfg = Release|x86
		{9B3A8099-A278-4C46-9036-3511970A6169}.Release|Mixed Platforms.Build.0 = Release|x86
		{9B3A8099-A278-4C46-9036-3511970A6169}.Release|x86.ActiveCfg = Release|x86
		{9B3A8099-A278-4C46-9036-3511970A6169}.Release|x86.Build.0 = Release|x86
		{440C541A-8739-472F-B68D-5FBCF644E472}..Net 2.0|Any CPU.ActiveCfg = Release|x86
		{440C541A-8739-472F-B68D-5FBCF644E472}..Net 2.0|Mixed Platforms.ActiveCfg = Release|x86
		{440C541A-8739-472F-B68D-5FBCF644E472}..Net 2.0|Mixed Platforms.Build.0 = Release|x86
		{440C541A-8739-472F-B68D-5FBCF644E472}..Net 2.0|x86.ActiveCfg = Release|x86
		{440C541A-8739-472F-B68D-5FBCF644E472}..Net 2.0|x86.Build.0 = Release|x86
		{440C541A-8739-472F-B68D-5FBCF644E472}.Debug|Any CPU.ActiveCfg = Debug|x86
		{440C541A-8739-472F-B68D-5FBCF644E472}.Debug|Mixed Platforms.ActiveCfg = Debug|x86
		{440C541A-8739-472F-B68D-5FBCF644E472}.Debug|Mixed Platforms.Build.0 = Debug|x86
		{440C541A-8739-472F-B68D-5FBCF644E472}.Debug|x86.ActiveCfg = Debug|x86
		{440C541A-8739-472F-B68D-5FBCF644E472}.Debug|x86.Build.0 = Debug|x86
		{440C541A-8739-472F-B68D-5FBCF644E472}.Release|Any CPU.ActiveCfg = Release|x86
		{440C541A-8739-472F-B68D-5FBCF644E472}.Release|Mixed Platforms.ActiveCfg = Release|x86
		{440C541A-8739-472F-B68D-5FBCF644E472}.Release|Mixed Platforms.Build.0 = Release|x86
		{440C541A-8739-472F-B68D-5FBCF644E472}.Release|x86.ActiveCfg = Release|x86
		{440C541A-8739-472F-B68D-5FBCF644E472}.Release|x86.Build.0 = Release|x86
	EndGlobalSection
	GlobalSection(SolutionProperties) = preSolution
		HideSolutionNode = FALSE
	EndGlobalSection
	GlobalSection(NestedProjects) = preSolution
		{D5C128FC-B929-4DEF-92F6-3CBE5D6F466E} = {4D5563D0-C3BF-4338-9F45-D79DD447DC91}
		{49172054-C7AE-4993-AAE6-1BDD453F0345} = {4D5563D0-C3BF-4338-9F45-D79DD447DC91}
		{74873755-0C7B-44A1-B717-82458432A894} = {4D5563D0-C3BF-4338-9F45-D79DD447DC91}
		{C089A44B-47CC-4811-B51F-B4A2C916C0C4} = {56C15332-1065-4BF3-849A-A199F1922242}
		{C56F4793-6746-4E12-BC43-91B9D08101DC} = {56C15332-1065-4BF3-849A-A199F1922242}
		{114E0E8B-8A6C-4AB8-B6CB-3CD8CECA86CD} = {96D79670-810E-4D46-8093-617C67B288E4}
		{017E794B-C1A9-4F87-A74B-AC219CB2DE22} = {96D79670-810E-4D46-8093-617C67B288E4}
		{1671D684-870F-488B-B530-1D7780ABB496} = {96D79670-810E-4D46-8093-617C67B288E4}
		{ED0CA2E7-8790-4A29-86E9-7BC854C981D8} = {06FA9225-D628-49D1-8929-0A54CACFC90C}
		{0E0705A3-789A-4D95-9293-C605171AF53C} = {06FA9225-D628-49D1-8929-0A54CACFC90C}
		{AEDEB12E-4CEC-4D46-8B95-28D0894B3676} = {C9B9B9CF-837D-418B-A2BE-23B95FF79736}
		{2CC840F2-66B2-487F-8F3C-7649FD510D3A} = {C9B9B9CF-837D-418B-A2BE-23B95FF79736}
		{8DFAC2E4-1997-4300-B370-FC99550B8B70} = {C9B9B9CF-837D-418B-A2BE-23B95FF79736}
		{5DCE1325-25C6-4420-89D1-98AFE69BDB7A} = {C9B9B9CF-837D-418B-A2BE-23B95FF79736}
		{B3281232-CAFF-4B4A-9F76-CD9D01C45638} = {C9B9B9CF-837D-418B-A2BE-23B95FF79736}
		{2CC9DC3D-DF15-491F-86F0-2D3EA819B1B3} = {C9B9B9CF-837D-418B-A2BE-23B95FF79736}
		{FF030E0F-EABB-45DA-8C72-5143950E817A} = {1D860FBA-A9F0-41A9-9A1C-B2D2525EBF03}
		{6A1CAF3C-129B-4069-980D-6795FDEDA6CF} = {1D860FBA-A9F0-41A9-9A1C-B2D2525EBF03}
		{174ED7D9-A558-4199-93EC-23CE952F4377} = {1D860FBA-A9F0-41A9-9A1C-B2D2525EBF03}
		{3D6FD074-B626-46AA-A49F-F03D2A76BE01} = {1D860FBA-A9F0-41A9-9A1C-B2D2525EBF03}
		{55B462D3-77F4-41F8-B3B2-FE936705B626} = {1D860FBA-A9F0-41A9-9A1C-B2D2525EBF03}
		{2D82EE3E-9DB3-4FB4-A023-2EF619BC5879} = {174ED7D9-A558-4199-93EC-23CE952F4377}
		{CC9B7BD4-5754-4056-A914-9B339C72F48C} = {174ED7D9-A558-4199-93EC-23CE952F4377}
		{90E1C20D-9B79-4044-9AA4-C329EBAFAF56} = {174ED7D9-A558-4199-93EC-23CE952F4377}
		{291B857F-8057-4111-811C-5D5B0FF3EE27} = {174ED7D9-A558-4199-93EC-23CE952F4377}
		{2E9388B7-B8F7-47F0-87A2-BC095EE8CC18} = {174ED7D9-A558-4199-93EC-23CE952F4377}
		{6F7CC091-B43F-439F-85DE-BFFBA6D9C4CA} = {174ED7D9-A558-4199-93EC-23CE952F4377}
		{0D579E53-D0E0-4B83-BE38-FD306DA309DD} = {174ED7D9-A558-4199-93EC-23CE952F4377}
		{D282FFCE-4B86-4C66-968B-9B947F9C9616} = {174ED7D9-A558-4199-93EC-23CE952F4377}
		{247C2217-9BD3-48BD-B957-20359ABB6150} = {174ED7D9-A558-4199-93EC-23CE952F4377}
		{8D520FD6-4DB4-4D7C-9895-B7EF4901FB13} = {174ED7D9-A558-4199-93EC-23CE952F4377}
		{D4124AED-E2B9-48EB-A16D-E3D2A3AFB006} = {174ED7D9-A558-4199-93EC-23CE952F4377}
		{DACA8054-B0CD-4B40-87AC-93EA9C55A3FF} = {174ED7D9-A558-4199-93EC-23CE952F4377}
		{03523841-E89B-4518-8560-256A62DA9E75} = {174ED7D9-A558-4199-93EC-23CE952F4377}
		{9B3A8099-A278-4C46-9036-3511970A6169} = {174ED7D9-A558-4199-93EC-23CE952F4377}
		{440C541A-8739-472F-B68D-5FBCF644E472} = {174ED7D9-A558-4199-93EC-23CE952F4377}
	EndGlobalSection
EndGlobal
