
Microsoft Visual Studio Solution File, Format Version 11.00
# Visual Studio 2010
Project("{FAE04EC0-301F-11D3-BF4B-00C04F79EFBC}") = "BioInfo.Core", "BioInfo.Core\BioInfo.Core.csproj", "{6F80BD39-3CBA-4C1F-9A38-10E4169A226F}"
EndProject
Project("{2150E333-8FDC-42A3-9474-1A3956D46DE8}") = "NC参考", "NC参考", "{157B249B-D12C-4507-BCF6-13688C89D2F1}"
EndProject
Project("{FAE04EC0-301F-11D3-BF4B-00C04F79EFBC}") = "BioinfoLibrary", "BioInfo.NC\BioinfoLibrary\BioinfoLibrary.csproj", "{CC63219E-4F62-4F5A-8658-17DD2EB60071}"
EndProject
Project("{FAE04EC0-301F-11D3-BF4B-00C04F79EFBC}") = "WebUI", "BioInfo.NC\NewQIV\WebUI.csproj", "{73F82F07-D85B-4636-BDF7-5C66C4E41577}"
EndProject
Project("{FAE04EC0-301F-11D3-BF4B-00C04F79EFBC}") = "ProteidCalculate", "BioInfo.NC\ProteidCalculate\ProteidCalculate\ProteidCalculate.csproj", "{80BEB472-2C33-40F9-8FA8-9C7C263C0498}"
EndProject
Project("{FAE04EC0-301F-11D3-BF4B-00C04F79EFBC}") = "ProteidFucForcast", "BioInfo.NC\ProteidCalculate\ProteidFucForcast\ProteidFucForcast.csproj", "{0E0EC864-5A1E-4007-865F-FA00FED9D521}"
EndProject
Project("{FAE04EC0-301F-11D3-BF4B-00C04F79EFBC}") = "ProtendCalculateForm", "BioInfo.NC\ProteidCalculate\ProtendCalculateForm\ProtendCalculateForm.csproj", "{919C3FB5-7325-44F9-A409-718BC316A332}"
EndProject
Project("{FAE04EC0-301F-11D3-BF4B-00C04F79EFBC}") = "SVM", "BioInfo.NC\ProteidCalculate\SVM\SVM.csproj", "{2A381CBB-8291-435C-A8E3-BBF3B590B2B6}"
EndProject
Project("{FAE04EC0-301F-11D3-BF4B-00C04F79EFBC}") = "SvmNet", "BioInfo.NC\ProteidCalculate\SvmNet\SvmNet.csproj", "{4C86177A-4FD7-404B-8712-A5133154C2AC}"
EndProject
Project("{FAE04EC0-301F-11D3-BF4B-00C04F79EFBC}") = "BioInfo.Forcast", "BioInfo.Forcast\BioInfo.Forcast.csproj", "{87C584CB-AC72-4252-A74E-3C408B80E407}"
EndProject
Project("{FAE04EC0-301F-11D3-BF4B-00C04F79EFBC}") = "libSVMWrapper", "libSVMWrapper 3.1.5\libSVMWrapper.csproj", "{7691D0B0-52FA-430E-B87C-EBE1E8D4B825}"
EndProject
Project("{FAE04EC0-301F-11D3-BF4B-00C04F79EFBC}") = "testSvmWrapper", "libSVMWrapper 3.1.5\testSvmWrapper\testSvmWrapper.csproj", "{676DD950-3E17-4F44-ABF6-8BFA400B5799}"
EndProject
Project("{FAE04EC0-301F-11D3-BF4B-00C04F79EFBC}") = "BioInfo.Web", "BioInfo.Web\BioInfo.Web.csproj", "{6A1C6839-8B18-442D-9AC5-865BEAA8D04E}"
EndProject
Project("{2150E333-8FDC-42A3-9474-1A3956D46DE8}") = "BioinfoWeb", "BioinfoWeb", "{64EC2154-2080-438C-9D04-7BDB1EB81941}"
EndProject
Project("{E24C65DC-7377-472B-9ABA-BC803B73C61A}") = "BioInfoWeb", "BioInfoWeb\", "{17FA589B-493F-4D10-A20B-BBE7B012245B}"
	ProjectSection(WebsiteProperties) = preProject
		SccProjectName = "Svn"
		SccAuxPath = "Svn"
		SccLocalPath = "Svn"
		SccProvider = "SubversionScc"
		TargetFrameworkMoniker = ".NETFramework,Version%3Dv4.0"
		ProjectReferences = "{0AEB6EC5-ADAB-4A2A-AD82-633E980A4A57}|Bioinfo.Entites.dll;"
		Debug.AspNetCompiler.VirtualPath = "/BioInfoWeb"
		Debug.AspNetCompiler.PhysicalPath = "BioInfoWeb\"
		Debug.AspNetCompiler.TargetPath = "PrecompiledWeb\BioInfoWeb\"
		Debug.AspNetCompiler.Updateable = "true"
		Debug.AspNetCompiler.ForceOverwrite = "true"
		Debug.AspNetCompiler.FixedNames = "false"
		Debug.AspNetCompiler.Debug = "True"
		Release.AspNetCompiler.VirtualPath = "/BioInfoWeb"
		Release.AspNetCompiler.PhysicalPath = "BioInfoWeb\"
		Release.AspNetCompiler.TargetPath = "PrecompiledWeb\BioInfoWeb\"
		Release.AspNetCompiler.Updateable = "true"
		Release.AspNetCompiler.ForceOverwrite = "true"
		Release.AspNetCompiler.FixedNames = "false"
		Release.AspNetCompiler.Debug = "False"
		VWDPort = "5323"
	EndProjectSection
EndProject
Project("{FAE04EC0-301F-11D3-BF4B-00C04F79EFBC}") = "Bioinfo.Entites", "Bioinfo.Entites\Bioinfo.Entites.csproj", "{0AEB6EC5-ADAB-4A2A-AD82-633E980A4A57}"
EndProject
Project("{E24C65DC-7377-472B-9ABA-BC803B73C61A}") = "upload", "..\Loachs1.3\upload\", "{D93BD719-8AFC-4BFE-B1B9-91190061E9FC}"
	ProjectSection(WebsiteProperties) = preProject
		TargetFrameworkMoniker = ".NETFramework,Version%3Dv2.0"
		Debug.AspNetCompiler.VirtualPath = "/upload"
		Debug.AspNetCompiler.PhysicalPath = "..\Loachs1.3\upload\"
		Debug.AspNetCompiler.TargetPath = "PrecompiledWeb\upload\"
		Debug.AspNetCompiler.Updateable = "true"
		Debug.AspNetCompiler.ForceOverwrite = "true"
		Debug.AspNetCompiler.FixedNames = "false"
		Debug.AspNetCompiler.Debug = "True"
		Release.AspNetCompiler.VirtualPath = "/upload"
		Release.AspNetCompiler.PhysicalPath = "..\Loachs1.3\upload\"
		Release.AspNetCompiler.TargetPath = "PrecompiledWeb\upload\"
		Release.AspNetCompiler.Updateable = "true"
		Release.AspNetCompiler.ForceOverwrite = "true"
		Release.AspNetCompiler.FixedNames = "false"
		Release.AspNetCompiler.Debug = "False"
		VWDPort = "9568"
		DefaultWebSiteLanguage = "Visual C#"
	EndProjectSection
EndProject
Global
	GlobalSection(SolutionConfigurationPlatforms) = preSolution
		cutDebug|Any CPU = cutDebug|Any CPU
		cutDebug|Mixed Platforms = cutDebug|Mixed Platforms
		cutDebug|x86 = cutDebug|x86
		Debug|Any CPU = Debug|Any CPU
		Debug|Mixed Platforms = Debug|Mixed Platforms
		Debug|x86 = Debug|x86
		NewBug|Any CPU = NewBug|Any CPU
		NewBug|Mixed Platforms = NewBug|Mixed Platforms
		NewBug|x86 = NewBug|x86
		NewDebug|Any CPU = NewDebug|Any CPU
		NewDebug|Mixed Platforms = NewDebug|Mixed Platforms
		NewDebug|x86 = NewDebug|x86
		Release|Any CPU = Release|Any CPU
		Release|Mixed Platforms = Release|Mixed Platforms
		Release|x86 = Release|x86
	EndGlobalSection
	GlobalSection(ProjectConfigurationPlatforms) = postSolution
		{6F80BD39-3CBA-4C1F-9A38-10E4169A226F}.cutDebug|Any CPU.ActiveCfg = Debug|x86
		{6F80BD39-3CBA-4C1F-9A38-10E4169A226F}.cutDebug|Mixed Platforms.ActiveCfg = Debug|x86
		{6F80BD39-3CBA-4C1F-9A38-10E4169A226F}.cutDebug|Mixed Platforms.Build.0 = Debug|x86
		{6F80BD39-3CBA-4C1F-9A38-10E4169A226F}.cutDebug|x86.ActiveCfg = Debug|x86
		{6F80BD39-3CBA-4C1F-9A38-10E4169A226F}.cutDebug|x86.Build.0 = Debug|x86
		{6F80BD39-3CBA-4C1F-9A38-10E4169A226F}.Debug|Any CPU.ActiveCfg = Debug|x86
		{6F80BD39-3CBA-4C1F-9A38-10E4169A226F}.Debug|Mixed Platforms.ActiveCfg = Debug|x86
		{6F80BD39-3CBA-4C1F-9A38-10E4169A226F}.Debug|Mixed Platforms.Build.0 = Debug|x86
		{6F80BD39-3CBA-4C1F-9A38-10E4169A226F}.Debug|x86.ActiveCfg = Debug|x86
		{6F80BD39-3CBA-4C1F-9A38-10E4169A226F}.Debug|x86.Build.0 = Debug|x86
		{6F80BD39-3CBA-4C1F-9A38-10E4169A226F}.NewBug|Any CPU.ActiveCfg = Release|x86
		{6F80BD39-3CBA-4C1F-9A38-10E4169A226F}.NewBug|Mixed Platforms.ActiveCfg = Release|x86
		{6F80BD39-3CBA-4C1F-9A38-10E4169A226F}.NewBug|Mixed Platforms.Build.0 = Release|x86
		{6F80BD39-3CBA-4C1F-9A38-10E4169A226F}.NewBug|x86.ActiveCfg = Release|x86
		{6F80BD39-3CBA-4C1F-9A38-10E4169A226F}.NewBug|x86.Build.0 = Release|x86
		{6F80BD39-3CBA-4C1F-9A38-10E4169A226F}.NewDebug|Any CPU.ActiveCfg = Debug|x86
		{6F80BD39-3CBA-4C1F-9A38-10E4169A226F}.NewDebug|Mixed Platforms.ActiveCfg = Debug|x86
		{6F80BD39-3CBA-4C1F-9A38-10E4169A226F}.NewDebug|Mixed Platforms.Build.0 = Debug|x86
		{6F80BD39-3CBA-4C1F-9A38-10E4169A226F}.NewDebug|x86.ActiveCfg = Debug|x86
		{6F80BD39-3CBA-4C1F-9A38-10E4169A226F}.NewDebug|x86.Build.0 = Debug|x86
		{6F80BD39-3CBA-4C1F-9A38-10E4169A226F}.Release|Any CPU.ActiveCfg = Release|x86
		{6F80BD39-3CBA-4C1F-9A38-10E4169A226F}.Release|Mixed Platforms.ActiveCfg = Release|x86
		{6F80BD39-3CBA-4C1F-9A38-10E4169A226F}.Release|Mixed Platforms.Build.0 = Release|x86
		{6F80BD39-3CBA-4C1F-9A38-10E4169A226F}.Release|x86.ActiveCfg = Release|x86
		{6F80BD39-3CBA-4C1F-9A38-10E4169A226F}.Release|x86.Build.0 = Release|x86
		{CC63219E-4F62-4F5A-8658-17DD2EB60071}.cutDebug|Any CPU.ActiveCfg = cutDebug|x86
		{CC63219E-4F62-4F5A-8658-17DD2EB60071}.cutDebug|Mixed Platforms.ActiveCfg = cutDebug|x86
		{CC63219E-4F62-4F5A-8658-17DD2EB60071}.cutDebug|Mixed Platforms.Build.0 = cutDebug|x86
		{CC63219E-4F62-4F5A-8658-17DD2EB60071}.cutDebug|x86.ActiveCfg = cutDebug|x86
		{CC63219E-4F62-4F5A-8658-17DD2EB60071}.cutDebug|x86.Build.0 = cutDebug|x86
		{CC63219E-4F62-4F5A-8658-17DD2EB60071}.Debug|Any CPU.ActiveCfg = Debug|x86
		{CC63219E-4F62-4F5A-8658-17DD2EB60071}.Debug|Mixed Platforms.ActiveCfg = Debug|x86
		{CC63219E-4F62-4F5A-8658-17DD2EB60071}.Debug|Mixed Platforms.Build.0 = Debug|x86
		{CC63219E-4F62-4F5A-8658-17DD2EB60071}.Debug|x86.ActiveCfg = Debug|x86
		{CC63219E-4F62-4F5A-8658-17DD2EB60071}.Debug|x86.Build.0 = Debug|x86
		{CC63219E-4F62-4F5A-8658-17DD2EB60071}.NewBug|Any CPU.ActiveCfg = NewBug|x86
		{CC63219E-4F62-4F5A-8658-17DD2EB60071}.NewBug|Mixed Platforms.ActiveCfg = NewBug|x86
		{CC63219E-4F62-4F5A-8658-17DD2EB60071}.NewBug|Mixed Platforms.Build.0 = NewBug|x86
		{CC63219E-4F62-4F5A-8658-17DD2EB60071}.NewBug|x86.ActiveCfg = NewBug|x86
		{CC63219E-4F62-4F5A-8658-17DD2EB60071}.NewBug|x86.Build.0 = NewBug|x86
		{CC63219E-4F62-4F5A-8658-17DD2EB60071}.NewDebug|Any CPU.ActiveCfg = Debug|x86
		{CC63219E-4F62-4F5A-8658-17DD2EB60071}.NewDebug|Mixed Platforms.ActiveCfg = Debug|x86
		{CC63219E-4F62-4F5A-8658-17DD2EB60071}.NewDebug|Mixed Platforms.Build.0 = Debug|x86
		{CC63219E-4F62-4F5A-8658-17DD2EB60071}.NewDebug|x86.ActiveCfg = Debug|x86
		{CC63219E-4F62-4F5A-8658-17DD2EB60071}.NewDebug|x86.Build.0 = Debug|x86
		{CC63219E-4F62-4F5A-8658-17DD2EB60071}.Release|Any CPU.ActiveCfg = Release|x86
		{CC63219E-4F62-4F5A-8658-17DD2EB60071}.Release|Mixed Platforms.ActiveCfg = Release|x86
		{CC63219E-4F62-4F5A-8658-17DD2EB60071}.Release|Mixed Platforms.Build.0 = Release|x86
		{CC63219E-4F62-4F5A-8658-17DD2EB60071}.Release|x86.ActiveCfg = Release|x86
		{CC63219E-4F62-4F5A-8658-17DD2EB60071}.Release|x86.Build.0 = Release|x86
		{73F82F07-D85B-4636-BDF7-5C66C4E41577}.cutDebug|Any CPU.ActiveCfg = cutDebug|Any CPU
		{73F82F07-D85B-4636-BDF7-5C66C4E41577}.cutDebug|Any CPU.Build.0 = cutDebug|Any CPU
		{73F82F07-D85B-4636-BDF7-5C66C4E41577}.cutDebug|Mixed Platforms.ActiveCfg = cutDebug|Any CPU
		{73F82F07-D85B-4636-BDF7-5C66C4E41577}.cutDebug|Mixed Platforms.Build.0 = cutDebug|Any CPU
		{73F82F07-D85B-4636-BDF7-5C66C4E41577}.cutDebug|x86.ActiveCfg = cutDebug|Any CPU
		{73F82F07-D85B-4636-BDF7-5C66C4E41577}.Debug|Any CPU.ActiveCfg = Debug|Any CPU
		{73F82F07-D85B-4636-BDF7-5C66C4E41577}.Debug|Any CPU.Build.0 = Debug|Any CPU
		{73F82F07-D85B-4636-BDF7-5C66C4E41577}.Debug|Mixed Platforms.ActiveCfg = Debug|Any CPU
		{73F82F07-D85B-4636-BDF7-5C66C4E41577}.Debug|Mixed Platforms.Build.0 = Debug|Any CPU
		{73F82F07-D85B-4636-BDF7-5C66C4E41577}.Debug|x86.ActiveCfg = Debug|Any CPU
		{73F82F07-D85B-4636-BDF7-5C66C4E41577}.NewBug|Any CPU.ActiveCfg = NewBug|Any CPU
		{73F82F07-D85B-4636-BDF7-5C66C4E41577}.NewBug|Any CPU.Build.0 = NewBug|Any CPU
		{73F82F07-D85B-4636-BDF7-5C66C4E41577}.NewBug|Mixed Platforms.ActiveCfg = NewBug|Any CPU
		{73F82F07-D85B-4636-BDF7-5C66C4E41577}.NewBug|Mixed Platforms.Build.0 = NewBug|Any CPU
		{73F82F07-D85B-4636-BDF7-5C66C4E41577}.NewBug|x86.ActiveCfg = NewBug|Any CPU
		{73F82F07-D85B-4636-BDF7-5C66C4E41577}.NewDebug|Any CPU.ActiveCfg = NewDebug|Any CPU
		{73F82F07-D85B-4636-BDF7-5C66C4E41577}.NewDebug|Any CPU.Build.0 = NewDebug|Any CPU
		{73F82F07-D85B-4636-BDF7-5C66C4E41577}.NewDebug|Mixed Platforms.ActiveCfg = NewDebug|Any CPU
		{73F82F07-D85B-4636-BDF7-5C66C4E41577}.NewDebug|Mixed Platforms.Build.0 = NewDebug|Any CPU
		{73F82F07-D85B-4636-BDF7-5C66C4E41577}.NewDebug|x86.ActiveCfg = NewDebug|Any CPU
		{73F82F07-D85B-4636-BDF7-5C66C4E41577}.Release|Any CPU.ActiveCfg = Release|Any CPU
		{73F82F07-D85B-4636-BDF7-5C66C4E41577}.Release|Any CPU.Build.0 = Release|Any CPU
		{73F82F07-D85B-4636-BDF7-5C66C4E41577}.Release|Mixed Platforms.ActiveCfg = Release|Any CPU
		{73F82F07-D85B-4636-BDF7-5C66C4E41577}.Release|Mixed Platforms.Build.0 = Release|Any CPU
		{73F82F07-D85B-4636-BDF7-5C66C4E41577}.Release|x86.ActiveCfg = Release|Any CPU
		{80BEB472-2C33-40F9-8FA8-9C7C263C0498}.cutDebug|Any CPU.ActiveCfg = cutDebug|Any CPU
		{80BEB472-2C33-40F9-8FA8-9C7C263C0498}.cutDebug|Any CPU.Build.0 = cutDebug|Any CPU
		{80BEB472-2C33-40F9-8FA8-9C7C263C0498}.cutDebug|Mixed Platforms.ActiveCfg = cutDebug|Any CPU
		{80BEB472-2C33-40F9-8FA8-9C7C263C0498}.cutDebug|Mixed Platforms.Build.0 = cutDebug|Any CPU
		{80BEB472-2C33-40F9-8FA8-9C7C263C0498}.cutDebug|x86.ActiveCfg = cutDebug|Any CPU
		{80BEB472-2C33-40F9-8FA8-9C7C263C0498}.Debug|Any CPU.ActiveCfg = Debug|Any CPU
		{80BEB472-2C33-40F9-8FA8-9C7C263C0498}.Debug|Any CPU.Build.0 = Debug|Any CPU
		{80BEB472-2C33-40F9-8FA8-9C7C263C0498}.Debug|Mixed Platforms.ActiveCfg = Debug|Any CPU
		{80BEB472-2C33-40F9-8FA8-9C7C263C0498}.Debug|Mixed Platforms.Build.0 = Debug|Any CPU
		{80BEB472-2C33-40F9-8FA8-9C7C263C0498}.Debug|x86.ActiveCfg = Debug|Any CPU
		{80BEB472-2C33-40F9-8FA8-9C7C263C0498}.NewBug|Any CPU.ActiveCfg = NewBug|Any CPU
		{80BEB472-2C33-40F9-8FA8-9C7C263C0498}.NewBug|Any CPU.Build.0 = NewBug|Any CPU
		{80BEB472-2C33-40F9-8FA8-9C7C263C0498}.NewBug|Mixed Platforms.ActiveCfg = NewBug|Any CPU
		{80BEB472-2C33-40F9-8FA8-9C7C263C0498}.NewBug|Mixed Platforms.Build.0 = NewBug|Any CPU
		{80BEB472-2C33-40F9-8FA8-9C7C263C0498}.NewBug|x86.ActiveCfg = NewBug|Any CPU
		{80BEB472-2C33-40F9-8FA8-9C7C263C0498}.NewDebug|Any CPU.ActiveCfg = NewDebug|Any CPU
		{80BEB472-2C33-40F9-8FA8-9C7C263C0498}.NewDebug|Any CPU.Build.0 = NewDebug|Any CPU
		{80BEB472-2C33-40F9-8FA8-9C7C263C0498}.NewDebug|Mixed Platforms.ActiveCfg = NewDebug|Any CPU
		{80BEB472-2C33-40F9-8FA8-9C7C263C0498}.NewDebug|Mixed Platforms.Build.0 = NewDebug|Any CPU
		{80BEB472-2C33-40F9-8FA8-9C7C263C0498}.NewDebug|x86.ActiveCfg = NewDebug|Any CPU
		{80BEB472-2C33-40F9-8FA8-9C7C263C0498}.Release|Any CPU.ActiveCfg = Release|Any CPU
		{80BEB472-2C33-40F9-8FA8-9C7C263C0498}.Release|Any CPU.Build.0 = Release|Any CPU
		{80BEB472-2C33-40F9-8FA8-9C7C263C0498}.Release|Mixed Platforms.ActiveCfg = Release|Any CPU
		{80BEB472-2C33-40F9-8FA8-9C7C263C0498}.Release|Mixed Platforms.Build.0 = Release|Any CPU
		{80BEB472-2C33-40F9-8FA8-9C7C263C0498}.Release|x86.ActiveCfg = Release|Any CPU
		{0E0EC864-5A1E-4007-865F-FA00FED9D521}.cutDebug|Any CPU.ActiveCfg = cutDebug|x86
		{0E0EC864-5A1E-4007-865F-FA00FED9D521}.cutDebug|Mixed Platforms.ActiveCfg = cutDebug|x86
		{0E0EC864-5A1E-4007-865F-FA00FED9D521}.cutDebug|Mixed Platforms.Build.0 = cutDebug|x86
		{0E0EC864-5A1E-4007-865F-FA00FED9D521}.cutDebug|x86.ActiveCfg = cutDebug|x86
		{0E0EC864-5A1E-4007-865F-FA00FED9D521}.cutDebug|x86.Build.0 = cutDebug|x86
		{0E0EC864-5A1E-4007-865F-FA00FED9D521}.Debug|Any CPU.ActiveCfg = Debug|x86
		{0E0EC864-5A1E-4007-865F-FA00FED9D521}.Debug|Mixed Platforms.ActiveCfg = Debug|x86
		{0E0EC864-5A1E-4007-865F-FA00FED9D521}.Debug|Mixed Platforms.Build.0 = Debug|x86
		{0E0EC864-5A1E-4007-865F-FA00FED9D521}.Debug|x86.ActiveCfg = Debug|x86
		{0E0EC864-5A1E-4007-865F-FA00FED9D521}.Debug|x86.Build.0 = Debug|x86
		{0E0EC864-5A1E-4007-865F-FA00FED9D521}.NewBug|Any CPU.ActiveCfg = NewBug|x86
		{0E0EC864-5A1E-4007-865F-FA00FED9D521}.NewBug|Mixed Platforms.ActiveCfg = NewBug|x86
		{0E0EC864-5A1E-4007-865F-FA00FED9D521}.NewBug|Mixed Platforms.Build.0 = NewBug|x86
		{0E0EC864-5A1E-4007-865F-FA00FED9D521}.NewBug|x86.ActiveCfg = NewBug|x86
		{0E0EC864-5A1E-4007-865F-FA00FED9D521}.NewBug|x86.Build.0 = NewBug|x86
		{0E0EC864-5A1E-4007-865F-FA00FED9D521}.NewDebug|Any CPU.ActiveCfg = NewDebug|x86
		{0E0EC864-5A1E-4007-865F-FA00FED9D521}.NewDebug|Mixed Platforms.ActiveCfg = NewDebug|x86
		{0E0EC864-5A1E-4007-865F-FA00FED9D521}.NewDebug|Mixed Platforms.Build.0 = NewDebug|x86
		{0E0EC864-5A1E-4007-865F-FA00FED9D521}.NewDebug|x86.ActiveCfg = NewDebug|x86
		{0E0EC864-5A1E-4007-865F-FA00FED9D521}.NewDebug|x86.Build.0 = NewDebug|x86
		{0E0EC864-5A1E-4007-865F-FA00FED9D521}.Release|Any CPU.ActiveCfg = Release|x86
		{0E0EC864-5A1E-4007-865F-FA00FED9D521}.Release|Mixed Platforms.ActiveCfg = Release|x86
		{0E0EC864-5A1E-4007-865F-FA00FED9D521}.Release|Mixed Platforms.Build.0 = Release|x86
		{0E0EC864-5A1E-4007-865F-FA00FED9D521}.Release|x86.ActiveCfg = Release|x86
		{0E0EC864-5A1E-4007-865F-FA00FED9D521}.Release|x86.Build.0 = Release|x86
		{919C3FB5-7325-44F9-A409-718BC316A332}.cutDebug|Any CPU.ActiveCfg = cutDebug|Any CPU
		{919C3FB5-7325-44F9-A409-718BC316A332}.cutDebug|Any CPU.Build.0 = cutDebug|Any CPU
		{919C3FB5-7325-44F9-A409-718BC316A332}.cutDebug|Mixed Platforms.ActiveCfg = cutDebug|Any CPU
		{919C3FB5-7325-44F9-A409-718BC316A332}.cutDebug|Mixed Platforms.Build.0 = cutDebug|Any CPU
		{919C3FB5-7325-44F9-A409-718BC316A332}.cutDebug|x86.ActiveCfg = cutDebug|Any CPU
		{919C3FB5-7325-44F9-A409-718BC316A332}.Debug|Any CPU.ActiveCfg = Debug|Any CPU
		{919C3FB5-7325-44F9-A409-718BC316A332}.Debug|Any CPU.Build.0 = Debug|Any CPU
		{919C3FB5-7325-44F9-A409-718BC316A332}.Debug|Mixed Platforms.ActiveCfg = Debug|Any CPU
		{919C3FB5-7325-44F9-A409-718BC316A332}.Debug|Mixed Platforms.Build.0 = Debug|Any CPU
		{919C3FB5-7325-44F9-A409-718BC316A332}.Debug|x86.ActiveCfg = Debug|Any CPU
		{919C3FB5-7325-44F9-A409-718BC316A332}.NewBug|Any CPU.ActiveCfg = NewBug|Any CPU
		{919C3FB5-7325-44F9-A409-718BC316A332}.NewBug|Any CPU.Build.0 = NewBug|Any CPU
		{919C3FB5-7325-44F9-A409-718BC316A332}.NewBug|Mixed Platforms.ActiveCfg = NewBug|Any CPU
		{919C3FB5-7325-44F9-A409-718BC316A332}.NewBug|Mixed Platforms.Build.0 = NewBug|Any CPU
		{919C3FB5-7325-44F9-A409-718BC316A332}.NewBug|x86.ActiveCfg = NewBug|Any CPU
		{919C3FB5-7325-44F9-A409-718BC316A332}.NewDebug|Any CPU.ActiveCfg = NewDebug|Any CPU
		{919C3FB5-7325-44F9-A409-718BC316A332}.NewDebug|Any CPU.Build.0 = NewDebug|Any CPU
		{919C3FB5-7325-44F9-A409-718BC316A332}.NewDebug|Mixed Platforms.ActiveCfg = NewDebug|Any CPU
		{919C3FB5-7325-44F9-A409-718BC316A332}.NewDebug|Mixed Platforms.Build.0 = NewDebug|Any CPU
		{919C3FB5-7325-44F9-A409-718BC316A332}.NewDebug|x86.ActiveCfg = NewDebug|Any CPU
		{919C3FB5-7325-44F9-A409-718BC316A332}.Release|Any CPU.ActiveCfg = Release|Any CPU
		{919C3FB5-7325-44F9-A409-718BC316A332}.Release|Any CPU.Build.0 = Release|Any CPU
		{919C3FB5-7325-44F9-A409-718BC316A332}.Release|Mixed Platforms.ActiveCfg = Release|Any CPU
		{919C3FB5-7325-44F9-A409-718BC316A332}.Release|Mixed Platforms.Build.0 = Release|Any CPU
		{919C3FB5-7325-44F9-A409-718BC316A332}.Release|x86.ActiveCfg = Release|Any CPU
		{2A381CBB-8291-435C-A8E3-BBF3B590B2B6}.cutDebug|Any CPU.ActiveCfg = cutDebug|Any CPU
		{2A381CBB-8291-435C-A8E3-BBF3B590B2B6}.cutDebug|Any CPU.Build.0 = cutDebug|Any CPU
		{2A381CBB-8291-435C-A8E3-BBF3B590B2B6}.cutDebug|Mixed Platforms.ActiveCfg = cutDebug|Any CPU
		{2A381CBB-8291-435C-A8E3-BBF3B590B2B6}.cutDebug|Mixed Platforms.Build.0 = cutDebug|Any CPU
		{2A381CBB-8291-435C-A8E3-BBF3B590B2B6}.cutDebug|x86.ActiveCfg = cutDebug|Any CPU
		{2A381CBB-8291-435C-A8E3-BBF3B590B2B6}.Debug|Any CPU.ActiveCfg = Debug|Any CPU
		{2A381CBB-8291-435C-A8E3-BBF3B590B2B6}.Debug|Any CPU.Build.0 = Debug|Any CPU
		{2A381CBB-8291-435C-A8E3-BBF3B590B2B6}.Debug|Mixed Platforms.ActiveCfg = Debug|Any CPU
		{2A381CBB-8291-435C-A8E3-BBF3B590B2B6}.Debug|Mixed Platforms.Build.0 = Debug|Any CPU
		{2A381CBB-8291-435C-A8E3-BBF3B590B2B6}.Debug|x86.ActiveCfg = Debug|Any CPU
		{2A381CBB-8291-435C-A8E3-BBF3B590B2B6}.NewBug|Any CPU.ActiveCfg = NewBug|Any CPU
		{2A381CBB-8291-435C-A8E3-BBF3B590B2B6}.NewBug|Any CPU.Build.0 = NewBug|Any CPU
		{2A381CBB-8291-435C-A8E3-BBF3B590B2B6}.NewBug|Mixed Platforms.ActiveCfg = NewBug|Any CPU
		{2A381CBB-8291-435C-A8E3-BBF3B590B2B6}.NewBug|Mixed Platforms.Build.0 = NewBug|Any CPU
		{2A381CBB-8291-435C-A8E3-BBF3B590B2B6}.NewBug|x86.ActiveCfg = NewBug|Any CPU
		{2A381CBB-8291-435C-A8E3-BBF3B590B2B6}.NewDebug|Any CPU.ActiveCfg = NewDebug|Any CPU
		{2A381CBB-8291-435C-A8E3-BBF3B590B2B6}.NewDebug|Any CPU.Build.0 = NewDebug|Any CPU
		{2A381CBB-8291-435C-A8E3-BBF3B590B2B6}.NewDebug|Mixed Platforms.ActiveCfg = NewDebug|Any CPU
		{2A381CBB-8291-435C-A8E3-BBF3B590B2B6}.NewDebug|Mixed Platforms.Build.0 = NewDebug|Any CPU
		{2A381CBB-8291-435C-A8E3-BBF3B590B2B6}.NewDebug|x86.ActiveCfg = NewDebug|Any CPU
		{2A381CBB-8291-435C-A8E3-BBF3B590B2B6}.Release|Any CPU.ActiveCfg = Release|Any CPU
		{2A381CBB-8291-435C-A8E3-BBF3B590B2B6}.Release|Any CPU.Build.0 = Release|Any CPU
		{2A381CBB-8291-435C-A8E3-BBF3B590B2B6}.Release|Mixed Platforms.ActiveCfg = Release|Any CPU
		{2A381CBB-8291-435C-A8E3-BBF3B590B2B6}.Release|Mixed Platforms.Build.0 = Release|Any CPU
		{2A381CBB-8291-435C-A8E3-BBF3B590B2B6}.Release|x86.ActiveCfg = Release|Any CPU
		{4C86177A-4FD7-404B-8712-A5133154C2AC}.cutDebug|Any CPU.ActiveCfg = cutDebug|x86
		{4C86177A-4FD7-404B-8712-A5133154C2AC}.cutDebug|Mixed Platforms.ActiveCfg = cutDebug|x86
		{4C86177A-4FD7-404B-8712-A5133154C2AC}.cutDebug|Mixed Platforms.Build.0 = cutDebug|x86
		{4C86177A-4FD7-404B-8712-A5133154C2AC}.cutDebug|x86.ActiveCfg = cutDebug|x86
		{4C86177A-4FD7-404B-8712-A5133154C2AC}.cutDebug|x86.Build.0 = cutDebug|x86
		{4C86177A-4FD7-404B-8712-A5133154C2AC}.Debug|Any CPU.ActiveCfg = Debug|x86
		{4C86177A-4FD7-404B-8712-A5133154C2AC}.Debug|Mixed Platforms.ActiveCfg = Debug|x86
		{4C86177A-4FD7-404B-8712-A5133154C2AC}.Debug|Mixed Platforms.Build.0 = Debug|x86
		{4C86177A-4FD7-404B-8712-A5133154C2AC}.Debug|x86.ActiveCfg = Debug|x86
		{4C86177A-4FD7-404B-8712-A5133154C2AC}.Debug|x86.Build.0 = Debug|x86
		{4C86177A-4FD7-404B-8712-A5133154C2AC}.NewBug|Any CPU.ActiveCfg = NewBug|x86
		{4C86177A-4FD7-404B-8712-A5133154C2AC}.NewBug|Mixed Platforms.ActiveCfg = NewBug|x86
		{4C86177A-4FD7-404B-8712-A5133154C2AC}.NewBug|Mixed Platforms.Build.0 = NewBug|x86
		{4C86177A-4FD7-404B-8712-A5133154C2AC}.NewBug|x86.ActiveCfg = NewBug|x86
		{4C86177A-4FD7-404B-8712-A5133154C2AC}.NewBug|x86.Build.0 = NewBug|x86
		{4C86177A-4FD7-404B-8712-A5133154C2AC}.NewDebug|Any CPU.ActiveCfg = NewDebug|x86
		{4C86177A-4FD7-404B-8712-A5133154C2AC}.NewDebug|Mixed Platforms.ActiveCfg = NewDebug|x86
		{4C86177A-4FD7-404B-8712-A5133154C2AC}.NewDebug|Mixed Platforms.Build.0 = NewDebug|x86
		{4C86177A-4FD7-404B-8712-A5133154C2AC}.NewDebug|x86.ActiveCfg = NewDebug|x86
		{4C86177A-4FD7-404B-8712-A5133154C2AC}.NewDebug|x86.Build.0 = NewDebug|x86
		{4C86177A-4FD7-404B-8712-A5133154C2AC}.Release|Any CPU.ActiveCfg = Release|x86
		{4C86177A-4FD7-404B-8712-A5133154C2AC}.Release|Mixed Platforms.ActiveCfg = Release|x86
		{4C86177A-4FD7-404B-8712-A5133154C2AC}.Release|Mixed Platforms.Build.0 = Release|x86
		{4C86177A-4FD7-404B-8712-A5133154C2AC}.Release|x86.ActiveCfg = Release|x86
		{4C86177A-4FD7-404B-8712-A5133154C2AC}.Release|x86.Build.0 = Release|x86
		{87C584CB-AC72-4252-A74E-3C408B80E407}.cutDebug|Any CPU.ActiveCfg = Debug|x86
		{87C584CB-AC72-4252-A74E-3C408B80E407}.cutDebug|Mixed Platforms.ActiveCfg = Debug|x86
		{87C584CB-AC72-4252-A74E-3C408B80E407}.cutDebug|Mixed Platforms.Build.0 = Debug|x86
		{87C584CB-AC72-4252-A74E-3C408B80E407}.cutDebug|x86.ActiveCfg = Debug|x86
		{87C584CB-AC72-4252-A74E-3C408B80E407}.cutDebug|x86.Build.0 = Debug|x86
		{87C584CB-AC72-4252-A74E-3C408B80E407}.Debug|Any CPU.ActiveCfg = Debug|x86
		{87C584CB-AC72-4252-A74E-3C408B80E407}.Debug|Mixed Platforms.ActiveCfg = Debug|x86
		{87C584CB-AC72-4252-A74E-3C408B80E407}.Debug|Mixed Platforms.Build.0 = Debug|x86
		{87C584CB-AC72-4252-A74E-3C408B80E407}.Debug|x86.ActiveCfg = Debug|x86
		{87C584CB-AC72-4252-A74E-3C408B80E407}.Debug|x86.Build.0 = Debug|x86
		{87C584CB-AC72-4252-A74E-3C408B80E407}.NewBug|Any CPU.ActiveCfg = Release|x86
		{87C584CB-AC72-4252-A74E-3C408B80E407}.NewBug|Mixed Platforms.ActiveCfg = Release|x86
		{87C584CB-AC72-4252-A74E-3C408B80E407}.NewBug|Mixed Platforms.Build.0 = Release|x86
		{87C584CB-AC72-4252-A74E-3C408B80E407}.NewBug|x86.ActiveCfg = Release|x86
		{87C584CB-AC72-4252-A74E-3C408B80E407}.NewBug|x86.Build.0 = Release|x86
		{87C584CB-AC72-4252-A74E-3C408B80E407}.NewDebug|Any CPU.ActiveCfg = Debug|x86
		{87C584CB-AC72-4252-A74E-3C408B80E407}.NewDebug|Mixed Platforms.ActiveCfg = Debug|x86
		{87C584CB-AC72-4252-A74E-3C408B80E407}.NewDebug|Mixed Platforms.Build.0 = Debug|x86
		{87C584CB-AC72-4252-A74E-3C408B80E407}.NewDebug|x86.ActiveCfg = Debug|x86
		{87C584CB-AC72-4252-A74E-3C408B80E407}.NewDebug|x86.Build.0 = Debug|x86
		{87C584CB-AC72-4252-A74E-3C408B80E407}.Release|Any CPU.ActiveCfg = Release|x86
		{87C584CB-AC72-4252-A74E-3C408B80E407}.Release|Mixed Platforms.ActiveCfg = Release|x86
		{87C584CB-AC72-4252-A74E-3C408B80E407}.Release|Mixed Platforms.Build.0 = Release|x86
		{87C584CB-AC72-4252-A74E-3C408B80E407}.Release|x86.ActiveCfg = Release|x86
		{87C584CB-AC72-4252-A74E-3C408B80E407}.Release|x86.Build.0 = Release|x86
		{7691D0B0-52FA-430E-B87C-EBE1E8D4B825}.cutDebug|Any CPU.ActiveCfg = Debug|Any CPU
		{7691D0B0-52FA-430E-B87C-EBE1E8D4B825}.cutDebug|Any CPU.Build.0 = Debug|Any CPU
		{7691D0B0-52FA-430E-B87C-EBE1E8D4B825}.cutDebug|Mixed Platforms.ActiveCfg = Debug|x86
		{7691D0B0-52FA-430E-B87C-EBE1E8D4B825}.cutDebug|Mixed Platforms.Build.0 = Debug|x86
		{7691D0B0-52FA-430E-B87C-EBE1E8D4B825}.cutDebug|x86.ActiveCfg = Debug|x86
		{7691D0B0-52FA-430E-B87C-EBE1E8D4B825}.cutDebug|x86.Build.0 = Debug|x86
		{7691D0B0-52FA-430E-B87C-EBE1E8D4B825}.Debug|Any CPU.ActiveCfg = Debug|Any CPU
		{7691D0B0-52FA-430E-B87C-EBE1E8D4B825}.Debug|Any CPU.Build.0 = Debug|Any CPU
		{7691D0B0-52FA-430E-B87C-EBE1E8D4B825}.Debug|Mixed Platforms.ActiveCfg = Debug|x86
		{7691D0B0-52FA-430E-B87C-EBE1E8D4B825}.Debug|Mixed Platforms.Build.0 = Debug|x86
		{7691D0B0-52FA-430E-B87C-EBE1E8D4B825}.Debug|x86.ActiveCfg = Debug|x86
		{7691D0B0-52FA-430E-B87C-EBE1E8D4B825}.Debug|x86.Build.0 = Debug|x86
		{7691D0B0-52FA-430E-B87C-EBE1E8D4B825}.NewBug|Any CPU.ActiveCfg = Release|x86
		{7691D0B0-52FA-430E-B87C-EBE1E8D4B825}.NewBug|Mixed Platforms.ActiveCfg = Release|x86
		{7691D0B0-52FA-430E-B87C-EBE1E8D4B825}.NewBug|Mixed Platforms.Build.0 = Release|x86
		{7691D0B0-52FA-430E-B87C-EBE1E8D4B825}.NewBug|x86.ActiveCfg = Release|x86
		{7691D0B0-52FA-430E-B87C-EBE1E8D4B825}.NewBug|x86.Build.0 = Release|x86
		{7691D0B0-52FA-430E-B87C-EBE1E8D4B825}.NewDebug|Any CPU.ActiveCfg = Debug|Any CPU
		{7691D0B0-52FA-430E-B87C-EBE1E8D4B825}.NewDebug|Any CPU.Build.0 = Debug|Any CPU
		{7691D0B0-52FA-430E-B87C-EBE1E8D4B825}.NewDebug|Mixed Platforms.ActiveCfg = Debug|x86
		{7691D0B0-52FA-430E-B87C-EBE1E8D4B825}.NewDebug|Mixed Platforms.Build.0 = Debug|x86
		{7691D0B0-52FA-430E-B87C-EBE1E8D4B825}.NewDebug|x86.ActiveCfg = Debug|x86
		{7691D0B0-52FA-430E-B87C-EBE1E8D4B825}.NewDebug|x86.Build.0 = Debug|x86
		{7691D0B0-52FA-430E-B87C-EBE1E8D4B825}.Release|Any CPU.ActiveCfg = Release|Any CPU
		{7691D0B0-52FA-430E-B87C-EBE1E8D4B825}.Release|Any CPU.Build.0 = Release|Any CPU
		{7691D0B0-52FA-430E-B87C-EBE1E8D4B825}.Release|Mixed Platforms.ActiveCfg = Release|x86
		{7691D0B0-52FA-430E-B87C-EBE1E8D4B825}.Release|Mixed Platforms.Build.0 = Release|x86
		{7691D0B0-52FA-430E-B87C-EBE1E8D4B825}.Release|x86.ActiveCfg = Release|x86
		{7691D0B0-52FA-430E-B87C-EBE1E8D4B825}.Release|x86.Build.0 = Release|x86
		{676DD950-3E17-4F44-ABF6-8BFA400B5799}.cutDebug|Any CPU.ActiveCfg = Debug|x86
		{676DD950-3E17-4F44-ABF6-8BFA400B5799}.cutDebug|Mixed Platforms.ActiveCfg = Debug|x86
		{676DD950-3E17-4F44-ABF6-8BFA400B5799}.cutDebug|Mixed Platforms.Build.0 = Debug|x86
		{676DD950-3E17-4F44-ABF6-8BFA400B5799}.cutDebug|x86.ActiveCfg = Debug|x86
		{676DD950-3E17-4F44-ABF6-8BFA400B5799}.cutDebug|x86.Build.0 = Debug|x86
		{676DD950-3E17-4F44-ABF6-8BFA400B5799}.Debug|Any CPU.ActiveCfg = Debug|x86
		{676DD950-3E17-4F44-ABF6-8BFA400B5799}.Debug|Mixed Platforms.ActiveCfg = Debug|x86
		{676DD950-3E17-4F44-ABF6-8BFA400B5799}.Debug|Mixed Platforms.Build.0 = Debug|x86
		{676DD950-3E17-4F44-ABF6-8BFA400B5799}.Debug|x86.ActiveCfg = Debug|x86
		{676DD950-3E17-4F44-ABF6-8BFA400B5799}.Debug|x86.Build.0 = Debug|x86
		{676DD950-3E17-4F44-ABF6-8BFA400B5799}.NewBug|Any CPU.ActiveCfg = Release|x86
		{676DD950-3E17-4F44-ABF6-8BFA400B5799}.NewBug|Mixed Platforms.ActiveCfg = Release|x86
		{676DD950-3E17-4F44-ABF6-8BFA400B5799}.NewBug|Mixed Platforms.Build.0 = Release|x86
		{676DD950-3E17-4F44-ABF6-8BFA400B5799}.NewBug|x86.ActiveCfg = Release|x86
		{676DD950-3E17-4F44-ABF6-8BFA400B5799}.NewBug|x86.Build.0 = Release|x86
		{676DD950-3E17-4F44-ABF6-8BFA400B5799}.NewDebug|Any CPU.ActiveCfg = Debug|x86
		{676DD950-3E17-4F44-ABF6-8BFA400B5799}.NewDebug|Mixed Platforms.ActiveCfg = Debug|x86
		{676DD950-3E17-4F44-ABF6-8BFA400B5799}.NewDebug|Mixed Platforms.Build.0 = Debug|x86
		{676DD950-3E17-4F44-ABF6-8BFA400B5799}.NewDebug|x86.ActiveCfg = Debug|x86
		{676DD950-3E17-4F44-ABF6-8BFA400B5799}.NewDebug|x86.Build.0 = Debug|x86
		{676DD950-3E17-4F44-ABF6-8BFA400B5799}.Release|Any CPU.ActiveCfg = Release|x86
		{676DD950-3E17-4F44-ABF6-8BFA400B5799}.Release|Mixed Platforms.ActiveCfg = Release|x86
		{676DD950-3E17-4F44-ABF6-8BFA400B5799}.Release|Mixed Platforms.Build.0 = Release|x86
		{676DD950-3E17-4F44-ABF6-8BFA400B5799}.Release|x86.ActiveCfg = Release|x86
		{676DD950-3E17-4F44-ABF6-8BFA400B5799}.Release|x86.Build.0 = Release|x86
		{6A1C6839-8B18-442D-9AC5-865BEAA8D04E}.cutDebug|Any CPU.ActiveCfg = Debug|x86
		{6A1C6839-8B18-442D-9AC5-865BEAA8D04E}.cutDebug|Mixed Platforms.ActiveCfg = Debug|x86
		{6A1C6839-8B18-442D-9AC5-865BEAA8D04E}.cutDebug|Mixed Platforms.Build.0 = Debug|x86
		{6A1C6839-8B18-442D-9AC5-865BEAA8D04E}.cutDebug|x86.ActiveCfg = Debug|x86
		{6A1C6839-8B18-442D-9AC5-865BEAA8D04E}.cutDebug|x86.Build.0 = Debug|x86
		{6A1C6839-8B18-442D-9AC5-865BEAA8D04E}.Debug|Any CPU.ActiveCfg = Debug|x86
		{6A1C6839-8B18-442D-9AC5-865BEAA8D04E}.Debug|Mixed Platforms.ActiveCfg = Debug|x86
		{6A1C6839-8B18-442D-9AC5-865BEAA8D04E}.Debug|Mixed Platforms.Build.0 = Debug|x86
		{6A1C6839-8B18-442D-9AC5-865BEAA8D04E}.Debug|x86.ActiveCfg = Debug|x86
		{6A1C6839-8B18-442D-9AC5-865BEAA8D04E}.Debug|x86.Build.0 = Debug|x86
		{6A1C6839-8B18-442D-9AC5-865BEAA8D04E}.NewBug|Any CPU.ActiveCfg = Release|x86
		{6A1C6839-8B18-442D-9AC5-865BEAA8D04E}.NewBug|Mixed Platforms.ActiveCfg = Release|x86
		{6A1C6839-8B18-442D-9AC5-865BEAA8D04E}.NewBug|Mixed Platforms.Build.0 = Release|x86
		{6A1C6839-8B18-442D-9AC5-865BEAA8D04E}.NewBug|x86.ActiveCfg = Release|x86
		{6A1C6839-8B18-442D-9AC5-865BEAA8D04E}.NewBug|x86.Build.0 = Release|x86
		{6A1C6839-8B18-442D-9AC5-865BEAA8D04E}.NewDebug|Any CPU.ActiveCfg = Debug|x86
		{6A1C6839-8B18-442D-9AC5-865BEAA8D04E}.NewDebug|Mixed Platforms.ActiveCfg = Debug|x86
		{6A1C6839-8B18-442D-9AC5-865BEAA8D04E}.NewDebug|Mixed Platforms.Build.0 = Debug|x86
		{6A1C6839-8B18-442D-9AC5-865BEAA8D04E}.NewDebug|x86.ActiveCfg = Debug|x86
		{6A1C6839-8B18-442D-9AC5-865BEAA8D04E}.NewDebug|x86.Build.0 = Debug|x86
		{6A1C6839-8B18-442D-9AC5-865BEAA8D04E}.Release|Any CPU.ActiveCfg = Release|x86
		{6A1C6839-8B18-442D-9AC5-865BEAA8D04E}.Release|Mixed Platforms.ActiveCfg = Release|x86
		{6A1C6839-8B18-442D-9AC5-865BEAA8D04E}.Release|Mixed Platforms.Build.0 = Release|x86
		{6A1C6839-8B18-442D-9AC5-865BEAA8D04E}.Release|x86.ActiveCfg = Release|x86
		{6A1C6839-8B18-442D-9AC5-865BEAA8D04E}.Release|x86.Build.0 = Release|x86
		{17FA589B-493F-4D10-A20B-BBE7B012245B}.cutDebug|Any CPU.ActiveCfg = Debug|Any CPU
		{17FA589B-493F-4D10-A20B-BBE7B012245B}.cutDebug|Any CPU.Build.0 = Debug|Any CPU
		{17FA589B-493F-4D10-A20B-BBE7B012245B}.cutDebug|Mixed Platforms.ActiveCfg = Debug|Any CPU
		{17FA589B-493F-4D10-A20B-BBE7B012245B}.cutDebug|Mixed Platforms.Build.0 = Debug|Any CPU
		{17FA589B-493F-4D10-A20B-BBE7B012245B}.cutDebug|x86.ActiveCfg = Debug|Any CPU
		{17FA589B-493F-4D10-A20B-BBE7B012245B}.Debug|Any CPU.ActiveCfg = Debug|Any CPU
		{17FA589B-493F-4D10-A20B-BBE7B012245B}.Debug|Any CPU.Build.0 = Debug|Any CPU
		{17FA589B-493F-4D10-A20B-BBE7B012245B}.Debug|Mixed Platforms.ActiveCfg = Debug|Any CPU
		{17FA589B-493F-4D10-A20B-BBE7B012245B}.Debug|Mixed Platforms.Build.0 = Debug|Any CPU
		{17FA589B-493F-4D10-A20B-BBE7B012245B}.Debug|x86.ActiveCfg = Debug|Any CPU
		{17FA589B-493F-4D10-A20B-BBE7B012245B}.NewBug|Any CPU.ActiveCfg = Debug|Any CPU
		{17FA589B-493F-4D10-A20B-BBE7B012245B}.NewBug|Any CPU.Build.0 = Debug|Any CPU
		{17FA589B-493F-4D10-A20B-BBE7B012245B}.NewBug|Mixed Platforms.ActiveCfg = Debug|Any CPU
		{17FA589B-493F-4D10-A20B-BBE7B012245B}.NewBug|Mixed Platforms.Build.0 = Debug|Any CPU
		{17FA589B-493F-4D10-A20B-BBE7B012245B}.NewBug|x86.ActiveCfg = Debug|Any CPU
		{17FA589B-493F-4D10-A20B-BBE7B012245B}.NewDebug|Any CPU.ActiveCfg = Debug|Any CPU
		{17FA589B-493F-4D10-A20B-BBE7B012245B}.NewDebug|Any CPU.Build.0 = Debug|Any CPU
		{17FA589B-493F-4D10-A20B-BBE7B012245B}.NewDebug|Mixed Platforms.ActiveCfg = Debug|Any CPU
		{17FA589B-493F-4D10-A20B-BBE7B012245B}.NewDebug|Mixed Platforms.Build.0 = Debug|Any CPU
		{17FA589B-493F-4D10-A20B-BBE7B012245B}.NewDebug|x86.ActiveCfg = Debug|Any CPU
		{17FA589B-493F-4D10-A20B-BBE7B012245B}.Release|Any CPU.ActiveCfg = Debug|Any CPU
		{17FA589B-493F-4D10-A20B-BBE7B012245B}.Release|Any CPU.Build.0 = Debug|Any CPU
		{17FA589B-493F-4D10-A20B-BBE7B012245B}.Release|Mixed Platforms.ActiveCfg = Debug|Any CPU
		{17FA589B-493F-4D10-A20B-BBE7B012245B}.Release|Mixed Platforms.Build.0 = Debug|Any CPU
		{17FA589B-493F-4D10-A20B-BBE7B012245B}.Release|x86.ActiveCfg = Debug|Any CPU
		{0AEB6EC5-ADAB-4A2A-AD82-633E980A4A57}.cutDebug|Any CPU.ActiveCfg = Debug|Any CPU
		{0AEB6EC5-ADAB-4A2A-AD82-633E980A4A57}.cutDebug|Any CPU.Build.0 = Debug|Any CPU
		{0AEB6EC5-ADAB-4A2A-AD82-633E980A4A57}.cutDebug|Mixed Platforms.ActiveCfg = Debug|Any CPU
		{0AEB6EC5-ADAB-4A2A-AD82-633E980A4A57}.cutDebug|Mixed Platforms.Build.0 = Debug|Any CPU
		{0AEB6EC5-ADAB-4A2A-AD82-633E980A4A57}.cutDebug|x86.ActiveCfg = Debug|Any CPU
		{0AEB6EC5-ADAB-4A2A-AD82-633E980A4A57}.Debug|Any CPU.ActiveCfg = Debug|Any CPU
		{0AEB6EC5-ADAB-4A2A-AD82-633E980A4A57}.Debug|Any CPU.Build.0 = Debug|Any CPU
		{0AEB6EC5-ADAB-4A2A-AD82-633E980A4A57}.Debug|Mixed Platforms.ActiveCfg = Debug|Any CPU
		{0AEB6EC5-ADAB-4A2A-AD82-633E980A4A57}.Debug|Mixed Platforms.Build.0 = Debug|Any CPU
		{0AEB6EC5-ADAB-4A2A-AD82-633E980A4A57}.Debug|x86.ActiveCfg = Debug|Any CPU
		{0AEB6EC5-ADAB-4A2A-AD82-633E980A4A57}.NewBug|Any CPU.ActiveCfg = Release|Any CPU
		{0AEB6EC5-ADAB-4A2A-AD82-633E980A4A57}.NewBug|Any CPU.Build.0 = Release|Any CPU
		{0AEB6EC5-ADAB-4A2A-AD82-633E980A4A57}.NewBug|Mixed Platforms.ActiveCfg = Release|Any CPU
		{0AEB6EC5-ADAB-4A2A-AD82-633E980A4A57}.NewBug|Mixed Platforms.Build.0 = Release|Any CPU
		{0AEB6EC5-ADAB-4A2A-AD82-633E980A4A57}.NewBug|x86.ActiveCfg = Release|Any CPU
		{0AEB6EC5-ADAB-4A2A-AD82-633E980A4A57}.NewDebug|Any CPU.ActiveCfg = Debug|Any CPU
		{0AEB6EC5-ADAB-4A2A-AD82-633E980A4A57}.NewDebug|Any CPU.Build.0 = Debug|Any CPU
		{0AEB6EC5-ADAB-4A2A-AD82-633E980A4A57}.NewDebug|Mixed Platforms.ActiveCfg = Debug|Any CPU
		{0AEB6EC5-ADAB-4A2A-AD82-633E980A4A57}.NewDebug|Mixed Platforms.Build.0 = Debug|Any CPU
		{0AEB6EC5-ADAB-4A2A-AD82-633E980A4A57}.NewDebug|x86.ActiveCfg = Debug|Any CPU
		{0AEB6EC5-ADAB-4A2A-AD82-633E980A4A57}.Release|Any CPU.ActiveCfg = Release|Any CPU
		{0AEB6EC5-ADAB-4A2A-AD82-633E980A4A57}.Release|Any CPU.Build.0 = Release|Any CPU
		{0AEB6EC5-ADAB-4A2A-AD82-633E980A4A57}.Release|Mixed Platforms.ActiveCfg = Release|Any CPU
		{0AEB6EC5-ADAB-4A2A-AD82-633E980A4A57}.Release|Mixed Platforms.Build.0 = Release|Any CPU
		{0AEB6EC5-ADAB-4A2A-AD82-633E980A4A57}.Release|x86.ActiveCfg = Release|Any CPU
		{D93BD719-8AFC-4BFE-B1B9-91190061E9FC}.cutDebug|Any CPU.ActiveCfg = Debug|Any CPU
		{D93BD719-8AFC-4BFE-B1B9-91190061E9FC}.cutDebug|Any CPU.Build.0 = Debug|Any CPU
		{D93BD719-8AFC-4BFE-B1B9-91190061E9FC}.cutDebug|Mixed Platforms.ActiveCfg = Debug|Any CPU
		{D93BD719-8AFC-4BFE-B1B9-91190061E9FC}.cutDebug|Mixed Platforms.Build.0 = Debug|Any CPU
		{D93BD719-8AFC-4BFE-B1B9-91190061E9FC}.cutDebug|x86.ActiveCfg = Debug|Any CPU
		{D93BD719-8AFC-4BFE-B1B9-91190061E9FC}.Debug|Any CPU.ActiveCfg = Debug|Any CPU
		{D93BD719-8AFC-4BFE-B1B9-91190061E9FC}.Debug|Any CPU.Build.0 = Debug|Any CPU
		{D93BD719-8AFC-4BFE-B1B9-91190061E9FC}.Debug|Mixed Platforms.ActiveCfg = Debug|Any CPU
		{D93BD719-8AFC-4BFE-B1B9-91190061E9FC}.Debug|Mixed Platforms.Build.0 = Debug|Any CPU
		{D93BD719-8AFC-4BFE-B1B9-91190061E9FC}.Debug|x86.ActiveCfg = Debug|Any CPU
		{D93BD719-8AFC-4BFE-B1B9-91190061E9FC}.NewBug|Any CPU.ActiveCfg = Debug|Any CPU
		{D93BD719-8AFC-4BFE-B1B9-91190061E9FC}.NewBug|Any CPU.Build.0 = Debug|Any CPU
		{D93BD719-8AFC-4BFE-B1B9-91190061E9FC}.NewBug|Mixed Platforms.ActiveCfg = Debug|Any CPU
		{D93BD719-8AFC-4BFE-B1B9-91190061E9FC}.NewBug|Mixed Platforms.Build.0 = Debug|Any CPU
		{D93BD719-8AFC-4BFE-B1B9-91190061E9FC}.NewBug|x86.ActiveCfg = Debug|Any CPU
		{D93BD719-8AFC-4BFE-B1B9-91190061E9FC}.NewDebug|Any CPU.ActiveCfg = Debug|Any CPU
		{D93BD719-8AFC-4BFE-B1B9-91190061E9FC}.NewDebug|Any CPU.Build.0 = Debug|Any CPU
		{D93BD719-8AFC-4BFE-B1B9-91190061E9FC}.NewDebug|Mixed Platforms.ActiveCfg = Debug|Any CPU
		{D93BD719-8AFC-4BFE-B1B9-91190061E9FC}.NewDebug|Mixed Platforms.Build.0 = Debug|Any CPU
		{D93BD719-8AFC-4BFE-B1B9-91190061E9FC}.NewDebug|x86.ActiveCfg = Debug|Any CPU
		{D93BD719-8AFC-4BFE-B1B9-91190061E9FC}.Release|Any CPU.ActiveCfg = Debug|Any CPU
		{D93BD719-8AFC-4BFE-B1B9-91190061E9FC}.Release|Any CPU.Build.0 = Debug|Any CPU
		{D93BD719-8AFC-4BFE-B1B9-91190061E9FC}.Release|Mixed Platforms.ActiveCfg = Debug|Any CPU
		{D93BD719-8AFC-4BFE-B1B9-91190061E9FC}.Release|Mixed Platforms.Build.0 = Debug|Any CPU
		{D93BD719-8AFC-4BFE-B1B9-91190061E9FC}.Release|x86.ActiveCfg = Debug|Any CPU
	EndGlobalSection
	GlobalSection(SolutionProperties) = preSolution
		HideSolutionNode = FALSE
	EndGlobalSection
	GlobalSection(NestedProjects) = preSolution
		{87C584CB-AC72-4252-A74E-3C408B80E407} = {64EC2154-2080-438C-9D04-7BDB1EB81941}
		{7691D0B0-52FA-430E-B87C-EBE1E8D4B825} = {64EC2154-2080-438C-9D04-7BDB1EB81941}
		{676DD950-3E17-4F44-ABF6-8BFA400B5799} = {64EC2154-2080-438C-9D04-7BDB1EB81941}
		{6A1C6839-8B18-442D-9AC5-865BEAA8D04E} = {64EC2154-2080-438C-9D04-7BDB1EB81941}
		{6F80BD39-3CBA-4C1F-9A38-10E4169A226F} = {64EC2154-2080-438C-9D04-7BDB1EB81941}
		{17FA589B-493F-4D10-A20B-BBE7B012245B} = {64EC2154-2080-438C-9D04-7BDB1EB81941}
		{0AEB6EC5-ADAB-4A2A-AD82-633E980A4A57} = {64EC2154-2080-438C-9D04-7BDB1EB81941}
		{CC63219E-4F62-4F5A-8658-17DD2EB60071} = {157B249B-D12C-4507-BCF6-13688C89D2F1}
		{73F82F07-D85B-4636-BDF7-5C66C4E41577} = {157B249B-D12C-4507-BCF6-13688C89D2F1}
		{80BEB472-2C33-40F9-8FA8-9C7C263C0498} = {157B249B-D12C-4507-BCF6-13688C89D2F1}
		{0E0EC864-5A1E-4007-865F-FA00FED9D521} = {157B249B-D12C-4507-BCF6-13688C89D2F1}
		{919C3FB5-7325-44F9-A409-718BC316A332} = {157B249B-D12C-4507-BCF6-13688C89D2F1}
		{2A381CBB-8291-435C-A8E3-BBF3B590B2B6} = {157B249B-D12C-4507-BCF6-13688C89D2F1}
		{4C86177A-4FD7-404B-8712-A5133154C2AC} = {157B249B-D12C-4507-BCF6-13688C89D2F1}
		{D93BD719-8AFC-4BFE-B1B9-91190061E9FC} = {157B249B-D12C-4507-BCF6-13688C89D2F1}
	EndGlobalSection
EndGlobal
