
Microsoft Visual Studio Solution File, Format Version 11.00
# Visual Studio 2010
Project("{FAE04EC0-301F-11D3-BF4B-00C04F79EFBC}") = "CustomerCollector", "CustomerCollector\CustomerCollector.csproj", "{74873755-0C7B-44A1-B717-82458432A894}"
EndProject
Project("{FAE04EC0-301F-11D3-BF4B-00C04F79EFBC}") = "CustomerEntity", "CustomerEntity\CustomerEntity.csproj", "{D5C128FC-B929-4DEF-92F6-3CBE5D6F466E}"
EndProject
Project("{FAE04EC0-301F-11D3-BF4B-00C04F79EFBC}") = "CustomerMS", "CustomerMS\CustomerMS.csproj", "{49172054-C7AE-4993-AAE6-1BDD453F0345}"
EndProject
Project("{FAE04EC0-301F-11D3-BF4B-00C04F79EFBC}") = "DotNet.Tools", "..\DotNet.Tools\DotNet.Tools\DotNet.Tools.csproj", "{C56F4793-6746-4E12-BC43-91B9D08101DC}"
EndProject
Project("{FAE04EC0-301F-11D3-BF4B-00C04F79EFBC}") = "ResouceCollector", "..\ResouceCollector\ResouceCollector\ResouceCollector.csproj", "{1671D684-870F-488B-B530-1D7780ABB496}"
EndProject
Project("{FAE04EC0-301F-11D3-BF4B-00C04F79EFBC}") = "ResouceEntity", "..\ResouceCollector\ResouceEntity\ResouceEntity.csproj", "{114E0E8B-8A6C-4AB8-B6CB-3CD8CECA86CD}"
EndProject
Project("{FAE04EC0-301F-11D3-BF4B-00C04F79EFBC}") = "YoungRunEntity", "..\YoungRunMIS\YoungRunEntity\YoungRunEntity.csproj", "{2CC9DC3D-DF15-491F-86F0-2D3EA819B1B3}"
EndProject
Project("{FAE04EC0-301F-11D3-BF4B-00C04F79EFBC}") = "ResouceManagement", "..\ResouceManagement\ResouceManagement.csproj", "{017E794B-C1A9-4F87-A74B-AC219CB2DE22}"
EndProject
Project("{FAE04EC0-301F-11D3-BF4B-00C04F79EFBC}") = "YoungRunMIS", "..\YoungRunMIS\YoungRunMIS\YoungRunMIS.csproj", "{2CC840F2-66B2-487F-8F3C-7649FD510D3A}"
EndProject
Project("{FAE04EC0-301F-11D3-BF4B-00C04F79EFBC}") = "YoungRunST", "..\YoungRunMIS\YoungRunST\YoungRunST.csproj", "{8DFAC2E4-1997-4300-B370-FC99550B8B70}"
EndProject
Project("{FAE04EC0-301F-11D3-BF4B-00C04F79EFBC}") = "YoungRunLab", "..\YoungRunMIS\YoungRunLab\YoungRunLab.csproj", "{AEDEB12E-4CEC-4D46-8B95-28D0894B3676}"
EndProject
Project("{FAE04EC0-301F-11D3-BF4B-00C04F79EFBC}") = "XCoder", "..\..\Xcode-0930\XCoder\XCoder.csproj", "{3EB3A5F1-F785-4672-A21D-A3117FC12129}"
EndProject
Project("{FAE04EC0-301F-11D3-BF4B-00C04F79EFBC}") = "XCode", "..\..\Xcode-0930\XCode\XCode.csproj", "{B49ABA5A-C5DA-45F4-87F1-B435EC51D710}"
EndProject
Project("{FAE04EC0-301F-11D3-BF4B-00C04F79EFBC}") = "NewLife.CommonEntity", "..\..\Xcode-0930\NewLife.CommonEntity\NewLife.CommonEntity.csproj", "{50D7FAE5-2304-4395-A6FA-7D35279D9D84}"
EndProject
Project("{FAE04EC0-301F-11D3-BF4B-00C04F79EFBC}") = "NewLife.Core", "..\..\Xcode-0930\NewLife.Core\NewLife.Core.csproj", "{5813C22E-EEB3-4DEE-A45C-BB218041193A}"
EndProject
Project("{FAE04EC0-301F-11D3-BF4B-00C04F79EFBC}") = "YoungRunTest", "..\..\YoungRunTest\YoungRunTest.csproj", "{5DCE1325-25C6-4420-89D1-98AFE69BDB7A}"
EndProject
Project("{FAE04EC0-301F-11D3-BF4B-00C04F79EFBC}") = "EntLib.Controls.WinForm", "..\DotNet.Tools\DotNet.Tools\EntLib.Controls.WinForm\EntLib.Controls.WinForm.csproj", "{78F3AA10-4B97-426D-A18B-208463357125}"
EndProject
Global
	GlobalSection(SubversionScc) = preSolution
		Svn-Managed = True
		Manager = AnkhSVN - Subversion Support for Visual Studio
	EndGlobalSection
	GlobalSection(SolutionConfigurationPlatforms) = preSolution
		.Net 2.0|Any CPU = .Net 2.0|Any CPU
		.Net 2.0|Mixed Platforms = .Net 2.0|Mixed Platforms
		.Net 2.0|x86 = .Net 2.0|x86
		Debug|Any CPU = Debug|Any CPU
		Debug|Mixed Platforms = Debug|Mixed Platforms
		Debug|x86 = Debug|x86
		Release|Any CPU = Release|Any CPU
		Release|Mixed Platforms = Release|Mixed Platforms
		Release|x86 = Release|x86
	EndGlobalSection
	GlobalSection(ProjectConfigurationPlatforms) = postSolution
		{74873755-0C7B-44A1-B717-82458432A894}..Net 2.0|Any CPU.ActiveCfg = Release|x86
		{74873755-0C7B-44A1-B717-82458432A894}..Net 2.0|Mixed Platforms.ActiveCfg = Release|x86
		{74873755-0C7B-44A1-B717-82458432A894}..Net 2.0|Mixed Platforms.Build.0 = Release|x86
		{74873755-0C7B-44A1-B717-82458432A894}..Net 2.0|x86.ActiveCfg = Release|x86
		{74873755-0C7B-44A1-B717-82458432A894}..Net 2.0|x86.Build.0 = Release|x86
		{74873755-0C7B-44A1-B717-82458432A894}.Debug|Any CPU.ActiveCfg = Debug|x86
		{74873755-0C7B-44A1-B717-82458432A894}.Debug|Mixed Platforms.ActiveCfg = Debug|x86
		{74873755-0C7B-44A1-B717-82458432A894}.Debug|Mixed Platforms.Build.0 = Debug|x86
		{74873755-0C7B-44A1-B717-82458432A894}.Debug|x86.ActiveCfg = Debug|x86
		{74873755-0C7B-44A1-B717-82458432A894}.Debug|x86.Build.0 = Debug|x86
		{74873755-0C7B-44A1-B717-82458432A894}.Release|Any CPU.ActiveCfg = Release|x86
		{74873755-0C7B-44A1-B717-82458432A894}.Release|Mixed Platforms.ActiveCfg = Release|x86
		{74873755-0C7B-44A1-B717-82458432A894}.Release|Mixed Platforms.Build.0 = Release|x86
		{74873755-0C7B-44A1-B717-82458432A894}.Release|x86.ActiveCfg = Release|x86
		{74873755-0C7B-44A1-B717-82458432A894}.Release|x86.Build.0 = Release|x86
		{D5C128FC-B929-4DEF-92F6-3CBE5D6F466E}..Net 2.0|Any CPU.ActiveCfg = Release|x86
		{D5C128FC-B929-4DEF-92F6-3CBE5D6F466E}..Net 2.0|Mixed Platforms.ActiveCfg = Release|x86
		{D5C128FC-B929-4DEF-92F6-3CBE5D6F466E}..Net 2.0|Mixed Platforms.Build.0 = Release|x86
		{D5C128FC-B929-4DEF-92F6-3CBE5D6F466E}..Net 2.0|x86.ActiveCfg = Release|x86
		{D5C128FC-B929-4DEF-92F6-3CBE5D6F466E}..Net 2.0|x86.Build.0 = Release|x86
		{D5C128FC-B929-4DEF-92F6-3CBE5D6F466E}.Debug|Any CPU.ActiveCfg = Debug|x86
		{D5C128FC-B929-4DEF-92F6-3CBE5D6F466E}.Debug|Any CPU.Build.0 = Debug|x86
		{D5C128FC-B929-4DEF-92F6-3CBE5D6F466E}.Debug|Mixed Platforms.ActiveCfg = Debug|x86
		{D5C128FC-B929-4DEF-92F6-3CBE5D6F466E}.Debug|Mixed Platforms.Build.0 = Debug|x86
		{D5C128FC-B929-4DEF-92F6-3CBE5D6F466E}.Debug|x86.ActiveCfg = Debug|x86
		{D5C128FC-B929-4DEF-92F6-3CBE5D6F466E}.Debug|x86.Build.0 = Debug|x86
		{D5C128FC-B929-4DEF-92F6-3CBE5D6F466E}.Release|Any CPU.ActiveCfg = Release|x86
		{D5C128FC-B929-4DEF-92F6-3CBE5D6F466E}.Release|Any CPU.Build.0 = Release|x86
		{D5C128FC-B929-4DEF-92F6-3CBE5D6F466E}.Release|Mixed Platforms.ActiveCfg = Release|x86
		{D5C128FC-B929-4DEF-92F6-3CBE5D6F466E}.Release|Mixed Platforms.Build.0 = Release|x86
		{D5C128FC-B929-4DEF-92F6-3CBE5D6F466E}.Release|x86.ActiveCfg = Release|x86
		{D5C128FC-B929-4DEF-92F6-3CBE5D6F466E}.Release|x86.Build.0 = Release|x86
		{49172054-C7AE-4993-AAE6-1BDD453F0345}..Net 2.0|Any CPU.ActiveCfg = Release|x86
		{49172054-C7AE-4993-AAE6-1BDD453F0345}..Net 2.0|Mixed Platforms.ActiveCfg = Release|x86
		{49172054-C7AE-4993-AAE6-1BDD453F0345}..Net 2.0|Mixed Platforms.Build.0 = Release|x86
		{49172054-C7AE-4993-AAE6-1BDD453F0345}..Net 2.0|x86.ActiveCfg = Release|x86
		{49172054-C7AE-4993-AAE6-1BDD453F0345}..Net 2.0|x86.Build.0 = Release|x86
		{49172054-C7AE-4993-AAE6-1BDD453F0345}.Debug|Any CPU.ActiveCfg = Debug|x86
		{49172054-C7AE-4993-AAE6-1BDD453F0345}.Debug|Any CPU.Build.0 = Debug|x86
		{49172054-C7AE-4993-AAE6-1BDD453F0345}.Debug|Mixed Platforms.ActiveCfg = Debug|x86
		{49172054-C7AE-4993-AAE6-1BDD453F0345}.Debug|Mixed Platforms.Build.0 = Debug|x86
		{49172054-C7AE-4993-AAE6-1BDD453F0345}.Debug|x86.ActiveCfg = Debug|x86
		{49172054-C7AE-4993-AAE6-1BDD453F0345}.Debug|x86.Build.0 = Debug|x86
		{49172054-C7AE-4993-AAE6-1BDD453F0345}.Release|Any CPU.ActiveCfg = Release|x86
		{49172054-C7AE-4993-AAE6-1BDD453F0345}.Release|Any CPU.Build.0 = Release|x86
		{49172054-C7AE-4993-AAE6-1BDD453F0345}.Release|Mixed Platforms.ActiveCfg = Release|x86
		{49172054-C7AE-4993-AAE6-1BDD453F0345}.Release|Mixed Platforms.Build.0 = Release|x86
		{49172054-C7AE-4993-AAE6-1BDD453F0345}.Release|x86.ActiveCfg = Release|x86
		{49172054-C7AE-4993-AAE6-1BDD453F0345}.Release|x86.Build.0 = Release|x86
		{C56F4793-6746-4E12-BC43-91B9D08101DC}..Net 2.0|Any CPU.ActiveCfg = Release|Any CPU
		{C56F4793-6746-4E12-BC43-91B9D08101DC}..Net 2.0|Any CPU.Build.0 = Release|Any CPU
		{C56F4793-6746-4E12-BC43-91B9D08101DC}..Net 2.0|Mixed Platforms.ActiveCfg = Release|Any CPU
		{C56F4793-6746-4E12-BC43-91B9D08101DC}..Net 2.0|Mixed Platforms.Build.0 = Release|Any CPU
		{C56F4793-6746-4E12-BC43-91B9D08101DC}..Net 2.0|x86.ActiveCfg = Release|Any CPU
		{C56F4793-6746-4E12-BC43-91B9D08101DC}.Debug|Any CPU.ActiveCfg = Debug|Any CPU
		{C56F4793-6746-4E12-BC43-91B9D08101DC}.Debug|Any CPU.Build.0 = Debug|Any CPU
		{C56F4793-6746-4E12-BC43-91B9D08101DC}.Debug|Mixed Platforms.ActiveCfg = Debug|Any CPU
		{C56F4793-6746-4E12-BC43-91B9D08101DC}.Debug|Mixed Platforms.Build.0 = Debug|Any CPU
		{C56F4793-6746-4E12-BC43-91B9D08101DC}.Debug|x86.ActiveCfg = Debug|Any CPU
		{C56F4793-6746-4E12-BC43-91B9D08101DC}.Debug|x86.Build.0 = Debug|Any CPU
		{C56F4793-6746-4E12-BC43-91B9D08101DC}.Release|Any CPU.ActiveCfg = Release|Any CPU
		{C56F4793-6746-4E12-BC43-91B9D08101DC}.Release|Any CPU.Build.0 = Release|Any CPU
		{C56F4793-6746-4E12-BC43-91B9D08101DC}.Release|Mixed Platforms.ActiveCfg = Release|Any CPU
		{C56F4793-6746-4E12-BC43-91B9D08101DC}.Release|Mixed Platforms.Build.0 = Release|Any CPU
		{C56F4793-6746-4E12-BC43-91B9D08101DC}.Release|x86.ActiveCfg = Release|Any CPU
		{C56F4793-6746-4E12-BC43-91B9D08101DC}.Release|x86.Build.0 = Release|Any CPU
		{1671D684-870F-488B-B530-1D7780ABB496}..Net 2.0|Any CPU.ActiveCfg = Release|x86
		{1671D684-870F-488B-B530-1D7780ABB496}..Net 2.0|Mixed Platforms.ActiveCfg = Release|x86
		{1671D684-870F-488B-B530-1D7780ABB496}..Net 2.0|Mixed Platforms.Build.0 = Release|x86
		{1671D684-870F-488B-B530-1D7780ABB496}..Net 2.0|x86.ActiveCfg = Release|x86
		{1671D684-870F-488B-B530-1D7780ABB496}..Net 2.0|x86.Build.0 = Release|x86
		{1671D684-870F-488B-B530-1D7780ABB496}.Debug|Any CPU.ActiveCfg = Debug|x86
		{1671D684-870F-488B-B530-1D7780ABB496}.Debug|Any CPU.Build.0 = Debug|x86
		{1671D684-870F-488B-B530-1D7780ABB496}.Debug|Mixed Platforms.ActiveCfg = Debug|x86
		{1671D684-870F-488B-B530-1D7780ABB496}.Debug|Mixed Platforms.Build.0 = Debug|x86
		{1671D684-870F-488B-B530-1D7780ABB496}.Debug|x86.ActiveCfg = Debug|x86
		{1671D684-870F-488B-B530-1D7780ABB496}.Debug|x86.Build.0 = Debug|x86
		{1671D684-870F-488B-B530-1D7780ABB496}.Release|Any CPU.ActiveCfg = Release|x86
		{1671D684-870F-488B-B530-1D7780ABB496}.Release|Any CPU.Build.0 = Release|x86
		{1671D684-870F-488B-B530-1D7780ABB496}.Release|Mixed Platforms.ActiveCfg = Release|x86
		{1671D684-870F-488B-B530-1D7780ABB496}.Release|Mixed Platforms.Build.0 = Release|x86
		{1671D684-870F-488B-B530-1D7780ABB496}.Release|x86.ActiveCfg = Release|x86
		{1671D684-870F-488B-B530-1D7780ABB496}.Release|x86.Build.0 = Release|x86
		{114E0E8B-8A6C-4AB8-B6CB-3CD8CECA86CD}..Net 2.0|Any CPU.ActiveCfg = Release|x86
		{114E0E8B-8A6C-4AB8-B6CB-3CD8CECA86CD}..Net 2.0|Mixed Platforms.ActiveCfg = Release|x86
		{114E0E8B-8A6C-4AB8-B6CB-3CD8CECA86CD}..Net 2.0|Mixed Platforms.Build.0 = Release|x86
		{114E0E8B-8A6C-4AB8-B6CB-3CD8CECA86CD}..Net 2.0|x86.ActiveCfg = Release|x86
		{114E0E8B-8A6C-4AB8-B6CB-3CD8CECA86CD}..Net 2.0|x86.Build.0 = Release|x86
		{114E0E8B-8A6C-4AB8-B6CB-3CD8CECA86CD}.Debug|Any CPU.ActiveCfg = Debug|x86
		{114E0E8B-8A6C-4AB8-B6CB-3CD8CECA86CD}.Debug|Any CPU.Build.0 = Debug|x86
		{114E0E8B-8A6C-4AB8-B6CB-3CD8CECA86CD}.Debug|Mixed Platforms.ActiveCfg = Debug|x86
		{114E0E8B-8A6C-4AB8-B6CB-3CD8CECA86CD}.Debug|Mixed Platforms.Build.0 = Debug|x86
		{114E0E8B-8A6C-4AB8-B6CB-3CD8CECA86CD}.Debug|x86.ActiveCfg = Debug|x86
		{114E0E8B-8A6C-4AB8-B6CB-3CD8CECA86CD}.Debug|x86.Build.0 = Debug|x86
		{114E0E8B-8A6C-4AB8-B6CB-3CD8CECA86CD}.Release|Any CPU.ActiveCfg = Release|x86
		{114E0E8B-8A6C-4AB8-B6CB-3CD8CECA86CD}.Release|Any CPU.Build.0 = Release|x86
		{114E0E8B-8A6C-4AB8-B6CB-3CD8CECA86CD}.Release|Mixed Platforms.ActiveCfg = Release|x86
		{114E0E8B-8A6C-4AB8-B6CB-3CD8CECA86CD}.Release|Mixed Platforms.Build.0 = Release|x86
		{114E0E8B-8A6C-4AB8-B6CB-3CD8CECA86CD}.Release|x86.ActiveCfg = Release|x86
		{114E0E8B-8A6C-4AB8-B6CB-3CD8CECA86CD}.Release|x86.Build.0 = Release|x86
		{2CC9DC3D-DF15-491F-86F0-2D3EA819B1B3}..Net 2.0|Any CPU.ActiveCfg = Release|x86
		{2CC9DC3D-DF15-491F-86F0-2D3EA819B1B3}..Net 2.0|Mixed Platforms.ActiveCfg = Release|x86
		{2CC9DC3D-DF15-491F-86F0-2D3EA819B1B3}..Net 2.0|Mixed Platforms.Build.0 = Release|x86
		{2CC9DC3D-DF15-491F-86F0-2D3EA819B1B3}..Net 2.0|x86.ActiveCfg = Release|x86
		{2CC9DC3D-DF15-491F-86F0-2D3EA819B1B3}..Net 2.0|x86.Build.0 = Release|x86
		{2CC9DC3D-DF15-491F-86F0-2D3EA819B1B3}.Debug|Any CPU.ActiveCfg = Debug|x86
		{2CC9DC3D-DF15-491F-86F0-2D3EA819B1B3}.Debug|Any CPU.Build.0 = Debug|x86
		{2CC9DC3D-DF15-491F-86F0-2D3EA819B1B3}.Debug|Mixed Platforms.ActiveCfg = Debug|x86
		{2CC9DC3D-DF15-491F-86F0-2D3EA819B1B3}.Debug|Mixed Platforms.Build.0 = Debug|x86
		{2CC9DC3D-DF15-491F-86F0-2D3EA819B1B3}.Debug|x86.ActiveCfg = Debug|x86
		{2CC9DC3D-DF15-491F-86F0-2D3EA819B1B3}.Debug|x86.Build.0 = Debug|x86
		{2CC9DC3D-DF15-491F-86F0-2D3EA819B1B3}.Release|Any CPU.ActiveCfg = Release|x86
		{2CC9DC3D-DF15-491F-86F0-2D3EA819B1B3}.Release|Any CPU.Build.0 = Release|x86
		{2CC9DC3D-DF15-491F-86F0-2D3EA819B1B3}.Release|Mixed Platforms.ActiveCfg = Release|x86
		{2CC9DC3D-DF15-491F-86F0-2D3EA819B1B3}.Release|Mixed Platforms.Build.0 = Release|x86
		{2CC9DC3D-DF15-491F-86F0-2D3EA819B1B3}.Release|x86.ActiveCfg = Release|x86
		{2CC9DC3D-DF15-491F-86F0-2D3EA819B1B3}.Release|x86.Build.0 = Release|x86
		{017E794B-C1A9-4F87-A74B-AC219CB2DE22}..Net 2.0|Any CPU.ActiveCfg = Release|x86
		{017E794B-C1A9-4F87-A74B-AC219CB2DE22}..Net 2.0|Mixed Platforms.ActiveCfg = Release|x86
		{017E794B-C1A9-4F87-A74B-AC219CB2DE22}..Net 2.0|Mixed Platforms.Build.0 = Release|x86
		{017E794B-C1A9-4F87-A74B-AC219CB2DE22}..Net 2.0|x86.ActiveCfg = Release|x86
		{017E794B-C1A9-4F87-A74B-AC219CB2DE22}..Net 2.0|x86.Build.0 = Release|x86
		{017E794B-C1A9-4F87-A74B-AC219CB2DE22}.Debug|Any CPU.ActiveCfg = Debug|x86
		{017E794B-C1A9-4F87-A74B-AC219CB2DE22}.Debug|Any CPU.Build.0 = Debug|x86
		{017E794B-C1A9-4F87-A74B-AC219CB2DE22}.Debug|Mixed Platforms.ActiveCfg = Debug|x86
		{017E794B-C1A9-4F87-A74B-AC219CB2DE22}.Debug|Mixed Platforms.Build.0 = Debug|x86
		{017E794B-C1A9-4F87-A74B-AC219CB2DE22}.Debug|x86.ActiveCfg = Debug|x86
		{017E794B-C1A9-4F87-A74B-AC219CB2DE22}.Debug|x86.Build.0 = Debug|x86
		{017E794B-C1A9-4F87-A74B-AC219CB2DE22}.Release|Any CPU.ActiveCfg = Release|x86
		{017E794B-C1A9-4F87-A74B-AC219CB2DE22}.Release|Any CPU.Build.0 = Release|x86
		{017E794B-C1A9-4F87-A74B-AC219CB2DE22}.Release|Mixed Platforms.ActiveCfg = Release|x86
		{017E794B-C1A9-4F87-A74B-AC219CB2DE22}.Release|Mixed Platforms.Build.0 = Release|x86
		{017E794B-C1A9-4F87-A74B-AC219CB2DE22}.Release|x86.ActiveCfg = Release|x86
		{017E794B-C1A9-4F87-A74B-AC219CB2DE22}.Release|x86.Build.0 = Release|x86
		{2CC840F2-66B2-487F-8F3C-7649FD510D3A}..Net 2.0|Any CPU.ActiveCfg = Release|x86
		{2CC840F2-66B2-487F-8F3C-7649FD510D3A}..Net 2.0|Mixed Platforms.ActiveCfg = Release|x86
		{2CC840F2-66B2-487F-8F3C-7649FD510D3A}..Net 2.0|Mixed Platforms.Build.0 = Release|x86
		{2CC840F2-66B2-487F-8F3C-7649FD510D3A}..Net 2.0|x86.ActiveCfg = Release|x86
		{2CC840F2-66B2-487F-8F3C-7649FD510D3A}..Net 2.0|x86.Build.0 = Release|x86
		{2CC840F2-66B2-487F-8F3C-7649FD510D3A}.Debug|Any CPU.ActiveCfg = Debug|x86
		{2CC840F2-66B2-487F-8F3C-7649FD510D3A}.Debug|Any CPU.Build.0 = Debug|x86
		{2CC840F2-66B2-487F-8F3C-7649FD510D3A}.Debug|Mixed Platforms.ActiveCfg = Debug|x86
		{2CC840F2-66B2-487F-8F3C-7649FD510D3A}.Debug|Mixed Platforms.Build.0 = Debug|x86
		{2CC840F2-66B2-487F-8F3C-7649FD510D3A}.Debug|x86.ActiveCfg = Debug|x86
		{2CC840F2-66B2-487F-8F3C-7649FD510D3A}.Debug|x86.Build.0 = Debug|x86
		{2CC840F2-66B2-487F-8F3C-7649FD510D3A}.Release|Any CPU.ActiveCfg = Release|x86
		{2CC840F2-66B2-487F-8F3C-7649FD510D3A}.Release|Any CPU.Build.0 = Release|x86
		{2CC840F2-66B2-487F-8F3C-7649FD510D3A}.Release|Mixed Platforms.ActiveCfg = Release|x86
		{2CC840F2-66B2-487F-8F3C-7649FD510D3A}.Release|Mixed Platforms.Build.0 = Release|x86
		{2CC840F2-66B2-487F-8F3C-7649FD510D3A}.Release|x86.ActiveCfg = Release|x86
		{2CC840F2-66B2-487F-8F3C-7649FD510D3A}.Release|x86.Build.0 = Release|x86
		{8DFAC2E4-1997-4300-B370-FC99550B8B70}..Net 2.0|Any CPU.ActiveCfg = Release|x86
		{8DFAC2E4-1997-4300-B370-FC99550B8B70}..Net 2.0|Mixed Platforms.ActiveCfg = Release|x86
		{8DFAC2E4-1997-4300-B370-FC99550B8B70}..Net 2.0|Mixed Platforms.Build.0 = Release|x86
		{8DFAC2E4-1997-4300-B370-FC99550B8B70}..Net 2.0|x86.ActiveCfg = Release|x86
		{8DFAC2E4-1997-4300-B370-FC99550B8B70}..Net 2.0|x86.Build.0 = Release|x86
		{8DFAC2E4-1997-4300-B370-FC99550B8B70}.Debug|Any CPU.ActiveCfg = Debug|x86
		{8DFAC2E4-1997-4300-B370-FC99550B8B70}.Debug|Any CPU.Build.0 = Debug|x86
		{8DFAC2E4-1997-4300-B370-FC99550B8B70}.Debug|Mixed Platforms.ActiveCfg = Debug|x86
		{8DFAC2E4-1997-4300-B370-FC99550B8B70}.Debug|Mixed Platforms.Build.0 = Debug|x86
		{8DFAC2E4-1997-4300-B370-FC99550B8B70}.Debug|x86.ActiveCfg = Debug|x86
		{8DFAC2E4-1997-4300-B370-FC99550B8B70}.Debug|x86.Build.0 = Debug|x86
		{8DFAC2E4-1997-4300-B370-FC99550B8B70}.Release|Any CPU.ActiveCfg = Release|x86
		{8DFAC2E4-1997-4300-B370-FC99550B8B70}.Release|Any CPU.Build.0 = Release|x86
		{8DFAC2E4-1997-4300-B370-FC99550B8B70}.Release|Mixed Platforms.ActiveCfg = Release|x86
		{8DFAC2E4-1997-4300-B370-FC99550B8B70}.Release|Mixed Platforms.Build.0 = Release|x86
		{8DFAC2E4-1997-4300-B370-FC99550B8B70}.Release|x86.ActiveCfg = Release|x86
		{8DFAC2E4-1997-4300-B370-FC99550B8B70}.Release|x86.Build.0 = Release|x86
		{AEDEB12E-4CEC-4D46-8B95-28D0894B3676}..Net 2.0|Any CPU.ActiveCfg = Release|x86
		{AEDEB12E-4CEC-4D46-8B95-28D0894B3676}..Net 2.0|Mixed Platforms.ActiveCfg = Release|x86
		{AEDEB12E-4CEC-4D46-8B95-28D0894B3676}..Net 2.0|Mixed Platforms.Build.0 = Release|x86
		{AEDEB12E-4CEC-4D46-8B95-28D0894B3676}..Net 2.0|x86.ActiveCfg = Release|x86
		{AEDEB12E-4CEC-4D46-8B95-28D0894B3676}..Net 2.0|x86.Build.0 = Release|x86
		{AEDEB12E-4CEC-4D46-8B95-28D0894B3676}.Debug|Any CPU.ActiveCfg = Debug|x86
		{AEDEB12E-4CEC-4D46-8B95-28D0894B3676}.Debug|Any CPU.Build.0 = Debug|x86
		{AEDEB12E-4CEC-4D46-8B95-28D0894B3676}.Debug|Mixed Platforms.ActiveCfg = Debug|x86
		{AEDEB12E-4CEC-4D46-8B95-28D0894B3676}.Debug|Mixed Platforms.Build.0 = Debug|x86
		{AEDEB12E-4CEC-4D46-8B95-28D0894B3676}.Debug|x86.ActiveCfg = Debug|x86
		{AEDEB12E-4CEC-4D46-8B95-28D0894B3676}.Debug|x86.Build.0 = Debug|x86
		{AEDEB12E-4CEC-4D46-8B95-28D0894B3676}.Release|Any CPU.ActiveCfg = Release|x86
		{AEDEB12E-4CEC-4D46-8B95-28D0894B3676}.Release|Any CPU.Build.0 = Release|x86
		{AEDEB12E-4CEC-4D46-8B95-28D0894B3676}.Release|Mixed Platforms.ActiveCfg = Release|x86
		{AEDEB12E-4CEC-4D46-8B95-28D0894B3676}.Release|Mixed Platforms.Build.0 = Release|x86
		{AEDEB12E-4CEC-4D46-8B95-28D0894B3676}.Release|x86.ActiveCfg = Release|x86
		{AEDEB12E-4CEC-4D46-8B95-28D0894B3676}.Release|x86.Build.0 = Release|x86
		{3EB3A5F1-F785-4672-A21D-A3117FC12129}..Net 2.0|Any CPU.ActiveCfg = .Net 2.0|Any CPU
		{3EB3A5F1-F785-4672-A21D-A3117FC12129}..Net 2.0|Any CPU.Build.0 = .Net 2.0|Any CPU
		{3EB3A5F1-F785-4672-A21D-A3117FC12129}..Net 2.0|Mixed Platforms.ActiveCfg = .Net 2.0|Any CPU
		{3EB3A5F1-F785-4672-A21D-A3117FC12129}..Net 2.0|Mixed Platforms.Build.0 = .Net 2.0|Any CPU
		{3EB3A5F1-F785-4672-A21D-A3117FC12129}..Net 2.0|x86.ActiveCfg = .Net 2.0|Any CPU
		{3EB3A5F1-F785-4672-A21D-A3117FC12129}.Debug|Any CPU.ActiveCfg = Debug|Any CPU
		{3EB3A5F1-F785-4672-A21D-A3117FC12129}.Debug|Any CPU.Build.0 = Debug|Any CPU
		{3EB3A5F1-F785-4672-A21D-A3117FC12129}.Debug|Mixed Platforms.ActiveCfg = Debug|Any CPU
		{3EB3A5F1-F785-4672-A21D-A3117FC12129}.Debug|Mixed Platforms.Build.0 = Debug|Any CPU
		{3EB3A5F1-F785-4672-A21D-A3117FC12129}.Debug|x86.ActiveCfg = Debug|Any CPU
		{3EB3A5F1-F785-4672-A21D-A3117FC12129}.Release|Any CPU.ActiveCfg = Release|Any CPU
		{3EB3A5F1-F785-4672-A21D-A3117FC12129}.Release|Any CPU.Build.0 = Release|Any CPU
		{3EB3A5F1-F785-4672-A21D-A3117FC12129}.Release|Mixed Platforms.ActiveCfg = Release|Any CPU
		{3EB3A5F1-F785-4672-A21D-A3117FC12129}.Release|Mixed Platforms.Build.0 = Release|Any CPU
		{3EB3A5F1-F785-4672-A21D-A3117FC12129}.Release|x86.ActiveCfg = Release|Any CPU
		{B49ABA5A-C5DA-45F4-87F1-B435EC51D710}..Net 2.0|Any CPU.ActiveCfg = .Net 2.0|Any CPU
		{B49ABA5A-C5DA-45F4-87F1-B435EC51D710}..Net 2.0|Any CPU.Build.0 = .Net 2.0|Any CPU
		{B49ABA5A-C5DA-45F4-87F1-B435EC51D710}..Net 2.0|Mixed Platforms.ActiveCfg = .Net 2.0|Any CPU
		{B49ABA5A-C5DA-45F4-87F1-B435EC51D710}..Net 2.0|Mixed Platforms.Build.0 = .Net 2.0|Any CPU
		{B49ABA5A-C5DA-45F4-87F1-B435EC51D710}..Net 2.0|x86.ActiveCfg = .Net 2.0|Any CPU
		{B49ABA5A-C5DA-45F4-87F1-B435EC51D710}.Debug|Any CPU.ActiveCfg = Debug|Any CPU
		{B49ABA5A-C5DA-45F4-87F1-B435EC51D710}.Debug|Any CPU.Build.0 = Debug|Any CPU
		{B49ABA5A-C5DA-45F4-87F1-B435EC51D710}.Debug|Mixed Platforms.ActiveCfg = Debug|Any CPU
		{B49ABA5A-C5DA-45F4-87F1-B435EC51D710}.Debug|Mixed Platforms.Build.0 = Debug|Any CPU
		{B49ABA5A-C5DA-45F4-87F1-B435EC51D710}.Debug|x86.ActiveCfg = Debug|Any CPU
		{B49ABA5A-C5DA-45F4-87F1-B435EC51D710}.Release|Any CPU.ActiveCfg = Release|Any CPU
		{B49ABA5A-C5DA-45F4-87F1-B435EC51D710}.Release|Any CPU.Build.0 = Release|Any CPU
		{B49ABA5A-C5DA-45F4-87F1-B435EC51D710}.Release|Mixed Platforms.ActiveCfg = Release|Any CPU
		{B49ABA5A-C5DA-45F4-87F1-B435EC51D710}.Release|Mixed Platforms.Build.0 = Release|Any CPU
		{B49ABA5A-C5DA-45F4-87F1-B435EC51D710}.Release|x86.ActiveCfg = Release|Any CPU
		{50D7FAE5-2304-4395-A6FA-7D35279D9D84}..Net 2.0|Any CPU.ActiveCfg = .Net 2.0|Any CPU
		{50D7FAE5-2304-4395-A6FA-7D35279D9D84}..Net 2.0|Any CPU.Build.0 = .Net 2.0|Any CPU
		{50D7FAE5-2304-4395-A6FA-7D35279D9D84}..Net 2.0|Mixed Platforms.ActiveCfg = .Net 2.0|Any CPU
		{50D7FAE5-2304-4395-A6FA-7D35279D9D84}..Net 2.0|Mixed Platforms.Build.0 = .Net 2.0|Any CPU
		{50D7FAE5-2304-4395-A6FA-7D35279D9D84}..Net 2.0|x86.ActiveCfg = .Net 2.0|Any CPU
		{50D7FAE5-2304-4395-A6FA-7D35279D9D84}.Debug|Any CPU.ActiveCfg = Debug|Any CPU
		{50D7FAE5-2304-4395-A6FA-7D35279D9D84}.Debug|Any CPU.Build.0 = Debug|Any CPU
		{50D7FAE5-2304-4395-A6FA-7D35279D9D84}.Debug|Mixed Platforms.ActiveCfg = Debug|Any CPU
		{50D7FAE5-2304-4395-A6FA-7D35279D9D84}.Debug|Mixed Platforms.Build.0 = Debug|Any CPU
		{50D7FAE5-2304-4395-A6FA-7D35279D9D84}.Debug|x86.ActiveCfg = Debug|Any CPU
		{50D7FAE5-2304-4395-A6FA-7D35279D9D84}.Release|Any CPU.ActiveCfg = Release|Any CPU
		{50D7FAE5-2304-4395-A6FA-7D35279D9D84}.Release|Any CPU.Build.0 = Release|Any CPU
		{50D7FAE5-2304-4395-A6FA-7D35279D9D84}.Release|Mixed Platforms.ActiveCfg = Release|Any CPU
		{50D7FAE5-2304-4395-A6FA-7D35279D9D84}.Release|Mixed Platforms.Build.0 = Release|Any CPU
		{50D7FAE5-2304-4395-A6FA-7D35279D9D84}.Release|x86.ActiveCfg = Release|Any CPU
		{5813C22E-EEB3-4DEE-A45C-BB218041193A}..Net 2.0|Any CPU.ActiveCfg = .Net 2.0|Any CPU
		{5813C22E-EEB3-4DEE-A45C-BB218041193A}..Net 2.0|Any CPU.Build.0 = .Net 2.0|Any CPU
		{5813C22E-EEB3-4DEE-A45C-BB218041193A}..Net 2.0|Mixed Platforms.ActiveCfg = .Net 2.0|Any CPU
		{5813C22E-EEB3-4DEE-A45C-BB218041193A}..Net 2.0|Mixed Platforms.Build.0 = .Net 2.0|Any CPU
		{5813C22E-EEB3-4DEE-A45C-BB218041193A}..Net 2.0|x86.ActiveCfg = .Net 2.0|Any CPU
		{5813C22E-EEB3-4DEE-A45C-BB218041193A}.Debug|Any CPU.ActiveCfg = Debug|Any CPU
		{5813C22E-EEB3-4DEE-A45C-BB218041193A}.Debug|Any CPU.Build.0 = Debug|Any CPU
		{5813C22E-EEB3-4DEE-A45C-BB218041193A}.Debug|Mixed Platforms.ActiveCfg = Debug|Any CPU
		{5813C22E-EEB3-4DEE-A45C-BB218041193A}.Debug|Mixed Platforms.Build.0 = Debug|Any CPU
		{5813C22E-EEB3-4DEE-A45C-BB218041193A}.Debug|x86.ActiveCfg = Debug|Any CPU
		{5813C22E-EEB3-4DEE-A45C-BB218041193A}.Release|Any CPU.ActiveCfg = Release|Any CPU
		{5813C22E-EEB3-4DEE-A45C-BB218041193A}.Release|Any CPU.Build.0 = Release|Any CPU
		{5813C22E-EEB3-4DEE-A45C-BB218041193A}.Release|Mixed Platforms.ActiveCfg = Release|Any CPU
		{5813C22E-EEB3-4DEE-A45C-BB218041193A}.Release|Mixed Platforms.Build.0 = Release|Any CPU
		{5813C22E-EEB3-4DEE-A45C-BB218041193A}.Release|x86.ActiveCfg = Release|Any CPU
		{5DCE1325-25C6-4420-89D1-98AFE69BDB7A}..Net 2.0|Any CPU.ActiveCfg = Debug|x86
		{5DCE1325-25C6-4420-89D1-98AFE69BDB7A}..Net 2.0|Any CPU.Build.0 = Debug|x86
		{5DCE1325-25C6-4420-89D1-98AFE69BDB7A}..Net 2.0|Mixed Platforms.ActiveCfg = Debug|x86
		{5DCE1325-25C6-4420-89D1-98AFE69BDB7A}..Net 2.0|Mixed Platforms.Build.0 = Debug|x86
		{5DCE1325-25C6-4420-89D1-98AFE69BDB7A}..Net 2.0|x86.ActiveCfg = Debug|x86
		{5DCE1325-25C6-4420-89D1-98AFE69BDB7A}..Net 2.0|x86.Build.0 = Debug|x86
		{5DCE1325-25C6-4420-89D1-98AFE69BDB7A}.Debug|Any CPU.ActiveCfg = Debug|x86
		{5DCE1325-25C6-4420-89D1-98AFE69BDB7A}.Debug|Any CPU.Build.0 = Debug|x86
		{5DCE1325-25C6-4420-89D1-98AFE69BDB7A}.Debug|Mixed Platforms.ActiveCfg = Debug|x86
		{5DCE1325-25C6-4420-89D1-98AFE69BDB7A}.Debug|Mixed Platforms.Build.0 = Debug|x86
		{5DCE1325-25C6-4420-89D1-98AFE69BDB7A}.Debug|x86.ActiveCfg = Debug|x86
		{5DCE1325-25C6-4420-89D1-98AFE69BDB7A}.Debug|x86.Build.0 = Debug|x86
		{5DCE1325-25C6-4420-89D1-98AFE69BDB7A}.Release|Any CPU.ActiveCfg = Release|x86
		{5DCE1325-25C6-4420-89D1-98AFE69BDB7A}.Release|Any CPU.Build.0 = Release|x86
		{5DCE1325-25C6-4420-89D1-98AFE69BDB7A}.Release|Mixed Platforms.ActiveCfg = Release|x86
		{5DCE1325-25C6-4420-89D1-98AFE69BDB7A}.Release|Mixed Platforms.Build.0 = Release|x86
		{5DCE1325-25C6-4420-89D1-98AFE69BDB7A}.Release|x86.ActiveCfg = Release|x86
		{5DCE1325-25C6-4420-89D1-98AFE69BDB7A}.Release|x86.Build.0 = Release|x86
		{78F3AA10-4B97-426D-A18B-208463357125}..Net 2.0|Any CPU.ActiveCfg = Release|x86
		{78F3AA10-4B97-426D-A18B-208463357125}..Net 2.0|Mixed Platforms.ActiveCfg = Release|x86
		{78F3AA10-4B97-426D-A18B-208463357125}..Net 2.0|x86.ActiveCfg = Release|x86
		{78F3AA10-4B97-426D-A18B-208463357125}.Debug|Any CPU.ActiveCfg = Debug|x86
		{78F3AA10-4B97-426D-A18B-208463357125}.Debug|Mixed Platforms.ActiveCfg = Debug|x86
		{78F3AA10-4B97-426D-A18B-208463357125}.Debug|x86.ActiveCfg = Debug|x86
		{78F3AA10-4B97-426D-A18B-208463357125}.Release|Any CPU.ActiveCfg = Release|x86
		{78F3AA10-4B97-426D-A18B-208463357125}.Release|Mixed Platforms.ActiveCfg = Release|x86
		{78F3AA10-4B97-426D-A18B-208463357125}.Release|x86.ActiveCfg = Release|x86
	EndGlobalSection
	GlobalSection(SolutionProperties) = preSolution
		HideSolutionNode = FALSE
	EndGlobalSection
EndGlobal
